// !$*UTF8*$!
{
	archiveVersion = 1;
	classes = {
	};
	objectVersion = 46;
	objects = {

/* Begin PBXBuildFile section */
		050F0C8A1B6F64E800CF8BB8 /* Database.swift in Sources */ = {isa = PBXBuildFile; fileRef = 050F0C7A1B6F64E800CF8BB8 /* Database.swift */; };
		050F0C8B1B6F64E800CF8BB8 /* Database.swift in Sources */ = {isa = PBXBuildFile; fileRef = 050F0C7A1B6F64E800CF8BB8 /* Database.swift */; };
		050F0C8C1B6F64E800CF8BB8 /* Database.swift in Sources */ = {isa = PBXBuildFile; fileRef = 050F0C7A1B6F64E800CF8BB8 /* Database.swift */; };
		050F0C8D1B6F64E800CF8BB8 /* Expression.swift in Sources */ = {isa = PBXBuildFile; fileRef = 050F0C7B1B6F64E800CF8BB8 /* Expression.swift */; };
		050F0C8E1B6F64E800CF8BB8 /* Expression.swift in Sources */ = {isa = PBXBuildFile; fileRef = 050F0C7B1B6F64E800CF8BB8 /* Expression.swift */; };
		050F0C8F1B6F64E800CF8BB8 /* Expression.swift in Sources */ = {isa = PBXBuildFile; fileRef = 050F0C7B1B6F64E800CF8BB8 /* Expression.swift */; };
		050F0C901B6F64E800CF8BB8 /* FTS.swift in Sources */ = {isa = PBXBuildFile; fileRef = 050F0C7C1B6F64E800CF8BB8 /* FTS.swift */; };
		050F0C911B6F64E800CF8BB8 /* FTS.swift in Sources */ = {isa = PBXBuildFile; fileRef = 050F0C7C1B6F64E800CF8BB8 /* FTS.swift */; };
		050F0C921B6F64E800CF8BB8 /* FTS.swift in Sources */ = {isa = PBXBuildFile; fileRef = 050F0C7C1B6F64E800CF8BB8 /* FTS.swift */; };
		050F0C931B6F64E800CF8BB8 /* Functions.swift in Sources */ = {isa = PBXBuildFile; fileRef = 050F0C7E1B6F64E800CF8BB8 /* Functions.swift */; };
		050F0C941B6F64E800CF8BB8 /* Functions.swift in Sources */ = {isa = PBXBuildFile; fileRef = 050F0C7E1B6F64E800CF8BB8 /* Functions.swift */; };
		050F0C951B6F64E800CF8BB8 /* Functions.swift in Sources */ = {isa = PBXBuildFile; fileRef = 050F0C7E1B6F64E800CF8BB8 /* Functions.swift */; };
		050F0C961B6F64E800CF8BB8 /* Info.plist in Resources */ = {isa = PBXBuildFile; fileRef = 050F0C7F1B6F64E800CF8BB8 /* Info.plist */; };
		050F0C971B6F64E800CF8BB8 /* Info.plist in Resources */ = {isa = PBXBuildFile; fileRef = 050F0C7F1B6F64E800CF8BB8 /* Info.plist */; };
		050F0C981B6F64E800CF8BB8 /* Info.plist in Resources */ = {isa = PBXBuildFile; fileRef = 050F0C7F1B6F64E800CF8BB8 /* Info.plist */; };
		050F0C991B6F64E800CF8BB8 /* module.modulemap in Sources */ = {isa = PBXBuildFile; fileRef = 050F0C801B6F64E800CF8BB8 /* module.modulemap */; };
		050F0C9A1B6F64E800CF8BB8 /* module.modulemap in Sources */ = {isa = PBXBuildFile; fileRef = 050F0C801B6F64E800CF8BB8 /* module.modulemap */; };
		050F0C9B1B6F64E800CF8BB8 /* module.modulemap in Sources */ = {isa = PBXBuildFile; fileRef = 050F0C801B6F64E800CF8BB8 /* module.modulemap */; };
		050F0C9C1B6F64E800CF8BB8 /* Query.swift in Sources */ = {isa = PBXBuildFile; fileRef = 050F0C811B6F64E800CF8BB8 /* Query.swift */; };
		050F0C9D1B6F64E800CF8BB8 /* Query.swift in Sources */ = {isa = PBXBuildFile; fileRef = 050F0C811B6F64E800CF8BB8 /* Query.swift */; };
		050F0C9E1B6F64E800CF8BB8 /* Query.swift in Sources */ = {isa = PBXBuildFile; fileRef = 050F0C811B6F64E800CF8BB8 /* Query.swift */; };
		050F0C9F1B6F64E800CF8BB8 /* RTree.swift in Sources */ = {isa = PBXBuildFile; fileRef = 050F0C821B6F64E800CF8BB8 /* RTree.swift */; };
		050F0CA01B6F64E800CF8BB8 /* RTree.swift in Sources */ = {isa = PBXBuildFile; fileRef = 050F0C821B6F64E800CF8BB8 /* RTree.swift */; };
		050F0CA11B6F64E800CF8BB8 /* RTree.swift in Sources */ = {isa = PBXBuildFile; fileRef = 050F0C821B6F64E800CF8BB8 /* RTree.swift */; };
		050F0CA21B6F64E800CF8BB8 /* Schema.swift in Sources */ = {isa = PBXBuildFile; fileRef = 050F0C831B6F64E800CF8BB8 /* Schema.swift */; };
		050F0CA31B6F64E800CF8BB8 /* Schema.swift in Sources */ = {isa = PBXBuildFile; fileRef = 050F0C831B6F64E800CF8BB8 /* Schema.swift */; };
		050F0CA41B6F64E800CF8BB8 /* Schema.swift in Sources */ = {isa = PBXBuildFile; fileRef = 050F0C831B6F64E800CF8BB8 /* Schema.swift */; };
		050F0CA51B6F64E800CF8BB8 /* SQLite-Bridging.m in Sources */ = {isa = PBXBuildFile; fileRef = 050F0C851B6F64E800CF8BB8 /* SQLite-Bridging.m */; };
		050F0CA61B6F64E800CF8BB8 /* SQLite-Bridging.m in Sources */ = {isa = PBXBuildFile; fileRef = 050F0C851B6F64E800CF8BB8 /* SQLite-Bridging.m */; };
		050F0CA71B6F64E800CF8BB8 /* SQLite-Bridging.m in Sources */ = {isa = PBXBuildFile; fileRef = 050F0C851B6F64E800CF8BB8 /* SQLite-Bridging.m */; };
		050F0CA81B6F64E800CF8BB8 /* SQLite.xcconfig in Resources */ = {isa = PBXBuildFile; fileRef = 050F0C871B6F64E800CF8BB8 /* SQLite.xcconfig */; };
		050F0CA91B6F64E800CF8BB8 /* SQLite.xcconfig in Resources */ = {isa = PBXBuildFile; fileRef = 050F0C871B6F64E800CF8BB8 /* SQLite.xcconfig */; };
		050F0CAA1B6F64E800CF8BB8 /* SQLite.xcconfig in Resources */ = {isa = PBXBuildFile; fileRef = 050F0C871B6F64E800CF8BB8 /* SQLite.xcconfig */; };
		050F0CAB1B6F64E800CF8BB8 /* Statement.swift in Sources */ = {isa = PBXBuildFile; fileRef = 050F0C881B6F64E800CF8BB8 /* Statement.swift */; };
		050F0CAC1B6F64E800CF8BB8 /* Statement.swift in Sources */ = {isa = PBXBuildFile; fileRef = 050F0C881B6F64E800CF8BB8 /* Statement.swift */; };
		050F0CAD1B6F64E800CF8BB8 /* Statement.swift in Sources */ = {isa = PBXBuildFile; fileRef = 050F0C881B6F64E800CF8BB8 /* Statement.swift */; };
		050F0CAE1B6F64E800CF8BB8 /* Value.swift in Sources */ = {isa = PBXBuildFile; fileRef = 050F0C891B6F64E800CF8BB8 /* Value.swift */; };
		050F0CAF1B6F64E800CF8BB8 /* Value.swift in Sources */ = {isa = PBXBuildFile; fileRef = 050F0C891B6F64E800CF8BB8 /* Value.swift */; };
		050F0CB01B6F64E800CF8BB8 /* Value.swift in Sources */ = {isa = PBXBuildFile; fileRef = 050F0C891B6F64E800CF8BB8 /* Value.swift */; };
		050F0CB21B6F651900CF8BB8 /* libsqlite3.dylib in Frameworks */ = {isa = PBXBuildFile; fileRef = 050F0CB11B6F651900CF8BB8 /* libsqlite3.dylib */; };
		050F0CB31B6F652100CF8BB8 /* libsqlite3.dylib in Frameworks */ = {isa = PBXBuildFile; fileRef = 050F0CB11B6F651900CF8BB8 /* libsqlite3.dylib */; };
		050F0CB41B6F652800CF8BB8 /* libsqlite3.dylib in Frameworks */ = {isa = PBXBuildFile; fileRef = 050F0CB11B6F651900CF8BB8 /* libsqlite3.dylib */; };
		050F0CB61B6F6BF400CF8BB8 /* Default-568h@2x.png in Resources */ = {isa = PBXBuildFile; fileRef = 050F0CB51B6F6BF400CF8BB8 /* Default-568h@2x.png */; };
		050F0CB71B6F6BF400CF8BB8 /* Default-568h@2x.png in Resources */ = {isa = PBXBuildFile; fileRef = 050F0CB51B6F6BF400CF8BB8 /* Default-568h@2x.png */; };
		050F0CB81B6F6BF400CF8BB8 /* Default-568h@2x.png in Resources */ = {isa = PBXBuildFile; fileRef = 050F0CB51B6F6BF400CF8BB8 /* Default-568h@2x.png */; };
		0555524C1B6BDFB700B4777F /* LauchScreen1.xib in Resources */ = {isa = PBXBuildFile; fileRef = 055552491B6BDFB700B4777F /* LauchScreen1.xib */; };
		0555524D1B6BDFB700B4777F /* LauchScreen2.xib in Resources */ = {isa = PBXBuildFile; fileRef = 0555524A1B6BDFB700B4777F /* LauchScreen2.xib */; };
		0555524E1B6BDFB700B4777F /* LauchScreen3.xib in Resources */ = {isa = PBXBuildFile; fileRef = 0555524B1B6BDFB700B4777F /* LauchScreen3.xib */; };
		055552531B6BE01100B4777F /* HTTPResponseSerializer.swift in Sources */ = {isa = PBXBuildFile; fileRef = 05EA7B7F1B43B8F900F2CE14 /* HTTPResponseSerializer.swift */; };
		055552541B6BE01100B4777F /* ETCSupplementListVC.swift in Sources */ = {isa = PBXBuildFile; fileRef = 0558FCD51B5BABC90017B532 /* ETCSupplementListVC.swift */; };
		055552551B6BE01100B4777F /* DBManager.swift in Sources */ = {isa = PBXBuildFile; fileRef = 05C592CA1B42944C008BBC21 /* DBManager.swift */; };
		055552561B6BE01100B4777F /* HWILib.swift in Sources */ = {isa = PBXBuildFile; fileRef = 05EA7B781B43B8DF00F2CE14 /* HWILib.swift */; };
		055552571B6BE01100B4777F /* SupplementDetailVC.swift in Sources */ = {isa = PBXBuildFile; fileRef = 0558FD621B5BB2740017B532 /* SupplementDetailVC.swift */; };
		055552581B6BE01100B4777F /* HTTPSecurity.swift in Sources */ = {isa = PBXBuildFile; fileRef = 05EA7B801B43B8F900F2CE14 /* HTTPSecurity.swift */; };
		055552591B6BE01100B4777F /* ItemCell.swift in Sources */ = {isa = PBXBuildFile; fileRef = 05BFBB881B4746D5001DA053 /* ItemCell.swift */; };
		0555525A1B6BE01100B4777F /* CustomTableView.swift in Sources */ = {isa = PBXBuildFile; fileRef = 05A2612E1B44446F0055D803 /* CustomTableView.swift */; };
		0555525B1B6BE01100B4777F /* AppDelegate.swift in Sources */ = {isa = PBXBuildFile; fileRef = 05C592281B42905E008BBC21 /* AppDelegate.swift */; };
		0555525C1B6BE01100B4777F /* README.md in Sources */ = {isa = PBXBuildFile; fileRef = 05EA7B851B43B8F900F2CE14 /* README.md */; };
		0555525D1B6BE01100B4777F /* HTTPTask.swift in Sources */ = {isa = PBXBuildFile; fileRef = 05EA7B811B43B8F900F2CE14 /* HTTPTask.swift */; };
		0555525E1B6BE01100B4777F /* BaseVC.swift in Sources */ = {isa = PBXBuildFile; fileRef = 05EA7BA11B43BE7D00F2CE14 /* BaseVC.swift */; };
		0555525F1B6BE01100B4777F /* SupplementCell.swift in Sources */ = {isa = PBXBuildFile; fileRef = 0558FCD71B5BAEC40017B532 /* SupplementCell.swift */; };
		055552601B6BE01100B4777F /* HTTPRequestSerializer.swift in Sources */ = {isa = PBXBuildFile; fileRef = 05EA7B7E1B43B8F900F2CE14 /* HTTPRequestSerializer.swift */; };
		055552611B6BE01100B4777F /* ConstValue.swift in Sources */ = {isa = PBXBuildFile; fileRef = 05EA7B721B43B86700F2CE14 /* ConstValue.swift */; };
		055552621B6BE01100B4777F /* ETCVC.swift in Sources */ = {isa = PBXBuildFile; fileRef = 05BFBB841B4740C5001DA053 /* ETCVC.swift */; };
		055552631B6BE01100B4777F /* HTTPUpload.swift in Sources */ = {isa = PBXBuildFile; fileRef = 05EA7B821B43B8F900F2CE14 /* HTTPUpload.swift */; };
		055552641B6BE01100B4777F /* DetailScrollView.swift in Sources */ = {isa = PBXBuildFile; fileRef = 05B775A01B4583DB004CFC45 /* DetailScrollView.swift */; };
		055552651B6BE01100B4777F /* InsetTextField.swift in Sources */ = {isa = PBXBuildFile; fileRef = 05EA7B791B43B8DF00F2CE14 /* InsetTextField.swift */; };
		055552661B6BE01100B4777F /* ETCCell.swift in Sources */ = {isa = PBXBuildFile; fileRef = 05BFBB861B4746BB001DA053 /* ETCCell.swift */; };
		055552671B6BE01100B4777F /* AppIconBtnView.swift in Sources */ = {isa = PBXBuildFile; fileRef = 05BFBB8A1B474ED5001DA053 /* AppIconBtnView.swift */; };
		055552681B6BE01100B4777F /* MainVC.swift in Sources */ = {isa = PBXBuildFile; fileRef = 05EA7BA41B43BFC600F2CE14 /* MainVC.swift */; };
		055552691B6BE01100B4777F /* BaseScrollView.swift in Sources */ = {isa = PBXBuildFile; fileRef = 05B775A21B4583EF004CFC45 /* BaseScrollView.swift */; };
		0555526A1B6BE01100B4777F /* CustomNaviC.swift in Sources */ = {isa = PBXBuildFile; fileRef = 05DEA95A1B4535B5008E1459 /* CustomNaviC.swift */; };
		055552701B6BE01100B4777F /* .gitignore in Resources */ = {isa = PBXBuildFile; fileRef = 05EA7B7D1B43B8F900F2CE14 /* .gitignore */; };
		055552711B6BE01100B4777F /* SwiftHTTP.podspec in Resources */ = {isa = PBXBuildFile; fileRef = 05EA7B871B43B8F900F2CE14 /* SwiftHTTP.podspec */; };
		055552721B6BE01100B4777F /* Info.plist in Resources */ = {isa = PBXBuildFile; fileRef = 05EA7B831B43B8F900F2CE14 /* Info.plist */; };
		055552731B6BE01100B4777F /* LauchScreen3.xib in Resources */ = {isa = PBXBuildFile; fileRef = 0555524B1B6BDFB700B4777F /* LauchScreen3.xib */; };
		055552741B6BE01100B4777F /* LICENSE in Resources */ = {isa = PBXBuildFile; fileRef = 05EA7B841B43B8F900F2CE14 /* LICENSE */; };
		055552751B6BE01100B4777F /* Main.storyboard in Resources */ = {isa = PBXBuildFile; fileRef = 05C5922C1B42905E008BBC21 /* Main.storyboard */; };
		055552761B6BE01100B4777F /* Images.xcassets in Resources */ = {isa = PBXBuildFile; fileRef = 05C5922F1B42905E008BBC21 /* Images.xcassets */; };
		055552771B6BE01100B4777F /* LauchScreen2.xib in Resources */ = {isa = PBXBuildFile; fileRef = 0555524A1B6BDFB700B4777F /* LauchScreen2.xib */; };
		055552791B6BE01100B4777F /* thaidic-publish in Resources */ = {isa = PBXBuildFile; fileRef = 0558FE0F1B5BBEDA0017B532 /* thaidic-publish */; };
		0555527A1B6BE01100B4777F /* LauchScreen1.xib in Resources */ = {isa = PBXBuildFile; fileRef = 055552491B6BDFB700B4777F /* LauchScreen1.xib */; };
		055552861B6BE06C00B4777F /* HTTPResponseSerializer.swift in Sources */ = {isa = PBXBuildFile; fileRef = 05EA7B7F1B43B8F900F2CE14 /* HTTPResponseSerializer.swift */; };
		055552871B6BE06C00B4777F /* ETCSupplementListVC.swift in Sources */ = {isa = PBXBuildFile; fileRef = 0558FCD51B5BABC90017B532 /* ETCSupplementListVC.swift */; };
		055552881B6BE06C00B4777F /* DBManager.swift in Sources */ = {isa = PBXBuildFile; fileRef = 05C592CA1B42944C008BBC21 /* DBManager.swift */; };
		055552891B6BE06C00B4777F /* HWILib.swift in Sources */ = {isa = PBXBuildFile; fileRef = 05EA7B781B43B8DF00F2CE14 /* HWILib.swift */; };
		0555528A1B6BE06C00B4777F /* SupplementDetailVC.swift in Sources */ = {isa = PBXBuildFile; fileRef = 0558FD621B5BB2740017B532 /* SupplementDetailVC.swift */; };
		0555528B1B6BE06C00B4777F /* HTTPSecurity.swift in Sources */ = {isa = PBXBuildFile; fileRef = 05EA7B801B43B8F900F2CE14 /* HTTPSecurity.swift */; };
		0555528C1B6BE06C00B4777F /* ItemCell.swift in Sources */ = {isa = PBXBuildFile; fileRef = 05BFBB881B4746D5001DA053 /* ItemCell.swift */; };
		0555528D1B6BE06C00B4777F /* CustomTableView.swift in Sources */ = {isa = PBXBuildFile; fileRef = 05A2612E1B44446F0055D803 /* CustomTableView.swift */; };
		0555528E1B6BE06C00B4777F /* AppDelegate.swift in Sources */ = {isa = PBXBuildFile; fileRef = 05C592281B42905E008BBC21 /* AppDelegate.swift */; };
		0555528F1B6BE06C00B4777F /* README.md in Sources */ = {isa = PBXBuildFile; fileRef = 05EA7B851B43B8F900F2CE14 /* README.md */; };
		055552901B6BE06C00B4777F /* HTTPTask.swift in Sources */ = {isa = PBXBuildFile; fileRef = 05EA7B811B43B8F900F2CE14 /* HTTPTask.swift */; };
		055552911B6BE06C00B4777F /* BaseVC.swift in Sources */ = {isa = PBXBuildFile; fileRef = 05EA7BA11B43BE7D00F2CE14 /* BaseVC.swift */; };
		055552921B6BE06C00B4777F /* SupplementCell.swift in Sources */ = {isa = PBXBuildFile; fileRef = 0558FCD71B5BAEC40017B532 /* SupplementCell.swift */; };
		055552931B6BE06C00B4777F /* HTTPRequestSerializer.swift in Sources */ = {isa = PBXBuildFile; fileRef = 05EA7B7E1B43B8F900F2CE14 /* HTTPRequestSerializer.swift */; };
		055552941B6BE06C00B4777F /* ConstValue.swift in Sources */ = {isa = PBXBuildFile; fileRef = 05EA7B721B43B86700F2CE14 /* ConstValue.swift */; };
		055552951B6BE06C00B4777F /* ETCVC.swift in Sources */ = {isa = PBXBuildFile; fileRef = 05BFBB841B4740C5001DA053 /* ETCVC.swift */; };
		055552961B6BE06C00B4777F /* HTTPUpload.swift in Sources */ = {isa = PBXBuildFile; fileRef = 05EA7B821B43B8F900F2CE14 /* HTTPUpload.swift */; };
		055552971B6BE06C00B4777F /* DetailScrollView.swift in Sources */ = {isa = PBXBuildFile; fileRef = 05B775A01B4583DB004CFC45 /* DetailScrollView.swift */; };
		055552981B6BE06C00B4777F /* InsetTextField.swift in Sources */ = {isa = PBXBuildFile; fileRef = 05EA7B791B43B8DF00F2CE14 /* InsetTextField.swift */; };
		055552991B6BE06C00B4777F /* ETCCell.swift in Sources */ = {isa = PBXBuildFile; fileRef = 05BFBB861B4746BB001DA053 /* ETCCell.swift */; };
		0555529A1B6BE06C00B4777F /* AppIconBtnView.swift in Sources */ = {isa = PBXBuildFile; fileRef = 05BFBB8A1B474ED5001DA053 /* AppIconBtnView.swift */; };
		0555529B1B6BE06C00B4777F /* MainVC.swift in Sources */ = {isa = PBXBuildFile; fileRef = 05EA7BA41B43BFC600F2CE14 /* MainVC.swift */; };
		0555529C1B6BE06C00B4777F /* BaseScrollView.swift in Sources */ = {isa = PBXBuildFile; fileRef = 05B775A21B4583EF004CFC45 /* BaseScrollView.swift */; };
		0555529D1B6BE06C00B4777F /* CustomNaviC.swift in Sources */ = {isa = PBXBuildFile; fileRef = 05DEA95A1B4535B5008E1459 /* CustomNaviC.swift */; };
		055552A31B6BE06C00B4777F /* .gitignore in Resources */ = {isa = PBXBuildFile; fileRef = 05EA7B7D1B43B8F900F2CE14 /* .gitignore */; };
		055552A41B6BE06C00B4777F /* SwiftHTTP.podspec in Resources */ = {isa = PBXBuildFile; fileRef = 05EA7B871B43B8F900F2CE14 /* SwiftHTTP.podspec */; };
		055552A51B6BE06C00B4777F /* Info.plist in Resources */ = {isa = PBXBuildFile; fileRef = 05EA7B831B43B8F900F2CE14 /* Info.plist */; };
		055552A61B6BE06C00B4777F /* LauchScreen3.xib in Resources */ = {isa = PBXBuildFile; fileRef = 0555524B1B6BDFB700B4777F /* LauchScreen3.xib */; };
		055552A71B6BE06C00B4777F /* LICENSE in Resources */ = {isa = PBXBuildFile; fileRef = 05EA7B841B43B8F900F2CE14 /* LICENSE */; };
		055552A81B6BE06C00B4777F /* Main.storyboard in Resources */ = {isa = PBXBuildFile; fileRef = 05C5922C1B42905E008BBC21 /* Main.storyboard */; };
		055552A91B6BE06C00B4777F /* Images.xcassets in Resources */ = {isa = PBXBuildFile; fileRef = 05C5922F1B42905E008BBC21 /* Images.xcassets */; };
		055552AA1B6BE06C00B4777F /* LauchScreen2.xib in Resources */ = {isa = PBXBuildFile; fileRef = 0555524A1B6BDFB700B4777F /* LauchScreen2.xib */; };
		055552AC1B6BE06C00B4777F /* thaidic-publish in Resources */ = {isa = PBXBuildFile; fileRef = 0558FE0F1B5BBEDA0017B532 /* thaidic-publish */; };
		055552AD1B6BE06C00B4777F /* LauchScreen1.xib in Resources */ = {isa = PBXBuildFile; fileRef = 055552491B6BDFB700B4777F /* LauchScreen1.xib */; };
		0558FCD61B5BABC90017B532 /* ETCSupplementListVC.swift in Sources */ = {isa = PBXBuildFile; fileRef = 0558FCD51B5BABC90017B532 /* ETCSupplementListVC.swift */; };
		0558FCD81B5BAEC40017B532 /* SupplementCell.swift in Sources */ = {isa = PBXBuildFile; fileRef = 0558FCD71B5BAEC40017B532 /* SupplementCell.swift */; };
		0558FD631B5BB2740017B532 /* SupplementDetailVC.swift in Sources */ = {isa = PBXBuildFile; fileRef = 0558FD621B5BB2740017B532 /* SupplementDetailVC.swift */; };
		0558FE101B5BBEDA0017B532 /* thaidic-publish in Resources */ = {isa = PBXBuildFile; fileRef = 0558FE0F1B5BBEDA0017B532 /* thaidic-publish */; };
		05A2612F1B44446F0055D803 /* CustomTableView.swift in Sources */ = {isa = PBXBuildFile; fileRef = 05A2612E1B44446F0055D803 /* CustomTableView.swift */; };
		05B775A11B4583DB004CFC45 /* DetailScrollView.swift in Sources */ = {isa = PBXBuildFile; fileRef = 05B775A01B4583DB004CFC45 /* DetailScrollView.swift */; };
		05B775A31B4583EF004CFC45 /* BaseScrollView.swift in Sources */ = {isa = PBXBuildFile; fileRef = 05B775A21B4583EF004CFC45 /* BaseScrollView.swift */; };
		05BFBB851B4740C5001DA053 /* ETCVC.swift in Sources */ = {isa = PBXBuildFile; fileRef = 05BFBB841B4740C5001DA053 /* ETCVC.swift */; };
		05BFBB871B4746BB001DA053 /* ETCCell.swift in Sources */ = {isa = PBXBuildFile; fileRef = 05BFBB861B4746BB001DA053 /* ETCCell.swift */; };
		05BFBB891B4746D5001DA053 /* ItemCell.swift in Sources */ = {isa = PBXBuildFile; fileRef = 05BFBB881B4746D5001DA053 /* ItemCell.swift */; };
		05BFBB8B1B474ED5001DA053 /* AppIconBtnView.swift in Sources */ = {isa = PBXBuildFile; fileRef = 05BFBB8A1B474ED5001DA053 /* AppIconBtnView.swift */; };
		05C592291B42905E008BBC21 /* AppDelegate.swift in Sources */ = {isa = PBXBuildFile; fileRef = 05C592281B42905E008BBC21 /* AppDelegate.swift */; };
		05C5922E1B42905E008BBC21 /* Main.storyboard in Resources */ = {isa = PBXBuildFile; fileRef = 05C5922C1B42905E008BBC21 /* Main.storyboard */; };
		05C592301B42905E008BBC21 /* Images.xcassets in Resources */ = {isa = PBXBuildFile; fileRef = 05C5922F1B42905E008BBC21 /* Images.xcassets */; };
		05C592CB1B42944C008BBC21 /* DBManager.swift in Sources */ = {isa = PBXBuildFile; fileRef = 05C592CA1B42944C008BBC21 /* DBManager.swift */; };
		05DEA95B1B4535B5008E1459 /* CustomNaviC.swift in Sources */ = {isa = PBXBuildFile; fileRef = 05DEA95A1B4535B5008E1459 /* CustomNaviC.swift */; };
		05EA7B731B43B86700F2CE14 /* ConstValue.swift in Sources */ = {isa = PBXBuildFile; fileRef = 05EA7B721B43B86700F2CE14 /* ConstValue.swift */; };
		05EA7B7A1B43B8DF00F2CE14 /* HWILib.swift in Sources */ = {isa = PBXBuildFile; fileRef = 05EA7B781B43B8DF00F2CE14 /* HWILib.swift */; };
		05EA7B7B1B43B8DF00F2CE14 /* InsetTextField.swift in Sources */ = {isa = PBXBuildFile; fileRef = 05EA7B791B43B8DF00F2CE14 /* InsetTextField.swift */; };
		05EA7B8B1B43B8F900F2CE14 /* .gitignore in Resources */ = {isa = PBXBuildFile; fileRef = 05EA7B7D1B43B8F900F2CE14 /* .gitignore */; };
		05EA7B8C1B43B8F900F2CE14 /* HTTPRequestSerializer.swift in Sources */ = {isa = PBXBuildFile; fileRef = 05EA7B7E1B43B8F900F2CE14 /* HTTPRequestSerializer.swift */; };
		05EA7B8D1B43B8F900F2CE14 /* HTTPResponseSerializer.swift in Sources */ = {isa = PBXBuildFile; fileRef = 05EA7B7F1B43B8F900F2CE14 /* HTTPResponseSerializer.swift */; };
		05EA7B8E1B43B8F900F2CE14 /* HTTPSecurity.swift in Sources */ = {isa = PBXBuildFile; fileRef = 05EA7B801B43B8F900F2CE14 /* HTTPSecurity.swift */; };
		05EA7B8F1B43B8F900F2CE14 /* HTTPTask.swift in Sources */ = {isa = PBXBuildFile; fileRef = 05EA7B811B43B8F900F2CE14 /* HTTPTask.swift */; };
		05EA7B901B43B8F900F2CE14 /* HTTPUpload.swift in Sources */ = {isa = PBXBuildFile; fileRef = 05EA7B821B43B8F900F2CE14 /* HTTPUpload.swift */; };
		05EA7B911B43B8F900F2CE14 /* Info.plist in Resources */ = {isa = PBXBuildFile; fileRef = 05EA7B831B43B8F900F2CE14 /* Info.plist */; };
		05EA7B921B43B8F900F2CE14 /* LICENSE in Resources */ = {isa = PBXBuildFile; fileRef = 05EA7B841B43B8F900F2CE14 /* LICENSE */; };
		05EA7B931B43B8F900F2CE14 /* README.md in Sources */ = {isa = PBXBuildFile; fileRef = 05EA7B851B43B8F900F2CE14 /* README.md */; };
		05EA7B941B43B8F900F2CE14 /* SwiftHTTP.podspec in Resources */ = {isa = PBXBuildFile; fileRef = 05EA7B871B43B8F900F2CE14 /* SwiftHTTP.podspec */; };
		05EA7BA21B43BE7D00F2CE14 /* BaseVC.swift in Sources */ = {isa = PBXBuildFile; fileRef = 05EA7BA11B43BE7D00F2CE14 /* BaseVC.swift */; };
		05EA7BA51B43BFC600F2CE14 /* MainVC.swift in Sources */ = {isa = PBXBuildFile; fileRef = 05EA7BA41B43BFC600F2CE14 /* MainVC.swift */; };
		753E81701BA9A0AD005847A9 /* DBFileDownloadView.swift in Sources */ = {isa = PBXBuildFile; fileRef = 753E816F1BA9A0AD005847A9 /* DBFileDownloadView.swift */; };
		753E81711BA9A0AD005847A9 /* DBFileDownloadView.swift in Sources */ = {isa = PBXBuildFile; fileRef = 753E816F1BA9A0AD005847A9 /* DBFileDownloadView.swift */; };
		753E81721BA9A0AD005847A9 /* DBFileDownloadView.swift in Sources */ = {isa = PBXBuildFile; fileRef = 753E816F1BA9A0AD005847A9 /* DBFileDownloadView.swift */; };
		753E81961BA9C24C005847A9 /* Info.plist in Resources */ = {isa = PBXBuildFile; fileRef = 753E81921BA9C24C005847A9 /* Info.plist */; };
		753E81971BA9C24C005847A9 /* Info.plist in Resources */ = {isa = PBXBuildFile; fileRef = 753E81921BA9C24C005847A9 /* Info.plist */; };
		753E81981BA9C24C005847A9 /* Info.plist in Resources */ = {isa = PBXBuildFile; fileRef = 753E81921BA9C24C005847A9 /* Info.plist */; };
		753E81991BA9C24C005847A9 /* TCBlobDownload.swift in Sources */ = {isa = PBXBuildFile; fileRef = 753E81931BA9C24C005847A9 /* TCBlobDownload.swift */; };
		753E819A1BA9C24C005847A9 /* TCBlobDownload.swift in Sources */ = {isa = PBXBuildFile; fileRef = 753E81931BA9C24C005847A9 /* TCBlobDownload.swift */; };
		753E819B1BA9C24C005847A9 /* TCBlobDownload.swift in Sources */ = {isa = PBXBuildFile; fileRef = 753E81931BA9C24C005847A9 /* TCBlobDownload.swift */; };
		753E819C1BA9C24C005847A9 /* TCBlobDownloadManager.swift in Sources */ = {isa = PBXBuildFile; fileRef = 753E81941BA9C24C005847A9 /* TCBlobDownloadManager.swift */; };
		753E819D1BA9C24C005847A9 /* TCBlobDownloadManager.swift in Sources */ = {isa = PBXBuildFile; fileRef = 753E81941BA9C24C005847A9 /* TCBlobDownloadManager.swift */; };
		753E819E1BA9C24C005847A9 /* TCBlobDownloadManager.swift in Sources */ = {isa = PBXBuildFile; fileRef = 753E81941BA9C24C005847A9 /* TCBlobDownloadManager.swift */; };
/* End PBXBuildFile section */

/* Begin PBXContainerItemProxy section */
		05EA7B991B43B8F900F2CE14 /* PBXContainerItemProxy */ = {
			isa = PBXContainerItemProxy;
			containerPortal = 05EA7B881B43B8F900F2CE14 /* SwiftHTTP.xcodeproj */;
			proxyType = 2;
			remoteGlobalIDString = 6BFD901619C8D8B500DD99B6;
			remoteInfo = SwiftHTTP;
		};
		05EA7B9B1B43B8F900F2CE14 /* PBXContainerItemProxy */ = {
			isa = PBXContainerItemProxy;
			containerPortal = 05EA7B881B43B8F900F2CE14 /* SwiftHTTP.xcodeproj */;
			proxyType = 2;
			remoteGlobalIDString = 6BFD902119C8D8B500DD99B6;
			remoteInfo = SwiftHTTPTests;
		};
		05EA7B9D1B43B8F900F2CE14 /* PBXContainerItemProxy */ = {
			isa = PBXContainerItemProxy;
			containerPortal = 05EA7B881B43B8F900F2CE14 /* SwiftHTTP.xcodeproj */;
			proxyType = 2;
			remoteGlobalIDString = D958025919E6EEEB003C8218;
			remoteInfo = SwiftHTTPOSX;
		};
		05EA7B9F1B43B8F900F2CE14 /* PBXContainerItemProxy */ = {
			isa = PBXContainerItemProxy;
			containerPortal = 05EA7B881B43B8F900F2CE14 /* SwiftHTTP.xcodeproj */;
			proxyType = 2;
			remoteGlobalIDString = D958026319E6EEEB003C8218;
			remoteInfo = SwiftHTTPOSXTests;
		};
/* End PBXContainerItemProxy section */

/* Begin PBXCopyFilesBuildPhase section */
		753E81881BA9A757005847A9 /* CopyFiles */ = {
			isa = PBXCopyFilesBuildPhase;
			buildActionMask = 2147483647;
			dstPath = "";
			dstSubfolderSpec = 10;
			files = (
			);
			runOnlyForDeploymentPostprocessing = 0;
		};
		753E818A1BA9A78D005847A9 /* CopyFiles */ = {
			isa = PBXCopyFilesBuildPhase;
			buildActionMask = 2147483647;
			dstPath = "";
			dstSubfolderSpec = 10;
			files = (
			);
			runOnlyForDeploymentPostprocessing = 0;
		};
		753E818C1BA9A79D005847A9 /* CopyFiles */ = {
			isa = PBXCopyFilesBuildPhase;
			buildActionMask = 2147483647;
			dstPath = "";
			dstSubfolderSpec = 10;
			files = (
			);
			runOnlyForDeploymentPostprocessing = 0;
		};
/* End PBXCopyFilesBuildPhase section */

/* Begin PBXFileReference section */
		050F0C781B6F643300CF8BB8 /* KoreanToThaiDic-Bridging-Header.h */ = {isa = PBXFileReference; fileEncoding = 4; lastKnownFileType = sourcecode.c.h; path = "KoreanToThaiDic-Bridging-Header.h"; sourceTree = "<group>"; };
		050F0C7A1B6F64E800CF8BB8 /* Database.swift */ = {isa = PBXFileReference; fileEncoding = 4; lastKnownFileType = sourcecode.swift; path = Database.swift; sourceTree = "<group>"; };
		050F0C7B1B6F64E800CF8BB8 /* Expression.swift */ = {isa = PBXFileReference; fileEncoding = 4; lastKnownFileType = sourcecode.swift; path = Expression.swift; sourceTree = "<group>"; };
		050F0C7C1B6F64E800CF8BB8 /* FTS.swift */ = {isa = PBXFileReference; fileEncoding = 4; lastKnownFileType = sourcecode.swift; path = FTS.swift; sourceTree = "<group>"; };
		050F0C7D1B6F64E800CF8BB8 /* fts3_tokenizer.h */ = {isa = PBXFileReference; fileEncoding = 4; lastKnownFileType = sourcecode.c.h; path = fts3_tokenizer.h; sourceTree = "<group>"; };
		050F0C7E1B6F64E800CF8BB8 /* Functions.swift */ = {isa = PBXFileReference; fileEncoding = 4; lastKnownFileType = sourcecode.swift; path = Functions.swift; sourceTree = "<group>"; };
		050F0C7F1B6F64E800CF8BB8 /* Info.plist */ = {isa = PBXFileReference; fileEncoding = 4; lastKnownFileType = text.plist.xml; path = Info.plist; sourceTree = "<group>"; };
		050F0C801B6F64E800CF8BB8 /* module.modulemap */ = {isa = PBXFileReference; fileEncoding = 4; lastKnownFileType = "sourcecode.module-map"; path = module.modulemap; sourceTree = "<group>"; };
		050F0C811B6F64E800CF8BB8 /* Query.swift */ = {isa = PBXFileReference; fileEncoding = 4; lastKnownFileType = sourcecode.swift; path = Query.swift; sourceTree = "<group>"; };
		050F0C821B6F64E800CF8BB8 /* RTree.swift */ = {isa = PBXFileReference; fileEncoding = 4; lastKnownFileType = sourcecode.swift; path = RTree.swift; sourceTree = "<group>"; };
		050F0C831B6F64E800CF8BB8 /* Schema.swift */ = {isa = PBXFileReference; fileEncoding = 4; lastKnownFileType = sourcecode.swift; path = Schema.swift; sourceTree = "<group>"; };
		050F0C841B6F64E800CF8BB8 /* SQLite-Bridging.h */ = {isa = PBXFileReference; fileEncoding = 4; lastKnownFileType = sourcecode.c.h; path = "SQLite-Bridging.h"; sourceTree = "<group>"; };
		050F0C851B6F64E800CF8BB8 /* SQLite-Bridging.m */ = {isa = PBXFileReference; fileEncoding = 4; lastKnownFileType = sourcecode.c.objc; path = "SQLite-Bridging.m"; sourceTree = "<group>"; };
		050F0C861B6F64E800CF8BB8 /* SQLite.h */ = {isa = PBXFileReference; fileEncoding = 4; lastKnownFileType = sourcecode.c.h; path = SQLite.h; sourceTree = "<group>"; };
		050F0C871B6F64E800CF8BB8 /* SQLite.xcconfig */ = {isa = PBXFileReference; fileEncoding = 4; lastKnownFileType = text.xcconfig; path = SQLite.xcconfig; sourceTree = "<group>"; };
		050F0C881B6F64E800CF8BB8 /* Statement.swift */ = {isa = PBXFileReference; fileEncoding = 4; lastKnownFileType = sourcecode.swift; path = Statement.swift; sourceTree = "<group>"; };
		050F0C891B6F64E800CF8BB8 /* Value.swift */ = {isa = PBXFileReference; fileEncoding = 4; lastKnownFileType = sourcecode.swift; path = Value.swift; sourceTree = "<group>"; };
		050F0CB11B6F651900CF8BB8 /* libsqlite3.dylib */ = {isa = PBXFileReference; lastKnownFileType = "compiled.mach-o.dylib"; name = libsqlite3.dylib; path = usr/lib/libsqlite3.dylib; sourceTree = SDKROOT; };
		050F0CB51B6F6BF400CF8BB8 /* Default-568h@2x.png */ = {isa = PBXFileReference; lastKnownFileType = image.png; path = "Default-568h@2x.png"; sourceTree = "<group>"; };
		055552491B6BDFB700B4777F /* LauchScreen1.xib */ = {isa = PBXFileReference; fileEncoding = 4; lastKnownFileType = file.xib; path = LauchScreen1.xib; sourceTree = "<group>"; };
		0555524A1B6BDFB700B4777F /* LauchScreen2.xib */ = {isa = PBXFileReference; fileEncoding = 4; lastKnownFileType = file.xib; path = LauchScreen2.xib; sourceTree = "<group>"; };
		0555524B1B6BDFB700B4777F /* LauchScreen3.xib */ = {isa = PBXFileReference; fileEncoding = 4; lastKnownFileType = file.xib; path = LauchScreen3.xib; sourceTree = "<group>"; };
		055552801B6BE01100B4777F /* KoreanToThaiDic2.app */ = {isa = PBXFileReference; explicitFileType = wrapper.application; includeInIndex = 0; path = KoreanToThaiDic2.app; sourceTree = BUILT_PRODUCTS_DIR; };
		055552B31B6BE06C00B4777F /* KoreanToThaiDic3.app */ = {isa = PBXFileReference; explicitFileType = wrapper.application; includeInIndex = 0; path = KoreanToThaiDic3.app; sourceTree = BUILT_PRODUCTS_DIR; };
		0558FCD51B5BABC90017B532 /* ETCSupplementListVC.swift */ = {isa = PBXFileReference; fileEncoding = 4; lastKnownFileType = sourcecode.swift; path = ETCSupplementListVC.swift; sourceTree = "<group>"; };
		0558FCD71B5BAEC40017B532 /* SupplementCell.swift */ = {isa = PBXFileReference; fileEncoding = 4; lastKnownFileType = sourcecode.swift; path = SupplementCell.swift; sourceTree = "<group>"; };
		0558FD621B5BB2740017B532 /* SupplementDetailVC.swift */ = {isa = PBXFileReference; fileEncoding = 4; lastKnownFileType = sourcecode.swift; path = SupplementDetailVC.swift; sourceTree = "<group>"; };
		0558FE0F1B5BBEDA0017B532 /* thaidic-publish */ = {isa = PBXFileReference; lastKnownFileType = folder; path = "thaidic-publish"; sourceTree = "<group>"; };
		05A2612E1B44446F0055D803 /* CustomTableView.swift */ = {isa = PBXFileReference; fileEncoding = 4; lastKnownFileType = sourcecode.swift; path = CustomTableView.swift; sourceTree = "<group>"; };
		05B775A01B4583DB004CFC45 /* DetailScrollView.swift */ = {isa = PBXFileReference; fileEncoding = 4; lastKnownFileType = sourcecode.swift; path = DetailScrollView.swift; sourceTree = "<group>"; };
		05B775A21B4583EF004CFC45 /* BaseScrollView.swift */ = {isa = PBXFileReference; fileEncoding = 4; lastKnownFileType = sourcecode.swift; path = BaseScrollView.swift; sourceTree = "<group>"; };
		05BFBB841B4740C5001DA053 /* ETCVC.swift */ = {isa = PBXFileReference; fileEncoding = 4; lastKnownFileType = sourcecode.swift; path = ETCVC.swift; sourceTree = "<group>"; };
		05BFBB861B4746BB001DA053 /* ETCCell.swift */ = {isa = PBXFileReference; fileEncoding = 4; lastKnownFileType = sourcecode.swift; path = ETCCell.swift; sourceTree = "<group>"; };
		05BFBB881B4746D5001DA053 /* ItemCell.swift */ = {isa = PBXFileReference; fileEncoding = 4; lastKnownFileType = sourcecode.swift; path = ItemCell.swift; sourceTree = "<group>"; };
		05BFBB8A1B474ED5001DA053 /* AppIconBtnView.swift */ = {isa = PBXFileReference; fileEncoding = 4; lastKnownFileType = sourcecode.swift; path = AppIconBtnView.swift; sourceTree = "<group>"; };
		05C592231B42905E008BBC21 /* KoreanToThaiDic1.app */ = {isa = PBXFileReference; explicitFileType = wrapper.application; includeInIndex = 0; path = KoreanToThaiDic1.app; sourceTree = BUILT_PRODUCTS_DIR; };
		05C592271B42905E008BBC21 /* KoreanToThaiDic1.plist */ = {isa = PBXFileReference; lastKnownFileType = text.plist.xml; path = KoreanToThaiDic1.plist; sourceTree = "<group>"; };
		05C592281B42905E008BBC21 /* AppDelegate.swift */ = {isa = PBXFileReference; lastKnownFileType = sourcecode.swift; path = AppDelegate.swift; sourceTree = "<group>"; };
		05C5922D1B42905E008BBC21 /* Base */ = {isa = PBXFileReference; lastKnownFileType = file.storyboard; name = Base; path = Base.lproj/Main.storyboard; sourceTree = "<group>"; };
		05C5922F1B42905E008BBC21 /* Images.xcassets */ = {isa = PBXFileReference; lastKnownFileType = folder.assetcatalog; path = Images.xcassets; sourceTree = "<group>"; };
		05C5923D1B42905E008BBC21 /* Info.plist */ = {isa = PBXFileReference; lastKnownFileType = text.plist.xml; path = Info.plist; sourceTree = "<group>"; };
		05C5923E1B42905E008BBC21 /* KoreanToThaiDicTests.swift */ = {isa = PBXFileReference; lastKnownFileType = sourcecode.swift; path = KoreanToThaiDicTests.swift; sourceTree = "<group>"; };
		05C592CA1B42944C008BBC21 /* DBManager.swift */ = {isa = PBXFileReference; fileEncoding = 4; lastKnownFileType = sourcecode.swift; path = DBManager.swift; sourceTree = "<group>"; };
		05DEA95A1B4535B5008E1459 /* CustomNaviC.swift */ = {isa = PBXFileReference; fileEncoding = 4; lastKnownFileType = sourcecode.swift; path = CustomNaviC.swift; sourceTree = "<group>"; };
		05EA7B721B43B86700F2CE14 /* ConstValue.swift */ = {isa = PBXFileReference; fileEncoding = 4; lastKnownFileType = sourcecode.swift; path = ConstValue.swift; sourceTree = "<group>"; };
		05EA7B781B43B8DF00F2CE14 /* HWILib.swift */ = {isa = PBXFileReference; fileEncoding = 4; lastKnownFileType = sourcecode.swift; path = HWILib.swift; sourceTree = "<group>"; };
		05EA7B791B43B8DF00F2CE14 /* InsetTextField.swift */ = {isa = PBXFileReference; fileEncoding = 4; lastKnownFileType = sourcecode.swift; path = InsetTextField.swift; sourceTree = "<group>"; };
		05EA7B7D1B43B8F900F2CE14 /* .gitignore */ = {isa = PBXFileReference; fileEncoding = 4; lastKnownFileType = text; path = .gitignore; sourceTree = "<group>"; };
		05EA7B7E1B43B8F900F2CE14 /* HTTPRequestSerializer.swift */ = {isa = PBXFileReference; fileEncoding = 4; lastKnownFileType = sourcecode.swift; path = HTTPRequestSerializer.swift; sourceTree = "<group>"; };
		05EA7B7F1B43B8F900F2CE14 /* HTTPResponseSerializer.swift */ = {isa = PBXFileReference; fileEncoding = 4; lastKnownFileType = sourcecode.swift; path = HTTPResponseSerializer.swift; sourceTree = "<group>"; };
		05EA7B801B43B8F900F2CE14 /* HTTPSecurity.swift */ = {isa = PBXFileReference; fileEncoding = 4; lastKnownFileType = sourcecode.swift; path = HTTPSecurity.swift; sourceTree = "<group>"; };
		05EA7B811B43B8F900F2CE14 /* HTTPTask.swift */ = {isa = PBXFileReference; fileEncoding = 4; lastKnownFileType = sourcecode.swift; path = HTTPTask.swift; sourceTree = "<group>"; };
		05EA7B821B43B8F900F2CE14 /* HTTPUpload.swift */ = {isa = PBXFileReference; fileEncoding = 4; lastKnownFileType = sourcecode.swift; path = HTTPUpload.swift; sourceTree = "<group>"; };
		05EA7B831B43B8F900F2CE14 /* Info.plist */ = {isa = PBXFileReference; fileEncoding = 4; lastKnownFileType = text.plist.xml; path = Info.plist; sourceTree = "<group>"; };
		05EA7B841B43B8F900F2CE14 /* LICENSE */ = {isa = PBXFileReference; fileEncoding = 4; lastKnownFileType = text; path = LICENSE; sourceTree = "<group>"; };
		05EA7B851B43B8F900F2CE14 /* README.md */ = {isa = PBXFileReference; fileEncoding = 4; lastKnownFileType = net.daringfireball.markdown; path = README.md; sourceTree = "<group>"; };
		05EA7B861B43B8F900F2CE14 /* SwiftHTTP.h */ = {isa = PBXFileReference; fileEncoding = 4; lastKnownFileType = sourcecode.c.h; path = SwiftHTTP.h; sourceTree = "<group>"; };
		05EA7B871B43B8F900F2CE14 /* SwiftHTTP.podspec */ = {isa = PBXFileReference; fileEncoding = 4; lastKnownFileType = text; path = SwiftHTTP.podspec; sourceTree = "<group>"; };
		05EA7B881B43B8F900F2CE14 /* SwiftHTTP.xcodeproj */ = {isa = PBXFileReference; lastKnownFileType = "wrapper.pb-project"; path = SwiftHTTP.xcodeproj; sourceTree = "<group>"; };
		05EA7BA11B43BE7D00F2CE14 /* BaseVC.swift */ = {isa = PBXFileReference; fileEncoding = 4; lastKnownFileType = sourcecode.swift; path = BaseVC.swift; sourceTree = "<group>"; };
		05EA7BA41B43BFC600F2CE14 /* MainVC.swift */ = {isa = PBXFileReference; fileEncoding = 4; lastKnownFileType = sourcecode.swift; path = MainVC.swift; sourceTree = "<group>"; };
		753E816F1BA9A0AD005847A9 /* DBFileDownloadView.swift */ = {isa = PBXFileReference; fileEncoding = 4; lastKnownFileType = sourcecode.swift; path = DBFileDownloadView.swift; sourceTree = "<group>"; };
		753E81791BA9A6F2005847A9 /* TCBlobDownloadSwift.xcodeproj */ = {isa = PBXFileReference; lastKnownFileType = "wrapper.pb-project"; name = TCBlobDownloadSwift.xcodeproj; path = "../../../../TCBlobDownloadSwift-master/TCBlobDownloadSwift.xcodeproj"; sourceTree = "<group>"; };
		753E81921BA9C24C005847A9 /* Info.plist */ = {isa = PBXFileReference; fileEncoding = 4; lastKnownFileType = text.plist.xml; path = Info.plist; sourceTree = "<group>"; };
		753E81931BA9C24C005847A9 /* TCBlobDownload.swift */ = {isa = PBXFileReference; fileEncoding = 4; lastKnownFileType = sourcecode.swift; path = TCBlobDownload.swift; sourceTree = "<group>"; };
		753E81941BA9C24C005847A9 /* TCBlobDownloadManager.swift */ = {isa = PBXFileReference; fileEncoding = 4; lastKnownFileType = sourcecode.swift; path = TCBlobDownloadManager.swift; sourceTree = "<group>"; };
		753E81951BA9C24C005847A9 /* TCBlobDownloadSwift.h */ = {isa = PBXFileReference; fileEncoding = 4; lastKnownFileType = sourcecode.c.h; path = TCBlobDownloadSwift.h; sourceTree = "<group>"; };
/* End PBXFileReference section */

/* Begin PBXFrameworksBuildPhase section */
		0555526B1B6BE01100B4777F /* Frameworks */ = {
			isa = PBXFrameworksBuildPhase;
			buildActionMask = 2147483647;
			files = (
				050F0CB31B6F652100CF8BB8 /* libsqlite3.dylib in Frameworks */,
			);
			runOnlyForDeploymentPostprocessing = 0;
		};
		0555529E1B6BE06C00B4777F /* Frameworks */ = {
			isa = PBXFrameworksBuildPhase;
			buildActionMask = 2147483647;
			files = (
				050F0CB21B6F651900CF8BB8 /* libsqlite3.dylib in Frameworks */,
			);
			runOnlyForDeploymentPostprocessing = 0;
		};
		05C592201B42905E008BBC21 /* Frameworks */ = {
			isa = PBXFrameworksBuildPhase;
			buildActionMask = 2147483647;
			files = (
				050F0CB41B6F652800CF8BB8 /* libsqlite3.dylib in Frameworks */,
			);
			runOnlyForDeploymentPostprocessing = 0;
		};
/* End PBXFrameworksBuildPhase section */

/* Begin PBXGroup section */
		050F0C791B6F64E800CF8BB8 /* SQLite */ = {
			isa = PBXGroup;
			children = (
				050F0C7A1B6F64E800CF8BB8 /* Database.swift */,
				050F0C7B1B6F64E800CF8BB8 /* Expression.swift */,
				050F0C7C1B6F64E800CF8BB8 /* FTS.swift */,
				050F0C7D1B6F64E800CF8BB8 /* fts3_tokenizer.h */,
				050F0C7E1B6F64E800CF8BB8 /* Functions.swift */,
				050F0C7F1B6F64E800CF8BB8 /* Info.plist */,
				050F0C801B6F64E800CF8BB8 /* module.modulemap */,
				050F0C811B6F64E800CF8BB8 /* Query.swift */,
				050F0C821B6F64E800CF8BB8 /* RTree.swift */,
				050F0C831B6F64E800CF8BB8 /* Schema.swift */,
				050F0C841B6F64E800CF8BB8 /* SQLite-Bridging.h */,
				050F0C851B6F64E800CF8BB8 /* SQLite-Bridging.m */,
				050F0C861B6F64E800CF8BB8 /* SQLite.h */,
				050F0C871B6F64E800CF8BB8 /* SQLite.xcconfig */,
				050F0C881B6F64E800CF8BB8 /* Statement.swift */,
				050F0C891B6F64E800CF8BB8 /* Value.swift */,
			);
			name = SQLite;
			path = "SQLite.swift-master/SQLite";
			sourceTree = "<group>";
		};
		0558FDF61B5BBC310017B532 /* HTMLWebFiles */ = {
			isa = PBXGroup;
			children = (
				0558FE0F1B5BBEDA0017B532 /* thaidic-publish */,
			);
			path = HTMLWebFiles;
			sourceTree = "<group>";
		};
		05BFBB7C1B4740AD001DA053 /* 01Etc */ = {
			isa = PBXGroup;
			children = (
				05BFBB841B4740C5001DA053 /* ETCVC.swift */,
				05BFBB861B4746BB001DA053 /* ETCCell.swift */,
				05BFBB8A1B474ED5001DA053 /* AppIconBtnView.swift */,
				0558FCD51B5BABC90017B532 /* ETCSupplementListVC.swift */,
				0558FCD71B5BAEC40017B532 /* SupplementCell.swift */,
				0558FD621B5BB2740017B532 /* SupplementDetailVC.swift */,
			);
			path = 01Etc;
			sourceTree = "<group>";
		};
		05C5921A1B42905D008BBC21 = {
			isa = PBXGroup;
			children = (
				05C592251B42905E008BBC21 /* KoreanToThaiDic */,
				05C5923B1B42905E008BBC21 /* KoreanToThaiDicTests */,
				05C592241B42905E008BBC21 /* Products */,
			);
			sourceTree = "<group>";
		};
		05C592241B42905E008BBC21 /* Products */ = {
			isa = PBXGroup;
			children = (
				05C592231B42905E008BBC21 /* KoreanToThaiDic1.app */,
				055552801B6BE01100B4777F /* KoreanToThaiDic2.app */,
				055552B31B6BE06C00B4777F /* KoreanToThaiDic3.app */,
			);
			name = Products;
			sourceTree = "<group>";
		};
		05C592251B42905E008BBC21 /* KoreanToThaiDic */ = {
			isa = PBXGroup;
			children = (
				050F0CB51B6F6BF400CF8BB8 /* Default-568h@2x.png */,
				0558FDF61B5BBC310017B532 /* HTMLWebFiles */,
				05EA7BA31B43BFAC00F2CE14 /* 00AppInit */,
				05BFBB7C1B4740AD001DA053 /* 01Etc */,
				05C5924B1B4291EE008BBC21 /* Library */,
				05C592C91B429439008BBC21 /* CustomLibrary */,
				05C592281B42905E008BBC21 /* AppDelegate.swift */,
				05C5922C1B42905E008BBC21 /* Main.storyboard */,
				05C5922F1B42905E008BBC21 /* Images.xcassets */,
				05C592261B42905E008BBC21 /* Supporting Files */,
			);
			path = KoreanToThaiDic;
			sourceTree = "<group>";
		};
		05C592261B42905E008BBC21 /* Supporting Files */ = {
			isa = PBXGroup;
			children = (
				050F0C781B6F643300CF8BB8 /* KoreanToThaiDic-Bridging-Header.h */,
				055552491B6BDFB700B4777F /* LauchScreen1.xib */,
				0555524A1B6BDFB700B4777F /* LauchScreen2.xib */,
				0555524B1B6BDFB700B4777F /* LauchScreen3.xib */,
				05C592271B42905E008BBC21 /* KoreanToThaiDic1.plist */,
				050F0CB11B6F651900CF8BB8 /* libsqlite3.dylib */,
			);
			name = "Supporting Files";
			sourceTree = "<group>";
		};
		05C5923B1B42905E008BBC21 /* KoreanToThaiDicTests */ = {
			isa = PBXGroup;
			children = (
				05C5923E1B42905E008BBC21 /* KoreanToThaiDicTests.swift */,
				05C5923C1B42905E008BBC21 /* Supporting Files */,
			);
			path = KoreanToThaiDicTests;
			sourceTree = "<group>";
		};
		05C5923C1B42905E008BBC21 /* Supporting Files */ = {
			isa = PBXGroup;
			children = (
				05C5923D1B42905E008BBC21 /* Info.plist */,
			);
			name = "Supporting Files";
			sourceTree = "<group>";
		};
		05C5924B1B4291EE008BBC21 /* Library */ = {
			isa = PBXGroup;
			children = (
				753E81901BA9C239005847A9 /* TCBlobDownloadSwift */,
				05C592CD1B42A01F008BBC21 /* SQLite.swift-master */,
				05EA7B7C1B43B8F900F2CE14 /* SwiftHTTP-master */,
				05EA7B781B43B8DF00F2CE14 /* HWILib.swift */,
				05EA7B791B43B8DF00F2CE14 /* InsetTextField.swift */,
			);
			path = Library;
			sourceTree = "<group>";
		};
		05C592C91B429439008BBC21 /* CustomLibrary */ = {
			isa = PBXGroup;
			children = (
				05EA7B721B43B86700F2CE14 /* ConstValue.swift */,
				05C592CA1B42944C008BBC21 /* DBManager.swift */,
				05EA7BA11B43BE7D00F2CE14 /* BaseVC.swift */,
				05A2612E1B44446F0055D803 /* CustomTableView.swift */,
				05DEA95A1B4535B5008E1459 /* CustomNaviC.swift */,
				05B775A21B4583EF004CFC45 /* BaseScrollView.swift */,
			);
			path = CustomLibrary;
			sourceTree = "<group>";
		};
		05C592CD1B42A01F008BBC21 /* SQLite.swift-master */ = {
			isa = PBXGroup;
			children = (
				050F0C791B6F64E800CF8BB8 /* SQLite */,
			);
			name = "SQLite.swift-master";
			sourceTree = "<group>";
		};
		05EA7B7C1B43B8F900F2CE14 /* SwiftHTTP-master */ = {
			isa = PBXGroup;
			children = (
				05EA7B7D1B43B8F900F2CE14 /* .gitignore */,
				05EA7B7E1B43B8F900F2CE14 /* HTTPRequestSerializer.swift */,
				05EA7B7F1B43B8F900F2CE14 /* HTTPResponseSerializer.swift */,
				05EA7B801B43B8F900F2CE14 /* HTTPSecurity.swift */,
				05EA7B811B43B8F900F2CE14 /* HTTPTask.swift */,
				05EA7B821B43B8F900F2CE14 /* HTTPUpload.swift */,
				05EA7B831B43B8F900F2CE14 /* Info.plist */,
				05EA7B841B43B8F900F2CE14 /* LICENSE */,
				05EA7B851B43B8F900F2CE14 /* README.md */,
				05EA7B861B43B8F900F2CE14 /* SwiftHTTP.h */,
				05EA7B871B43B8F900F2CE14 /* SwiftHTTP.podspec */,
				05EA7B881B43B8F900F2CE14 /* SwiftHTTP.xcodeproj */,
			);
			path = "SwiftHTTP-master";
			sourceTree = "<group>";
		};
		05EA7B891B43B8F900F2CE14 /* Products */ = {
			isa = PBXGroup;
			children = (
				05EA7B9A1B43B8F900F2CE14 /* SwiftHTTP.framework */,
				05EA7B9C1B43B8F900F2CE14 /* SwiftHTTPTests.xctest */,
				05EA7B9E1B43B8F900F2CE14 /* SwiftHTTP.framework */,
				05EA7BA01B43B8F900F2CE14 /* SwiftHTTPOSXTests.xctest */,
			);
			name = Products;
			sourceTree = "<group>";
		};
		05EA7BA31B43BFAC00F2CE14 /* 00AppInit */ = {
			isa = PBXGroup;
			children = (
				05EA7BA41B43BFC600F2CE14 /* MainVC.swift */,
				753E816F1BA9A0AD005847A9 /* DBFileDownloadView.swift */,
				05B775A01B4583DB004CFC45 /* DetailScrollView.swift */,
				05BFBB881B4746D5001DA053 /* ItemCell.swift */,
			);
			path = 00AppInit;
			sourceTree = "<group>";
		};
		753E81901BA9C239005847A9 /* TCBlobDownloadSwift */ = {
			isa = PBXGroup;
			children = (
				753E81911BA9C24C005847A9 /* Source */,
				753E81791BA9A6F2005847A9 /* TCBlobDownloadSwift.xcodeproj */,
			);
			path = TCBlobDownloadSwift;
			sourceTree = "<group>";
		};
		753E81911BA9C24C005847A9 /* Source */ = {
			isa = PBXGroup;
			children = (
				753E81921BA9C24C005847A9 /* Info.plist */,
				753E81931BA9C24C005847A9 /* TCBlobDownload.swift */,
				753E81941BA9C24C005847A9 /* TCBlobDownloadManager.swift */,
				753E81951BA9C24C005847A9 /* TCBlobDownloadSwift.h */,
			);
			path = Source;
			sourceTree = "<group>";
		};
/* End PBXGroup section */

/* Begin PBXNativeTarget section */
		0555524F1B6BE01100B4777F /* KoreanToThaiDic2 */ = {
			isa = PBXNativeTarget;
			buildConfigurationList = 0555527D1B6BE01100B4777F /* Build configuration list for PBXNativeTarget "KoreanToThaiDic2" */;
			buildPhases = (
				055552521B6BE01100B4777F /* Sources */,
				0555526B1B6BE01100B4777F /* Frameworks */,
				0555526D1B6BE01100B4777F /* Resources */,
				753E818A1BA9A78D005847A9 /* CopyFiles */,
			);
			buildRules = (
			);
			dependencies = (
			);
			name = KoreanToThaiDic2;
			productName = KoreanToThaiDic;
			productReference = 055552801B6BE01100B4777F /* KoreanToThaiDic2.app */;
			productType = "com.apple.product-type.application";
		};
		055552821B6BE06C00B4777F /* KoreanToThaiDic3 */ = {
			isa = PBXNativeTarget;
			buildConfigurationList = 055552B01B6BE06C00B4777F /* Build configuration list for PBXNativeTarget "KoreanToThaiDic3" */;
			buildPhases = (
				055552851B6BE06C00B4777F /* Sources */,
				0555529E1B6BE06C00B4777F /* Frameworks */,
				055552A01B6BE06C00B4777F /* Resources */,
				753E818C1BA9A79D005847A9 /* CopyFiles */,
			);
			buildRules = (
			);
			dependencies = (
			);
			name = KoreanToThaiDic3;
			productName = KoreanToThaiDic;
			productReference = 055552B31B6BE06C00B4777F /* KoreanToThaiDic3.app */;
			productType = "com.apple.product-type.application";
		};
		05C592221B42905E008BBC21 /* KoreanToThaiDic1 */ = {
			isa = PBXNativeTarget;
			buildConfigurationList = 05C592421B42905E008BBC21 /* Build configuration list for PBXNativeTarget "KoreanToThaiDic1" */;
			buildPhases = (
				05C5921F1B42905E008BBC21 /* Sources */,
				05C592201B42905E008BBC21 /* Frameworks */,
				05C592211B42905E008BBC21 /* Resources */,
				753E81881BA9A757005847A9 /* CopyFiles */,
			);
			buildRules = (
			);
			dependencies = (
			);
			name = KoreanToThaiDic1;
			productName = KoreanToThaiDic;
			productReference = 05C592231B42905E008BBC21 /* KoreanToThaiDic1.app */;
			productType = "com.apple.product-type.application";
		};
/* End PBXNativeTarget section */

/* Begin PBXProject section */
		05C5921B1B42905D008BBC21 /* Project object */ = {
			isa = PBXProject;
			attributes = {
				LastUpgradeCheck = 0630;
				ORGANIZATIONNAME = smallhouse;
				TargetAttributes = {
					0555524F1B6BE01100B4777F = {
						DevelopmentTeam = Y3379EJVHL;
					};
					055552821B6BE06C00B4777F = {
						DevelopmentTeam = Y3379EJVHL;
					};
					05C592221B42905E008BBC21 = {
						CreatedOnToolsVersion = 6.3.2;
						DevelopmentTeam = Y3379EJVHL;
					};
				};
			};
			buildConfigurationList = 05C5921E1B42905D008BBC21 /* Build configuration list for PBXProject "KoreanToThaiDic" */;
			compatibilityVersion = "Xcode 3.2";
			developmentRegion = English;
			hasScannedForEncodings = 0;
			knownRegions = (
				en,
				Base,
			);
			mainGroup = 05C5921A1B42905D008BBC21;
			productRefGroup = 05C592241B42905E008BBC21 /* Products */;
			projectDirPath = "";
			projectReferences = (
				{
					ProductGroup = 05EA7B891B43B8F900F2CE14 /* Products */;
					ProjectRef = 05EA7B881B43B8F900F2CE14 /* SwiftHTTP.xcodeproj */;
				},
			);
			projectRoot = "";
			targets = (
				05C592221B42905E008BBC21 /* KoreanToThaiDic1 */,
				0555524F1B6BE01100B4777F /* KoreanToThaiDic2 */,
				055552821B6BE06C00B4777F /* KoreanToThaiDic3 */,
			);
		};
/* End PBXProject section */

/* Begin PBXReferenceProxy section */
		05EA7B9A1B43B8F900F2CE14 /* SwiftHTTP.framework */ = {
			isa = PBXReferenceProxy;
			fileType = wrapper.framework;
			path = SwiftHTTP.framework;
			remoteRef = 05EA7B991B43B8F900F2CE14 /* PBXContainerItemProxy */;
			sourceTree = BUILT_PRODUCTS_DIR;
		};
		05EA7B9C1B43B8F900F2CE14 /* SwiftHTTPTests.xctest */ = {
			isa = PBXReferenceProxy;
			fileType = wrapper.cfbundle;
			path = SwiftHTTPTests.xctest;
			remoteRef = 05EA7B9B1B43B8F900F2CE14 /* PBXContainerItemProxy */;
			sourceTree = BUILT_PRODUCTS_DIR;
		};
		05EA7B9E1B43B8F900F2CE14 /* SwiftHTTP.framework */ = {
			isa = PBXReferenceProxy;
			fileType = wrapper.framework;
			path = SwiftHTTP.framework;
			remoteRef = 05EA7B9D1B43B8F900F2CE14 /* PBXContainerItemProxy */;
			sourceTree = BUILT_PRODUCTS_DIR;
		};
		05EA7BA01B43B8F900F2CE14 /* SwiftHTTPOSXTests.xctest */ = {
			isa = PBXReferenceProxy;
			fileType = wrapper.cfbundle;
			path = SwiftHTTPOSXTests.xctest;
			remoteRef = 05EA7B9F1B43B8F900F2CE14 /* PBXContainerItemProxy */;
			sourceTree = BUILT_PRODUCTS_DIR;
		};
/* End PBXReferenceProxy section */

/* Begin PBXResourcesBuildPhase section */
		0555526D1B6BE01100B4777F /* Resources */ = {
			isa = PBXResourcesBuildPhase;
			buildActionMask = 2147483647;
			files = (
				050F0CA91B6F64E800CF8BB8 /* SQLite.xcconfig in Resources */,
				055552701B6BE01100B4777F /* .gitignore in Resources */,
				055552711B6BE01100B4777F /* SwiftHTTP.podspec in Resources */,
				055552721B6BE01100B4777F /* Info.plist in Resources */,
				055552731B6BE01100B4777F /* LauchScreen3.xib in Resources */,
				050F0C971B6F64E800CF8BB8 /* Info.plist in Resources */,
				055552741B6BE01100B4777F /* LICENSE in Resources */,
				753E81971BA9C24C005847A9 /* Info.plist in Resources */,
				055552751B6BE01100B4777F /* Main.storyboard in Resources */,
				055552761B6BE01100B4777F /* Images.xcassets in Resources */,
				055552771B6BE01100B4777F /* LauchScreen2.xib in Resources */,
				050F0CB71B6F6BF400CF8BB8 /* Default-568h@2x.png in Resources */,
				055552791B6BE01100B4777F /* thaidic-publish in Resources */,
				0555527A1B6BE01100B4777F /* LauchScreen1.xib in Resources */,
			);
			runOnlyForDeploymentPostprocessing = 0;
		};
		055552A01B6BE06C00B4777F /* Resources */ = {
			isa = PBXResourcesBuildPhase;
			buildActionMask = 2147483647;
			files = (
				050F0CAA1B6F64E800CF8BB8 /* SQLite.xcconfig in Resources */,
				055552A31B6BE06C00B4777F /* .gitignore in Resources */,
				055552A41B6BE06C00B4777F /* SwiftHTTP.podspec in Resources */,
				055552A51B6BE06C00B4777F /* Info.plist in Resources */,
				055552A61B6BE06C00B4777F /* LauchScreen3.xib in Resources */,
				050F0C981B6F64E800CF8BB8 /* Info.plist in Resources */,
				055552A71B6BE06C00B4777F /* LICENSE in Resources */,
				055552A81B6BE06C00B4777F /* Main.storyboard in Resources */,
				753E81981BA9C24C005847A9 /* Info.plist in Resources */,
				055552A91B6BE06C00B4777F /* Images.xcassets in Resources */,
				055552AA1B6BE06C00B4777F /* LauchScreen2.xib in Resources */,
				050F0CB81B6F6BF400CF8BB8 /* Default-568h@2x.png in Resources */,
				055552AC1B6BE06C00B4777F /* thaidic-publish in Resources */,
				055552AD1B6BE06C00B4777F /* LauchScreen1.xib in Resources */,
			);
			runOnlyForDeploymentPostprocessing = 0;
		};
		05C592211B42905E008BBC21 /* Resources */ = {
			isa = PBXResourcesBuildPhase;
			buildActionMask = 2147483647;
			files = (
				050F0CA81B6F64E800CF8BB8 /* SQLite.xcconfig in Resources */,
				05EA7B8B1B43B8F900F2CE14 /* .gitignore in Resources */,
				05EA7B941B43B8F900F2CE14 /* SwiftHTTP.podspec in Resources */,
				05EA7B911B43B8F900F2CE14 /* Info.plist in Resources */,
				0555524E1B6BDFB700B4777F /* LauchScreen3.xib in Resources */,
				050F0C961B6F64E800CF8BB8 /* Info.plist in Resources */,
				05EA7B921B43B8F900F2CE14 /* LICENSE in Resources */,
				753E81961BA9C24C005847A9 /* Info.plist in Resources */,
				05C5922E1B42905E008BBC21 /* Main.storyboard in Resources */,
				05C592301B42905E008BBC21 /* Images.xcassets in Resources */,
				0555524D1B6BDFB700B4777F /* LauchScreen2.xib in Resources */,
				050F0CB61B6F6BF400CF8BB8 /* Default-568h@2x.png in Resources */,
				0558FE101B5BBEDA0017B532 /* thaidic-publish in Resources */,
				0555524C1B6BDFB700B4777F /* LauchScreen1.xib in Resources */,
			);
			runOnlyForDeploymentPostprocessing = 0;
		};
/* End PBXResourcesBuildPhase section */

/* Begin PBXSourcesBuildPhase section */
		055552521B6BE01100B4777F /* Sources */ = {
			isa = PBXSourcesBuildPhase;
			buildActionMask = 2147483647;
			files = (
				753E81711BA9A0AD005847A9 /* DBFileDownloadView.swift in Sources */,
				055552531B6BE01100B4777F /* HTTPResponseSerializer.swift in Sources */,
				055552541B6BE01100B4777F /* ETCSupplementListVC.swift in Sources */,
				050F0CAF1B6F64E800CF8BB8 /* Value.swift in Sources */,
				055552551B6BE01100B4777F /* DBManager.swift in Sources */,
				753E819A1BA9C24C005847A9 /* TCBlobDownload.swift in Sources */,
				050F0C941B6F64E800CF8BB8 /* Functions.swift in Sources */,
				050F0C8B1B6F64E800CF8BB8 /* Database.swift in Sources */,
				055552561B6BE01100B4777F /* HWILib.swift in Sources */,
				055552571B6BE01100B4777F /* SupplementDetailVC.swift in Sources */,
				055552581B6BE01100B4777F /* HTTPSecurity.swift in Sources */,
				055552591B6BE01100B4777F /* ItemCell.swift in Sources */,
				050F0C9A1B6F64E800CF8BB8 /* module.modulemap in Sources */,
				050F0C9D1B6F64E800CF8BB8 /* Query.swift in Sources */,
				050F0CAC1B6F64E800CF8BB8 /* Statement.swift in Sources */,
				0555525A1B6BE01100B4777F /* CustomTableView.swift in Sources */,
				0555525B1B6BE01100B4777F /* AppDelegate.swift in Sources */,
				050F0C911B6F64E800CF8BB8 /* FTS.swift in Sources */,
				0555525C1B6BE01100B4777F /* README.md in Sources */,
				0555525D1B6BE01100B4777F /* HTTPTask.swift in Sources */,
				0555525E1B6BE01100B4777F /* BaseVC.swift in Sources */,
				050F0C8E1B6F64E800CF8BB8 /* Expression.swift in Sources */,
				0555525F1B6BE01100B4777F /* SupplementCell.swift in Sources */,
				055552601B6BE01100B4777F /* HTTPRequestSerializer.swift in Sources */,
				050F0CA61B6F64E800CF8BB8 /* SQLite-Bridging.m in Sources */,
				055552611B6BE01100B4777F /* ConstValue.swift in Sources */,
				055552621B6BE01100B4777F /* ETCVC.swift in Sources */,
				055552631B6BE01100B4777F /* HTTPUpload.swift in Sources */,
				055552641B6BE01100B4777F /* DetailScrollView.swift in Sources */,
				753E819D1BA9C24C005847A9 /* TCBlobDownloadManager.swift in Sources */,
				050F0CA31B6F64E800CF8BB8 /* Schema.swift in Sources */,
				055552651B6BE01100B4777F /* InsetTextField.swift in Sources */,
				055552661B6BE01100B4777F /* ETCCell.swift in Sources */,
				055552671B6BE01100B4777F /* AppIconBtnView.swift in Sources */,
				050F0CA01B6F64E800CF8BB8 /* RTree.swift in Sources */,
				055552681B6BE01100B4777F /* MainVC.swift in Sources */,
				055552691B6BE01100B4777F /* BaseScrollView.swift in Sources */,
				0555526A1B6BE01100B4777F /* CustomNaviC.swift in Sources */,
			);
			runOnlyForDeploymentPostprocessing = 0;
		};
		055552851B6BE06C00B4777F /* Sources */ = {
			isa = PBXSourcesBuildPhase;
			buildActionMask = 2147483647;
			files = (
				753E81721BA9A0AD005847A9 /* DBFileDownloadView.swift in Sources */,
				055552861B6BE06C00B4777F /* HTTPResponseSerializer.swift in Sources */,
				055552871B6BE06C00B4777F /* ETCSupplementListVC.swift in Sources */,
				050F0CB01B6F64E800CF8BB8 /* Value.swift in Sources */,
				055552881B6BE06C00B4777F /* DBManager.swift in Sources */,
				753E819B1BA9C24C005847A9 /* TCBlobDownload.swift in Sources */,
				050F0C951B6F64E800CF8BB8 /* Functions.swift in Sources */,
				050F0C8C1B6F64E800CF8BB8 /* Database.swift in Sources */,
				055552891B6BE06C00B4777F /* HWILib.swift in Sources */,
				0555528A1B6BE06C00B4777F /* SupplementDetailVC.swift in Sources */,
				0555528B1B6BE06C00B4777F /* HTTPSecurity.swift in Sources */,
				0555528C1B6BE06C00B4777F /* ItemCell.swift in Sources */,
				050F0C9B1B6F64E800CF8BB8 /* module.modulemap in Sources */,
				050F0C9E1B6F64E800CF8BB8 /* Query.swift in Sources */,
				050F0CAD1B6F64E800CF8BB8 /* Statement.swift in Sources */,
				0555528D1B6BE06C00B4777F /* CustomTableView.swift in Sources */,
				0555528E1B6BE06C00B4777F /* AppDelegate.swift in Sources */,
				050F0C921B6F64E800CF8BB8 /* FTS.swift in Sources */,
				0555528F1B6BE06C00B4777F /* README.md in Sources */,
				055552901B6BE06C00B4777F /* HTTPTask.swift in Sources */,
				055552911B6BE06C00B4777F /* BaseVC.swift in Sources */,
				050F0C8F1B6F64E800CF8BB8 /* Expression.swift in Sources */,
				055552921B6BE06C00B4777F /* SupplementCell.swift in Sources */,
				055552931B6BE06C00B4777F /* HTTPRequestSerializer.swift in Sources */,
				050F0CA71B6F64E800CF8BB8 /* SQLite-Bridging.m in Sources */,
				055552941B6BE06C00B4777F /* ConstValue.swift in Sources */,
				055552951B6BE06C00B4777F /* ETCVC.swift in Sources */,
				055552961B6BE06C00B4777F /* HTTPUpload.swift in Sources */,
				055552971B6BE06C00B4777F /* DetailScrollView.swift in Sources */,
				753E819E1BA9C24C005847A9 /* TCBlobDownloadManager.swift in Sources */,
				050F0CA41B6F64E800CF8BB8 /* Schema.swift in Sources */,
				055552981B6BE06C00B4777F /* InsetTextField.swift in Sources */,
				055552991B6BE06C00B4777F /* ETCCell.swift in Sources */,
				0555529A1B6BE06C00B4777F /* AppIconBtnView.swift in Sources */,
				050F0CA11B6F64E800CF8BB8 /* RTree.swift in Sources */,
				0555529B1B6BE06C00B4777F /* MainVC.swift in Sources */,
				0555529C1B6BE06C00B4777F /* BaseScrollView.swift in Sources */,
				0555529D1B6BE06C00B4777F /* CustomNaviC.swift in Sources */,
			);
			runOnlyForDeploymentPostprocessing = 0;
		};
		05C5921F1B42905E008BBC21 /* Sources */ = {
			isa = PBXSourcesBuildPhase;
			buildActionMask = 2147483647;
			files = (
				753E81701BA9A0AD005847A9 /* DBFileDownloadView.swift in Sources */,
				05EA7B8D1B43B8F900F2CE14 /* HTTPResponseSerializer.swift in Sources */,
				0558FCD61B5BABC90017B532 /* ETCSupplementListVC.swift in Sources */,
				050F0CAE1B6F64E800CF8BB8 /* Value.swift in Sources */,
				05C592CB1B42944C008BBC21 /* DBManager.swift in Sources */,
				753E81991BA9C24C005847A9 /* TCBlobDownload.swift in Sources */,
				050F0C931B6F64E800CF8BB8 /* Functions.swift in Sources */,
				050F0C8A1B6F64E800CF8BB8 /* Database.swift in Sources */,
				05EA7B7A1B43B8DF00F2CE14 /* HWILib.swift in Sources */,
				0558FD631B5BB2740017B532 /* SupplementDetailVC.swift in Sources */,
				05EA7B8E1B43B8F900F2CE14 /* HTTPSecurity.swift in Sources */,
				05BFBB891B4746D5001DA053 /* ItemCell.swift in Sources */,
				050F0C991B6F64E800CF8BB8 /* module.modulemap in Sources */,
				050F0C9C1B6F64E800CF8BB8 /* Query.swift in Sources */,
				050F0CAB1B6F64E800CF8BB8 /* Statement.swift in Sources */,
				05A2612F1B44446F0055D803 /* CustomTableView.swift in Sources */,
				05C592291B42905E008BBC21 /* AppDelegate.swift in Sources */,
				050F0C901B6F64E800CF8BB8 /* FTS.swift in Sources */,
				05EA7B931B43B8F900F2CE14 /* README.md in Sources */,
				05EA7B8F1B43B8F900F2CE14 /* HTTPTask.swift in Sources */,
				05EA7BA21B43BE7D00F2CE14 /* BaseVC.swift in Sources */,
				050F0C8D1B6F64E800CF8BB8 /* Expression.swift in Sources */,
				0558FCD81B5BAEC40017B532 /* SupplementCell.swift in Sources */,
				05EA7B8C1B43B8F900F2CE14 /* HTTPRequestSerializer.swift in Sources */,
				050F0CA51B6F64E800CF8BB8 /* SQLite-Bridging.m in Sources */,
				05EA7B731B43B86700F2CE14 /* ConstValue.swift in Sources */,
				05BFBB851B4740C5001DA053 /* ETCVC.swift in Sources */,
				05EA7B901B43B8F900F2CE14 /* HTTPUpload.swift in Sources */,
				05B775A11B4583DB004CFC45 /* DetailScrollView.swift in Sources */,
				753E819C1BA9C24C005847A9 /* TCBlobDownloadManager.swift in Sources */,
				050F0CA21B6F64E800CF8BB8 /* Schema.swift in Sources */,
				05EA7B7B1B43B8DF00F2CE14 /* InsetTextField.swift in Sources */,
				05BFBB871B4746BB001DA053 /* ETCCell.swift in Sources */,
				05BFBB8B1B474ED5001DA053 /* AppIconBtnView.swift in Sources */,
				050F0C9F1B6F64E800CF8BB8 /* RTree.swift in Sources */,
				05EA7BA51B43BFC600F2CE14 /* MainVC.swift in Sources */,
				05B775A31B4583EF004CFC45 /* BaseScrollView.swift in Sources */,
				05DEA95B1B4535B5008E1459 /* CustomNaviC.swift in Sources */,
			);
			runOnlyForDeploymentPostprocessing = 0;
		};
/* End PBXSourcesBuildPhase section */

/* Begin PBXVariantGroup section */
		05C5922C1B42905E008BBC21 /* Main.storyboard */ = {
			isa = PBXVariantGroup;
			children = (
				05C5922D1B42905E008BBC21 /* Base */,
			);
			name = Main.storyboard;
			sourceTree = "<group>";
		};
/* End PBXVariantGroup section */

/* Begin XCBuildConfiguration section */
		0555527E1B6BE01100B4777F /* Debug */ = {
			isa = XCBuildConfiguration;
			buildSettings = {
				ASSETCATALOG_COMPILER_APPICON_NAME = "AppIcon-2";
				ASSETCATALOG_COMPILER_LAUNCHIMAGE_NAME = "LaunchImage-2";
				CODE_SIGN_IDENTITY = "iPhone Developer: HYOJOONG LEE (2P36ZUMVMM)";
				"CODE_SIGN_IDENTITY[sdk=iphoneos*]" = "iPhone Developer: HYOJOONG LEE (2P36ZUMVMM)";
				INFOPLIST_FILE = "$(SRCROOT)/KoreanToThaiDic2.plist";
				IPHONEOS_DEPLOYMENT_TARGET = 7.0;
				LD_RUNPATH_SEARCH_PATHS = "$(inherited) @executable_path/Frameworks";
				PRODUCT_NAME = KoreanToThaiDic2;
				PROVISIONING_PROFILE = "";
				SWIFT_OBJC_BRIDGING_HEADER = "$(SRCROOT)/KoreanToThaiDic/KoreanToThaiDic-Bridging-Header.h";
			};
			name = Debug;
		};
		0555527F1B6BE01100B4777F /* Release */ = {
			isa = XCBuildConfiguration;
			buildSettings = {
				ASSETCATALOG_COMPILER_APPICON_NAME = "AppIcon-2";
				ASSETCATALOG_COMPILER_LAUNCHIMAGE_NAME = "LaunchImage-2";
				CODE_SIGN_IDENTITY = "iPhone Distribution: HYOJOONG LEE (Y3379EJVHL)";
				"CODE_SIGN_IDENTITY[sdk=iphoneos*]" = "iPhone Distribution: HYOJOONG LEE (Y3379EJVHL)";
				INFOPLIST_FILE = "$(SRCROOT)/KoreanToThaiDic2.plist";
				IPHONEOS_DEPLOYMENT_TARGET = 7.0;
				LD_RUNPATH_SEARCH_PATHS = "$(inherited) @executable_path/Frameworks";
				PRODUCT_NAME = KoreanToThaiDic2;
				PROVISIONING_PROFILE = "19079bb6-b0b6-40d8-b8cd-475a10216fb7";
				SWIFT_OBJC_BRIDGING_HEADER = "$(SRCROOT)/KoreanToThaiDic/KoreanToThaiDic-Bridging-Header.h";
			};
			name = Release;
		};
		055552B11B6BE06C00B4777F /* Debug */ = {
			isa = XCBuildConfiguration;
			buildSettings = {
				ASSETCATALOG_COMPILER_APPICON_NAME = "AppIcon-3";
				ASSETCATALOG_COMPILER_LAUNCHIMAGE_NAME = "LaunchImage-3";
				CODE_SIGN_IDENTITY = "iPhone Developer";
				"CODE_SIGN_IDENTITY[sdk=iphoneos*]" = "iPhone Developer";
				INFOPLIST_FILE = "$(SRCROOT)/KoreanToThaiDic3.plist";
				IPHONEOS_DEPLOYMENT_TARGET = 7.0;
				LD_RUNPATH_SEARCH_PATHS = "$(inherited) @executable_path/Frameworks";
				PRODUCT_NAME = KoreanToThaiDic3;
				PROVISIONING_PROFILE = "";
				SWIFT_OBJC_BRIDGING_HEADER = "$(SRCROOT)/KoreanToThaiDic/KoreanToThaiDic-Bridging-Header.h";
				TARGETED_DEVICE_FAMILY = "1,2";
			};
			name = Debug;
		};
		055552B21B6BE06C00B4777F /* Release */ = {
			isa = XCBuildConfiguration;
			buildSettings = {
				ASSETCATALOG_COMPILER_APPICON_NAME = "AppIcon-3";
				ASSETCATALOG_COMPILER_LAUNCHIMAGE_NAME = "LaunchImage-3";
				CODE_SIGN_IDENTITY = "iPhone Distribution: HYOJOONG LEE (Y3379EJVHL)";
				"CODE_SIGN_IDENTITY[sdk=iphoneos*]" = "iPhone Distribution: HYOJOONG LEE (Y3379EJVHL)";
				INFOPLIST_FILE = "$(SRCROOT)/KoreanToThaiDic3.plist";
				IPHONEOS_DEPLOYMENT_TARGET = 7.0;
				LD_RUNPATH_SEARCH_PATHS = "$(inherited) @executable_path/Frameworks";
				PRODUCT_NAME = KoreanToThaiDic3;
				PROVISIONING_PROFILE = "128ebdb5-62b7-4fa5-a678-d10941b5b0af";
				SWIFT_OBJC_BRIDGING_HEADER = "$(SRCROOT)/KoreanToThaiDic/KoreanToThaiDic-Bridging-Header.h";
				TARGETED_DEVICE_FAMILY = "1,2";
			};
			name = Release;
		};
		05C592401B42905E008BBC21 /* Debug */ = {
			isa = XCBuildConfiguration;
			buildSettings = {
				ALWAYS_SEARCH_USER_PATHS = NO;
				CLANG_CXX_LANGUAGE_STANDARD = "gnu++0x";
				CLANG_CXX_LIBRARY = "libc++";
				CLANG_ENABLE_MODULES = YES;
				CLANG_ENABLE_OBJC_ARC = YES;
				CLANG_WARN_BOOL_CONVERSION = YES;
				CLANG_WARN_CONSTANT_CONVERSION = YES;
				CLANG_WARN_DIRECT_OBJC_ISA_USAGE = YES_ERROR;
				CLANG_WARN_EMPTY_BODY = YES;
				CLANG_WARN_ENUM_CONVERSION = YES;
				CLANG_WARN_INT_CONVERSION = YES;
				CLANG_WARN_OBJC_ROOT_CLASS = YES_ERROR;
				CLANG_WARN_UNREACHABLE_CODE = YES;
				CLANG_WARN__DUPLICATE_METHOD_MATCH = YES;
				CODE_SIGN_IDENTITY = "iPhone Developer";
				"CODE_SIGN_IDENTITY[sdk=iphoneos*]" = "iPhone Developer";
				COPY_PHASE_STRIP = NO;
				DEBUG_INFORMATION_FORMAT = "dwarf-with-dsym";
				ENABLE_STRICT_OBJC_MSGSEND = YES;
				GCC_C_LANGUAGE_STANDARD = gnu99;
				GCC_DYNAMIC_NO_PIC = NO;
				GCC_NO_COMMON_BLOCKS = YES;
				GCC_OPTIMIZATION_LEVEL = 0;
				GCC_PREPROCESSOR_DEFINITIONS = (
					"DEBUG=1",
					"$(inherited)",
				);
				GCC_SYMBOLS_PRIVATE_EXTERN = NO;
				GCC_WARN_64_TO_32_BIT_CONVERSION = YES;
				GCC_WARN_ABOUT_RETURN_TYPE = YES_ERROR;
				GCC_WARN_UNDECLARED_SELECTOR = YES;
				GCC_WARN_UNINITIALIZED_AUTOS = YES_AGGRESSIVE;
				GCC_WARN_UNUSED_FUNCTION = YES;
				GCC_WARN_UNUSED_VARIABLE = YES;
				IPHONEOS_DEPLOYMENT_TARGET = 8.3;
				MTL_ENABLE_DEBUG_INFO = YES;
				ONLY_ACTIVE_ARCH = YES;
				SDKROOT = iphoneos;
				SWIFT_OPTIMIZATION_LEVEL = "-Onone";
				TARGETED_DEVICE_FAMILY = "1,2";
			};
			name = Debug;
		};
		05C592411B42905E008BBC21 /* Release */ = {
			isa = XCBuildConfiguration;
			buildSettings = {
				ALWAYS_SEARCH_USER_PATHS = NO;
				CLANG_CXX_LANGUAGE_STANDARD = "gnu++0x";
				CLANG_CXX_LIBRARY = "libc++";
				CLANG_ENABLE_MODULES = YES;
				CLANG_ENABLE_OBJC_ARC = YES;
				CLANG_WARN_BOOL_CONVERSION = YES;
				CLANG_WARN_CONSTANT_CONVERSION = YES;
				CLANG_WARN_DIRECT_OBJC_ISA_USAGE = YES_ERROR;
				CLANG_WARN_EMPTY_BODY = YES;
				CLANG_WARN_ENUM_CONVERSION = YES;
				CLANG_WARN_INT_CONVERSION = YES;
				CLANG_WARN_OBJC_ROOT_CLASS = YES_ERROR;
				CLANG_WARN_UNREACHABLE_CODE = YES;
				CLANG_WARN__DUPLICATE_METHOD_MATCH = YES;
				CODE_SIGN_IDENTITY = "iPhone Distribution";
				"CODE_SIGN_IDENTITY[sdk=iphoneos*]" = "iPhone Distribution";
				COPY_PHASE_STRIP = NO;
				DEBUG_INFORMATION_FORMAT = "dwarf-with-dsym";
				ENABLE_NS_ASSERTIONS = NO;
				ENABLE_STRICT_OBJC_MSGSEND = YES;
				GCC_C_LANGUAGE_STANDARD = gnu99;
				GCC_NO_COMMON_BLOCKS = YES;
				GCC_WARN_64_TO_32_BIT_CONVERSION = YES;
				GCC_WARN_ABOUT_RETURN_TYPE = YES_ERROR;
				GCC_WARN_UNDECLARED_SELECTOR = YES;
				GCC_WARN_UNINITIALIZED_AUTOS = YES_AGGRESSIVE;
				GCC_WARN_UNUSED_FUNCTION = YES;
				GCC_WARN_UNUSED_VARIABLE = YES;
				IPHONEOS_DEPLOYMENT_TARGET = 8.3;
				MTL_ENABLE_DEBUG_INFO = NO;
				SDKROOT = iphoneos;
				TARGETED_DEVICE_FAMILY = "1,2";
				VALIDATE_PRODUCT = YES;
			};
			name = Release;
		};
		05C592431B42905E008BBC21 /* Debug */ = {
			isa = XCBuildConfiguration;
			buildSettings = {
				ASSETCATALOG_COMPILER_APPICON_NAME = "AppIcon-1";
				ASSETCATALOG_COMPILER_LAUNCHIMAGE_NAME = LaunchImage;
				CODE_SIGN_IDENTITY = "iPhone Developer: HYOJOONG LEE (2P36ZUMVMM)";
				"CODE_SIGN_IDENTITY[sdk=iphoneos*]" = "iPhone Developer: HYOJOONG LEE (2P36ZUMVMM)";
				INFOPLIST_FILE = "$(SRCROOT)/KoreanToThaiDic/KoreanToThaiDic1.plist";
				IPHONEOS_DEPLOYMENT_TARGET = 7.0;
				LD_RUNPATH_SEARCH_PATHS = "$(inherited) @executable_path/Frameworks";
				PRODUCT_NAME = "$(TARGET_NAME)";
				PROVISIONING_PROFILE = "";
				SDKROOT = iphoneos8.4;
				SWIFT_OBJC_BRIDGING_HEADER = "$(SRCROOT)/KoreanToThaiDic/KoreanToThaiDic-Bridging-Header.h";
			};
			name = Debug;
		};
		05C592441B42905E008BBC21 /* Release */ = {
			isa = XCBuildConfiguration;
			buildSettings = {
				ASSETCATALOG_COMPILER_APPICON_NAME = "AppIcon-1";
				ASSETCATALOG_COMPILER_LAUNCHIMAGE_NAME = LaunchImage;
				CODE_SIGN_IDENTITY = "iPhone Distribution: HYOJOONG LEE (Y3379EJVHL)";
				"CODE_SIGN_IDENTITY[sdk=iphoneos*]" = "iPhone Distribution: HYOJOONG LEE (Y3379EJVHL)";
				INFOPLIST_FILE = "$(SRCROOT)/KoreanToThaiDic/KoreanToThaiDic1.plist";
				IPHONEOS_DEPLOYMENT_TARGET = 7.0;
				LD_RUNPATH_SEARCH_PATHS = "$(inherited) @executable_path/Frameworks";
				PRODUCT_NAME = "$(TARGET_NAME)";
				PROVISIONING_PROFILE = "375577f4-f251-41dd-b822-84e25a49ca2d";
				SDKROOT = iphoneos8.4;
				SWIFT_OBJC_BRIDGING_HEADER = "$(SRCROOT)/KoreanToThaiDic/KoreanToThaiDic-Bridging-Header.h";
			};
			name = Release;
		};
/* End XCBuildConfiguration section */

/* Begin XCConfigurationList section */
		0555527D1B6BE01100B4777F /* Build configuration list for PBXNativeTarget "KoreanToThaiDic2" */ = {
			isa = XCConfigurationList;
			buildConfigurations = (
				0555527E1B6BE01100B4777F /* Debug */,
				0555527F1B6BE01100B4777F /* Release */,
			);
			defaultConfigurationIsVisible = 0;
			defaultConfigurationName = Release;
		};
		055552B01B6BE06C00B4777F /* Build configuration list for PBXNativeTarget "KoreanToThaiDic3" */ = {
			isa = XCConfigurationList;
			buildConfigurations = (
				055552B11B6BE06C00B4777F /* Debug */,
				055552B21B6BE06C00B4777F /* Release */,
			);
			defaultConfigurationIsVisible = 0;
			defaultConfigurationName = Release;
		};
		05C5921E1B42905D008BBC21 /* Build configuration list for PBXProject "KoreanToThaiDic" */ = {
			isa = XCConfigurationList;
			buildConfigurations = (
				05C592401B42905E008BBC21 /* Debug */,
				05C592411B42905E008BBC21 /* Release */,
			);
			defaultConfigurationIsVisible = 0;
			defaultConfigurationName = Release;
		};
		05C592421B42905E008BBC21 /* Build configuration list for PBXNativeTarget "KoreanToThaiDic1" */ = {
			isa = XCConfigurationList;
			buildConfigurations = (
				05C592431B42905E008BBC21 /* Debug */,
				05C592441B42905E008BBC21 /* Release */,
			);
			defaultConfigurationIsVisible = 0;
			defaultConfigurationName = Release;
		};
/* End XCConfigurationList section */
	};
	rootObject = 05C5921B1B42905D008BBC21 /* Project object */;
}
