// !$*UTF8*$!
{
	archiveVersion = 1;
	classes = {
	};
	objectVersion = 46;
	objects = {

/* Begin PBXBuildFile section */
		05A2612F1B44446F0055D803 /* CustomTableView.swift in Sources */ = {isa = PBXBuildFile; fileRef = 05A2612E1B44446F0055D803 /* CustomTableView.swift */; };
		05B775A11B4583DB004CFC45 /* DetailScrollView.swift in Sources */ = {isa = PBXBuildFile; fileRef = 05B775A01B4583DB004CFC45 /* DetailScrollView.swift */; };
		05B775A31B4583EF004CFC45 /* BaseScrollView.swift in Sources */ = {isa = PBXBuildFile; fileRef = 05B775A21B4583EF004CFC45 /* BaseScrollView.swift */; };
		05C592291B42905E008BBC21 /* AppDelegate.swift in Sources */ = {isa = PBXBuildFile; fileRef = 05C592281B42905E008BBC21 /* AppDelegate.swift */; };
		05C5922E1B42905E008BBC21 /* Main.storyboard in Resources */ = {isa = PBXBuildFile; fileRef = 05C5922C1B42905E008BBC21 /* Main.storyboard */; };
		05C592301B42905E008BBC21 /* Images.xcassets in Resources */ = {isa = PBXBuildFile; fileRef = 05C5922F1B42905E008BBC21 /* Images.xcassets */; };
		05C592331B42905E008BBC21 /* LaunchScreen.xib in Resources */ = {isa = PBXBuildFile; fileRef = 05C592311B42905E008BBC21 /* LaunchScreen.xib */; };
		05C5923F1B42905E008BBC21 /* KoreanToThaiDicTests.swift in Sources */ = {isa = PBXBuildFile; fileRef = 05C5923E1B42905E008BBC21 /* KoreanToThaiDicTests.swift */; };
		05C5924A1B4290D8008BBC21 /* KorThaiDictionary.sqlite in Resources */ = {isa = PBXBuildFile; fileRef = 05C592491B4290D8008BBC21 /* KorThaiDictionary.sqlite */; };
		05C592CB1B42944C008BBC21 /* DBManager.swift in Sources */ = {isa = PBXBuildFile; fileRef = 05C592CA1B42944C008BBC21 /* DBManager.swift */; };
		05C592E01B42A064008BBC21 /* SQLite.framework in Frameworks */ = {isa = PBXBuildFile; fileRef = 05C592D71B42A02E008BBC21 /* SQLite.framework */; };
		05C592E31B42A0CD008BBC21 /* SQLite.framework in CopyFiles */ = {isa = PBXBuildFile; fileRef = 05C592D71B42A02E008BBC21 /* SQLite.framework */; settings = {ATTRIBUTES = (CodeSignOnCopy, RemoveHeadersOnCopy, ); }; };
		05DEA95B1B4535B5008E1459 /* CustomNaviC.swift in Sources */ = {isa = PBXBuildFile; fileRef = 05DEA95A1B4535B5008E1459 /* CustomNaviC.swift */; };
		05EA7B731B43B86700F2CE14 /* ConstValue.swift in Sources */ = {isa = PBXBuildFile; fileRef = 05EA7B721B43B86700F2CE14 /* ConstValue.swift */; };
		05EA7B7A1B43B8DF00F2CE14 /* HWILib.swift in Sources */ = {isa = PBXBuildFile; fileRef = 05EA7B781B43B8DF00F2CE14 /* HWILib.swift */; };
		05EA7B7B1B43B8DF00F2CE14 /* InsetTextField.swift in Sources */ = {isa = PBXBuildFile; fileRef = 05EA7B791B43B8DF00F2CE14 /* InsetTextField.swift */; };
		05EA7B8B1B43B8F900F2CE14 /* .gitignore in Resources */ = {isa = PBXBuildFile; fileRef = 05EA7B7D1B43B8F900F2CE14 /* .gitignore */; };
		05EA7B8C1B43B8F900F2CE14 /* HTTPRequestSerializer.swift in Sources */ = {isa = PBXBuildFile; fileRef = 05EA7B7E1B43B8F900F2CE14 /* HTTPRequestSerializer.swift */; };
		05EA7B8D1B43B8F900F2CE14 /* HTTPResponseSerializer.swift in Sources */ = {isa = PBXBuildFile; fileRef = 05EA7B7F1B43B8F900F2CE14 /* HTTPResponseSerializer.swift */; };
		05EA7B8E1B43B8F900F2CE14 /* HTTPSecurity.swift in Sources */ = {isa = PBXBuildFile; fileRef = 05EA7B801B43B8F900F2CE14 /* HTTPSecurity.swift */; };
		05EA7B8F1B43B8F900F2CE14 /* HTTPTask.swift in Sources */ = {isa = PBXBuildFile; fileRef = 05EA7B811B43B8F900F2CE14 /* HTTPTask.swift */; };
		05EA7B901B43B8F900F2CE14 /* HTTPUpload.swift in Sources */ = {isa = PBXBuildFile; fileRef = 05EA7B821B43B8F900F2CE14 /* HTTPUpload.swift */; };
		05EA7B911B43B8F900F2CE14 /* Info.plist in Resources */ = {isa = PBXBuildFile; fileRef = 05EA7B831B43B8F900F2CE14 /* Info.plist */; };
		05EA7B921B43B8F900F2CE14 /* LICENSE in Resources */ = {isa = PBXBuildFile; fileRef = 05EA7B841B43B8F900F2CE14 /* LICENSE */; };
		05EA7B931B43B8F900F2CE14 /* README.md in Sources */ = {isa = PBXBuildFile; fileRef = 05EA7B851B43B8F900F2CE14 /* README.md */; };
		05EA7B941B43B8F900F2CE14 /* SwiftHTTP.podspec in Resources */ = {isa = PBXBuildFile; fileRef = 05EA7B871B43B8F900F2CE14 /* SwiftHTTP.podspec */; };
		05EA7BA21B43BE7D00F2CE14 /* BaseVC.swift in Sources */ = {isa = PBXBuildFile; fileRef = 05EA7BA11B43BE7D00F2CE14 /* BaseVC.swift */; };
		05EA7BA51B43BFC600F2CE14 /* MainVC.swift in Sources */ = {isa = PBXBuildFile; fileRef = 05EA7BA41B43BFC600F2CE14 /* MainVC.swift */; };
		05F3CD531B44376000AF00B0 /* ItemCell.swift in Sources */ = {isa = PBXBuildFile; fileRef = 05F3CD521B44376000AF00B0 /* ItemCell.swift */; };
/* End PBXBuildFile section */

/* Begin PBXContainerItemProxy section */
		05C592391B42905E008BBC21 /* PBXContainerItemProxy */ = {
			isa = PBXContainerItemProxy;
			containerPortal = 05C5921B1B42905D008BBC21 /* Project object */;
			proxyType = 1;
			remoteGlobalIDString = 05C592221B42905E008BBC21;
			remoteInfo = KoreanToThaiDic;
		};
		05C592D61B42A02E008BBC21 /* PBXContainerItemProxy */ = {
			isa = PBXContainerItemProxy;
			containerPortal = 05C592CE1B42A02D008BBC21 /* SQLite.xcodeproj */;
			proxyType = 2;
			remoteGlobalIDString = DC3773F319C8CBB3004FCF85;
			remoteInfo = SQLite;
		};
		05C592D81B42A02E008BBC21 /* PBXContainerItemProxy */ = {
			isa = PBXContainerItemProxy;
			containerPortal = 05C592CE1B42A02D008BBC21 /* SQLite.xcodeproj */;
			proxyType = 2;
			remoteGlobalIDString = DC3773FE19C8CBB3004FCF85;
			remoteInfo = "SQLite Tests";
		};
		05C592DA1B42A02E008BBC21 /* PBXContainerItemProxy */ = {
			isa = PBXContainerItemProxy;
			containerPortal = 05C592CE1B42A02D008BBC21 /* SQLite.xcodeproj */;
			proxyType = 2;
			remoteGlobalIDString = DCC6B3801A9191C300734B78;
			remoteInfo = SQLiteCipher;
		};
		05C592DC1B42A02E008BBC21 /* PBXContainerItemProxy */ = {
			isa = PBXContainerItemProxy;
			containerPortal = 05C592CE1B42A02D008BBC21 /* SQLite.xcodeproj */;
			proxyType = 2;
			remoteGlobalIDString = DCC6B3921A9191D100734B78;
			remoteInfo = "SQLiteCipher Tests";
		};
		05C592DE1B42A051008BBC21 /* PBXContainerItemProxy */ = {
			isa = PBXContainerItemProxy;
			containerPortal = 05C592CE1B42A02D008BBC21 /* SQLite.xcodeproj */;
			proxyType = 1;
			remoteGlobalIDString = DC3773F219C8CBB3004FCF85;
			remoteInfo = SQLite;
		};
		05EA7B991B43B8F900F2CE14 /* PBXContainerItemProxy */ = {
			isa = PBXContainerItemProxy;
			containerPortal = 05EA7B881B43B8F900F2CE14 /* SwiftHTTP.xcodeproj */;
			proxyType = 2;
			remoteGlobalIDString = 6BFD901619C8D8B500DD99B6;
			remoteInfo = SwiftHTTP;
		};
		05EA7B9B1B43B8F900F2CE14 /* PBXContainerItemProxy */ = {
			isa = PBXContainerItemProxy;
			containerPortal = 05EA7B881B43B8F900F2CE14 /* SwiftHTTP.xcodeproj */;
			proxyType = 2;
			remoteGlobalIDString = 6BFD902119C8D8B500DD99B6;
			remoteInfo = SwiftHTTPTests;
		};
		05EA7B9D1B43B8F900F2CE14 /* PBXContainerItemProxy */ = {
			isa = PBXContainerItemProxy;
			containerPortal = 05EA7B881B43B8F900F2CE14 /* SwiftHTTP.xcodeproj */;
			proxyType = 2;
			remoteGlobalIDString = D958025919E6EEEB003C8218;
			remoteInfo = SwiftHTTPOSX;
		};
		05EA7B9F1B43B8F900F2CE14 /* PBXContainerItemProxy */ = {
			isa = PBXContainerItemProxy;
			containerPortal = 05EA7B881B43B8F900F2CE14 /* SwiftHTTP.xcodeproj */;
			proxyType = 2;
			remoteGlobalIDString = D958026319E6EEEB003C8218;
			remoteInfo = SwiftHTTPOSXTests;
		};
/* End PBXContainerItemProxy section */

/* Begin PBXCopyFilesBuildPhase section */
		05C592E11B42A096008BBC21 /* CopyFiles */ = {
			isa = PBXCopyFilesBuildPhase;
			buildActionMask = 2147483647;
			dstPath = "";
			dstSubfolderSpec = 10;
			files = (
				05C592E31B42A0CD008BBC21 /* SQLite.framework in CopyFiles */,
			);
			runOnlyForDeploymentPostprocessing = 0;
		};
/* End PBXCopyFilesBuildPhase section */

/* Begin PBXFileReference section */
		05A2612E1B44446F0055D803 /* CustomTableView.swift */ = {isa = PBXFileReference; fileEncoding = 4; lastKnownFileType = sourcecode.swift; path = CustomTableView.swift; sourceTree = "<group>"; };
		05B775A01B4583DB004CFC45 /* DetailScrollView.swift */ = {isa = PBXFileReference; fileEncoding = 4; lastKnownFileType = sourcecode.swift; path = DetailScrollView.swift; sourceTree = "<group>"; };
		05B775A21B4583EF004CFC45 /* BaseScrollView.swift */ = {isa = PBXFileReference; fileEncoding = 4; lastKnownFileType = sourcecode.swift; path = BaseScrollView.swift; sourceTree = "<group>"; };
		05C592231B42905E008BBC21 /* KoreanToThaiDic.app */ = {isa = PBXFileReference; explicitFileType = wrapper.application; includeInIndex = 0; path = KoreanToThaiDic.app; sourceTree = BUILT_PRODUCTS_DIR; };
		05C592271B42905E008BBC21 /* Info.plist */ = {isa = PBXFileReference; lastKnownFileType = text.plist.xml; path = Info.plist; sourceTree = "<group>"; };
		05C592281B42905E008BBC21 /* AppDelegate.swift */ = {isa = PBXFileReference; lastKnownFileType = sourcecode.swift; path = AppDelegate.swift; sourceTree = "<group>"; };
		05C5922D1B42905E008BBC21 /* Base */ = {isa = PBXFileReference; lastKnownFileType = file.storyboard; name = Base; path = Base.lproj/Main.storyboard; sourceTree = "<group>"; };
		05C5922F1B42905E008BBC21 /* Images.xcassets */ = {isa = PBXFileReference; lastKnownFileType = folder.assetcatalog; path = Images.xcassets; sourceTree = "<group>"; };
		05C592321B42905E008BBC21 /* Base */ = {isa = PBXFileReference; lastKnownFileType = file.xib; name = Base; path = Base.lproj/LaunchScreen.xib; sourceTree = "<group>"; };
		05C592381B42905E008BBC21 /* KoreanToThaiDicTests.xctest */ = {isa = PBXFileReference; explicitFileType = wrapper.cfbundle; includeInIndex = 0; path = KoreanToThaiDicTests.xctest; sourceTree = BUILT_PRODUCTS_DIR; };
		05C5923D1B42905E008BBC21 /* Info.plist */ = {isa = PBXFileReference; lastKnownFileType = text.plist.xml; path = Info.plist; sourceTree = "<group>"; };
		05C5923E1B42905E008BBC21 /* KoreanToThaiDicTests.swift */ = {isa = PBXFileReference; lastKnownFileType = sourcecode.swift; path = KoreanToThaiDicTests.swift; sourceTree = "<group>"; };
		05C592491B4290D8008BBC21 /* KorThaiDictionary.sqlite */ = {isa = PBXFileReference; lastKnownFileType = file; path = KorThaiDictionary.sqlite; sourceTree = "<group>"; };
		05C592CA1B42944C008BBC21 /* DBManager.swift */ = {isa = PBXFileReference; fileEncoding = 4; lastKnownFileType = sourcecode.swift; path = DBManager.swift; sourceTree = "<group>"; };
		05C592CE1B42A02D008BBC21 /* SQLite.xcodeproj */ = {isa = PBXFileReference; lastKnownFileType = "wrapper.pb-project"; name = SQLite.xcodeproj; path = "SQLite.swift-master/SQLite.xcodeproj"; sourceTree = "<group>"; };
		05DEA95A1B4535B5008E1459 /* CustomNaviC.swift */ = {isa = PBXFileReference; fileEncoding = 4; lastKnownFileType = sourcecode.swift; path = CustomNaviC.swift; sourceTree = "<group>"; };
		05EA7B721B43B86700F2CE14 /* ConstValue.swift */ = {isa = PBXFileReference; fileEncoding = 4; lastKnownFileType = sourcecode.swift; path = ConstValue.swift; sourceTree = "<group>"; };
		05EA7B781B43B8DF00F2CE14 /* HWILib.swift */ = {isa = PBXFileReference; fileEncoding = 4; lastKnownFileType = sourcecode.swift; path = HWILib.swift; sourceTree = "<group>"; };
		05EA7B791B43B8DF00F2CE14 /* InsetTextField.swift */ = {isa = PBXFileReference; fileEncoding = 4; lastKnownFileType = sourcecode.swift; path = InsetTextField.swift; sourceTree = "<group>"; };
		05EA7B7D1B43B8F900F2CE14 /* .gitignore */ = {isa = PBXFileReference; fileEncoding = 4; lastKnownFileType = text; path = .gitignore; sourceTree = "<group>"; };
		05EA7B7E1B43B8F900F2CE14 /* HTTPRequestSerializer.swift */ = {isa = PBXFileReference; fileEncoding = 4; lastKnownFileType = sourcecode.swift; path = HTTPRequestSerializer.swift; sourceTree = "<group>"; };
		05EA7B7F1B43B8F900F2CE14 /* HTTPResponseSerializer.swift */ = {isa = PBXFileReference; fileEncoding = 4; lastKnownFileType = sourcecode.swift; path = HTTPResponseSerializer.swift; sourceTree = "<group>"; };
		05EA7B801B43B8F900F2CE14 /* HTTPSecurity.swift */ = {isa = PBXFileReference; fileEncoding = 4; lastKnownFileType = sourcecode.swift; path = HTTPSecurity.swift; sourceTree = "<group>"; };
		05EA7B811B43B8F900F2CE14 /* HTTPTask.swift */ = {isa = PBXFileReference; fileEncoding = 4; lastKnownFileType = sourcecode.swift; path = HTTPTask.swift; sourceTree = "<group>"; };
		05EA7B821B43B8F900F2CE14 /* HTTPUpload.swift */ = {isa = PBXFileReference; fileEncoding = 4; lastKnownFileType = sourcecode.swift; path = HTTPUpload.swift; sourceTree = "<group>"; };
		05EA7B831B43B8F900F2CE14 /* Info.plist */ = {isa = PBXFileReference; fileEncoding = 4; lastKnownFileType = text.plist.xml; path = Info.plist; sourceTree = "<group>"; };
		05EA7B841B43B8F900F2CE14 /* LICENSE */ = {isa = PBXFileReference; fileEncoding = 4; lastKnownFileType = text; path = LICENSE; sourceTree = "<group>"; };
		05EA7B851B43B8F900F2CE14 /* README.md */ = {isa = PBXFileReference; fileEncoding = 4; lastKnownFileType = net.daringfireball.markdown; path = README.md; sourceTree = "<group>"; };
		05EA7B861B43B8F900F2CE14 /* SwiftHTTP.h */ = {isa = PBXFileReference; fileEncoding = 4; lastKnownFileType = sourcecode.c.h; path = SwiftHTTP.h; sourceTree = "<group>"; };
		05EA7B871B43B8F900F2CE14 /* SwiftHTTP.podspec */ = {isa = PBXFileReference; fileEncoding = 4; lastKnownFileType = text; path = SwiftHTTP.podspec; sourceTree = "<group>"; };
		05EA7B881B43B8F900F2CE14 /* SwiftHTTP.xcodeproj */ = {isa = PBXFileReference; lastKnownFileType = "wrapper.pb-project"; path = SwiftHTTP.xcodeproj; sourceTree = "<group>"; };
		05EA7BA11B43BE7D00F2CE14 /* BaseVC.swift */ = {isa = PBXFileReference; fileEncoding = 4; lastKnownFileType = sourcecode.swift; path = BaseVC.swift; sourceTree = "<group>"; };
		05EA7BA41B43BFC600F2CE14 /* MainVC.swift */ = {isa = PBXFileReference; fileEncoding = 4; lastKnownFileType = sourcecode.swift; path = MainVC.swift; sourceTree = "<group>"; };
		05F3CD521B44376000AF00B0 /* ItemCell.swift */ = {isa = PBXFileReference; fileEncoding = 4; lastKnownFileType = sourcecode.swift; path = ItemCell.swift; sourceTree = "<group>"; };
/* End PBXFileReference section */

/* Begin PBXFrameworksBuildPhase section */
		05C592201B42905E008BBC21 /* Frameworks */ = {
			isa = PBXFrameworksBuildPhase;
			buildActionMask = 2147483647;
			files = (
				05C592E01B42A064008BBC21 /* SQLite.framework in Frameworks */,
			);
			runOnlyForDeploymentPostprocessing = 0;
		};
		05C592351B42905E008BBC21 /* Frameworks */ = {
			isa = PBXFrameworksBuildPhase;
			buildActionMask = 2147483647;
			files = (
			);
			runOnlyForDeploymentPostprocessing = 0;
		};
/* End PBXFrameworksBuildPhase section */

/* Begin PBXGroup section */
		05C5921A1B42905D008BBC21 = {
			isa = PBXGroup;
			children = (
				05C592251B42905E008BBC21 /* KoreanToThaiDic */,
				05C5923B1B42905E008BBC21 /* KoreanToThaiDicTests */,
				05C592241B42905E008BBC21 /* Products */,
			);
			sourceTree = "<group>";
		};
		05C592241B42905E008BBC21 /* Products */ = {
			isa = PBXGroup;
			children = (
				05C592231B42905E008BBC21 /* KoreanToThaiDic.app */,
				05C592381B42905E008BBC21 /* KoreanToThaiDicTests.xctest */,
			);
			name = Products;
			sourceTree = "<group>";
		};
		05C592251B42905E008BBC21 /* KoreanToThaiDic */ = {
			isa = PBXGroup;
			children = (
				05EA7BA31B43BFAC00F2CE14 /* 00AppInit */,
				05C5924B1B4291EE008BBC21 /* Library */,
				05C592481B4290D8008BBC21 /* DBFile */,
				05C592C91B429439008BBC21 /* CustomLibrary */,
				05C592281B42905E008BBC21 /* AppDelegate.swift */,
				05C5922C1B42905E008BBC21 /* Main.storyboard */,
				05C5922F1B42905E008BBC21 /* Images.xcassets */,
				05C592311B42905E008BBC21 /* LaunchScreen.xib */,
				05C592261B42905E008BBC21 /* Supporting Files */,
			);
			path = KoreanToThaiDic;
			sourceTree = "<group>";
		};
		05C592261B42905E008BBC21 /* Supporting Files */ = {
			isa = PBXGroup;
			children = (
				05C592271B42905E008BBC21 /* Info.plist */,
			);
			name = "Supporting Files";
			sourceTree = "<group>";
		};
		05C5923B1B42905E008BBC21 /* KoreanToThaiDicTests */ = {
			isa = PBXGroup;
			children = (
				05C5923E1B42905E008BBC21 /* KoreanToThaiDicTests.swift */,
				05C5923C1B42905E008BBC21 /* Supporting Files */,
			);
			path = KoreanToThaiDicTests;
			sourceTree = "<group>";
		};
		05C5923C1B42905E008BBC21 /* Supporting Files */ = {
			isa = PBXGroup;
			children = (
				05C5923D1B42905E008BBC21 /* Info.plist */,
			);
			name = "Supporting Files";
			sourceTree = "<group>";
		};
		05C592481B4290D8008BBC21 /* DBFile */ = {
			isa = PBXGroup;
			children = (
				05C592491B4290D8008BBC21 /* KorThaiDictionary.sqlite */,
			);
			path = DBFile;
			sourceTree = "<group>";
		};
		05C5924B1B4291EE008BBC21 /* Library */ = {
			isa = PBXGroup;
			children = (
				05C592CD1B42A01F008BBC21 /* SQLite.swift-master */,
				05EA7B7C1B43B8F900F2CE14 /* SwiftHTTP-master */,
				05EA7B781B43B8DF00F2CE14 /* HWILib.swift */,
				05EA7B791B43B8DF00F2CE14 /* InsetTextField.swift */,
			);
			path = Library;
			sourceTree = "<group>";
		};
		05C592C91B429439008BBC21 /* CustomLibrary */ = {
			isa = PBXGroup;
			children = (
				05C592CA1B42944C008BBC21 /* DBManager.swift */,
				05EA7B721B43B86700F2CE14 /* ConstValue.swift */,
				05EA7BA11B43BE7D00F2CE14 /* BaseVC.swift */,
				05F3CD521B44376000AF00B0 /* ItemCell.swift */,
				05A2612E1B44446F0055D803 /* CustomTableView.swift */,
				05DEA95A1B4535B5008E1459 /* CustomNaviC.swift */,
				05B775A21B4583EF004CFC45 /* BaseScrollView.swift */,
			);
			path = CustomLibrary;
			sourceTree = "<group>";
		};
		05C592CD1B42A01F008BBC21 /* SQLite.swift-master */ = {
			isa = PBXGroup;
			children = (
				05C592CE1B42A02D008BBC21 /* SQLite.xcodeproj */,
			);
			name = "SQLite.swift-master";
			sourceTree = "<group>";
		};
		05C592CF1B42A02D008BBC21 /* Products */ = {
			isa = PBXGroup;
			children = (
				05C592D71B42A02E008BBC21 /* SQLite.framework */,
				05C592D91B42A02E008BBC21 /* SQLite Tests.xctest */,
				05C592DB1B42A02E008BBC21 /* SQLite.framework */,
				05C592DD1B42A02E008BBC21 /* SQLiteCipher Tests.xctest */,
			);
			name = Products;
			sourceTree = "<group>";
		};
		05EA7B7C1B43B8F900F2CE14 /* SwiftHTTP-master */ = {
			isa = PBXGroup;
			children = (
				05EA7B7D1B43B8F900F2CE14 /* .gitignore */,
				05EA7B7E1B43B8F900F2CE14 /* HTTPRequestSerializer.swift */,
				05EA7B7F1B43B8F900F2CE14 /* HTTPResponseSerializer.swift */,
				05EA7B801B43B8F900F2CE14 /* HTTPSecurity.swift */,
				05EA7B811B43B8F900F2CE14 /* HTTPTask.swift */,
				05EA7B821B43B8F900F2CE14 /* HTTPUpload.swift */,
				05EA7B831B43B8F900F2CE14 /* Info.plist */,
				05EA7B841B43B8F900F2CE14 /* LICENSE */,
				05EA7B851B43B8F900F2CE14 /* README.md */,
				05EA7B861B43B8F900F2CE14 /* SwiftHTTP.h */,
				05EA7B871B43B8F900F2CE14 /* SwiftHTTP.podspec */,
				05EA7B881B43B8F900F2CE14 /* SwiftHTTP.xcodeproj */,
			);
			path = "SwiftHTTP-master";
			sourceTree = "<group>";
		};
		05EA7B891B43B8F900F2CE14 /* Products */ = {
			isa = PBXGroup;
			children = (
				05EA7B9A1B43B8F900F2CE14 /* SwiftHTTP.framework */,
				05EA7B9C1B43B8F900F2CE14 /* SwiftHTTPTests.xctest */,
				05EA7B9E1B43B8F900F2CE14 /* SwiftHTTP.framework */,
				05EA7BA01B43B8F900F2CE14 /* SwiftHTTPOSXTests.xctest */,
			);
			name = Products;
			sourceTree = "<group>";
		};
		05EA7BA31B43BFAC00F2CE14 /* 00AppInit */ = {
			isa = PBXGroup;
			children = (
				05EA7BA41B43BFC600F2CE14 /* MainVC.swift */,
				05B775A01B4583DB004CFC45 /* DetailScrollView.swift */,
			);
			path = 00AppInit;
			sourceTree = "<group>";
		};
/* End PBXGroup section */

/* Begin PBXNativeTarget section */
		05C592221B42905E008BBC21 /* KoreanToThaiDic */ = {
			isa = PBXNativeTarget;
			buildConfigurationList = 05C592421B42905E008BBC21 /* Build configuration list for PBXNativeTarget "KoreanToThaiDic" */;
			buildPhases = (
				05C5921F1B42905E008BBC21 /* Sources */,
				05C592201B42905E008BBC21 /* Frameworks */,
				05C592211B42905E008BBC21 /* Resources */,
				05C592E11B42A096008BBC21 /* CopyFiles */,
			);
			buildRules = (
			);
			dependencies = (
				05C592DF1B42A051008BBC21 /* PBXTargetDependency */,
			);
			name = KoreanToThaiDic;
			productName = KoreanToThaiDic;
			productReference = 05C592231B42905E008BBC21 /* KoreanToThaiDic.app */;
			productType = "com.apple.product-type.application";
		};
		05C592371B42905E008BBC21 /* KoreanToThaiDicTests */ = {
			isa = PBXNativeTarget;
			buildConfigurationList = 05C592451B42905E008BBC21 /* Build configuration list for PBXNativeTarget "KoreanToThaiDicTests" */;
			buildPhases = (
				05C592341B42905E008BBC21 /* Sources */,
				05C592351B42905E008BBC21 /* Frameworks */,
				05C592361B42905E008BBC21 /* Resources */,
			);
			buildRules = (
			);
			dependencies = (
				05C5923A1B42905E008BBC21 /* PBXTargetDependency */,
			);
			name = KoreanToThaiDicTests;
			productName = KoreanToThaiDicTests;
			productReference = 05C592381B42905E008BBC21 /* KoreanToThaiDicTests.xctest */;
			productType = "com.apple.product-type.bundle.unit-test";
		};
/* End PBXNativeTarget section */

/* Begin PBXProject section */
		05C5921B1B42905D008BBC21 /* Project object */ = {
			isa = PBXProject;
			attributes = {
				LastUpgradeCheck = 0630;
				ORGANIZATIONNAME = smallhouse;
				TargetAttributes = {
					05C592221B42905E008BBC21 = {
						CreatedOnToolsVersion = 6.3.2;
					};
					05C592371B42905E008BBC21 = {
						CreatedOnToolsVersion = 6.3.2;
						TestTargetID = 05C592221B42905E008BBC21;
					};
				};
			};
			buildConfigurationList = 05C5921E1B42905D008BBC21 /* Build configuration list for PBXProject "KoreanToThaiDic" */;
			compatibilityVersion = "Xcode 3.2";
			developmentRegion = English;
			hasScannedForEncodings = 0;
			knownRegions = (
				en,
				Base,
			);
			mainGroup = 05C5921A1B42905D008BBC21;
			productRefGroup = 05C592241B42905E008BBC21 /* Products */;
			projectDirPath = "";
			projectReferences = (
				{
					ProductGroup = 05C592CF1B42A02D008BBC21 /* Products */;
					ProjectRef = 05C592CE1B42A02D008BBC21 /* SQLite.xcodeproj */;
				},
				{
					ProductGroup = 05EA7B891B43B8F900F2CE14 /* Products */;
					ProjectRef = 05EA7B881B43B8F900F2CE14 /* SwiftHTTP.xcodeproj */;
				},
			);
			projectRoot = "";
			targets = (
				05C592221B42905E008BBC21 /* KoreanToThaiDic */,
				05C592371B42905E008BBC21 /* KoreanToThaiDicTests */,
			);
		};
/* End PBXProject section */

/* Begin PBXReferenceProxy section */
		05C592D71B42A02E008BBC21 /* SQLite.framework */ = {
			isa = PBXReferenceProxy;
			fileType = wrapper.framework;
			path = SQLite.framework;
			remoteRef = 05C592D61B42A02E008BBC21 /* PBXContainerItemProxy */;
			sourceTree = BUILT_PRODUCTS_DIR;
		};
		05C592D91B42A02E008BBC21 /* SQLite Tests.xctest */ = {
			isa = PBXReferenceProxy;
			fileType = wrapper.cfbundle;
			path = "SQLite Tests.xctest";
			remoteRef = 05C592D81B42A02E008BBC21 /* PBXContainerItemProxy */;
			sourceTree = BUILT_PRODUCTS_DIR;
		};
		05C592DB1B42A02E008BBC21 /* SQLite.framework */ = {
			isa = PBXReferenceProxy;
			fileType = wrapper.framework;
			path = SQLite.framework;
			remoteRef = 05C592DA1B42A02E008BBC21 /* PBXContainerItemProxy */;
			sourceTree = BUILT_PRODUCTS_DIR;
		};
		05C592DD1B42A02E008BBC21 /* SQLiteCipher Tests.xctest */ = {
			isa = PBXReferenceProxy;
			fileType = wrapper.cfbundle;
			path = "SQLiteCipher Tests.xctest";
			remoteRef = 05C592DC1B42A02E008BBC21 /* PBXContainerItemProxy */;
			sourceTree = BUILT_PRODUCTS_DIR;
		};
		05EA7B9A1B43B8F900F2CE14 /* SwiftHTTP.framework */ = {
			isa = PBXReferenceProxy;
			fileType = wrapper.framework;
			path = SwiftHTTP.framework;
			remoteRef = 05EA7B991B43B8F900F2CE14 /* PBXContainerItemProxy */;
			sourceTree = BUILT_PRODUCTS_DIR;
		};
		05EA7B9C1B43B8F900F2CE14 /* SwiftHTTPTests.xctest */ = {
			isa = PBXReferenceProxy;
			fileType = wrapper.cfbundle;
			path = SwiftHTTPTests.xctest;
			remoteRef = 05EA7B9B1B43B8F900F2CE14 /* PBXContainerItemProxy */;
			sourceTree = BUILT_PRODUCTS_DIR;
		};
		05EA7B9E1B43B8F900F2CE14 /* SwiftHTTP.framework */ = {
			isa = PBXReferenceProxy;
			fileType = wrapper.framework;
			path = SwiftHTTP.framework;
			remoteRef = 05EA7B9D1B43B8F900F2CE14 /* PBXContainerItemProxy */;
			sourceTree = BUILT_PRODUCTS_DIR;
		};
		05EA7BA01B43B8F900F2CE14 /* SwiftHTTPOSXTests.xctest */ = {
			isa = PBXReferenceProxy;
			fileType = wrapper.cfbundle;
			path = SwiftHTTPOSXTests.xctest;
			remoteRef = 05EA7B9F1B43B8F900F2CE14 /* PBXContainerItemProxy */;
			sourceTree = BUILT_PRODUCTS_DIR;
		};
/* End PBXReferenceProxy section */

/* Begin PBXResourcesBuildPhase section */
		05C592211B42905E008BBC21 /* Resources */ = {
			isa = PBXResourcesBuildPhase;
			buildActionMask = 2147483647;
			files = (
				05EA7B8B1B43B8F900F2CE14 /* .gitignore in Resources */,
				05C5924A1B4290D8008BBC21 /* KorThaiDictionary.sqlite in Resources */,
				05EA7B941B43B8F900F2CE14 /* SwiftHTTP.podspec in Resources */,
				05EA7B911B43B8F900F2CE14 /* Info.plist in Resources */,
				05EA7B921B43B8F900F2CE14 /* LICENSE in Resources */,
				05C5922E1B42905E008BBC21 /* Main.storyboard in Resources */,
				05C592331B42905E008BBC21 /* LaunchScreen.xib in Resources */,
				05C592301B42905E008BBC21 /* Images.xcassets in Resources */,
			);
			runOnlyForDeploymentPostprocessing = 0;
		};
		05C592361B42905E008BBC21 /* Resources */ = {
			isa = PBXResourcesBuildPhase;
			buildActionMask = 2147483647;
			files = (
			);
			runOnlyForDeploymentPostprocessing = 0;
		};
/* End PBXResourcesBuildPhase section */

/* Begin PBXSourcesBuildPhase section */
		05C5921F1B42905E008BBC21 /* Sources */ = {
			isa = PBXSourcesBuildPhase;
			buildActionMask = 2147483647;
			files = (
				05EA7B8D1B43B8F900F2CE14 /* HTTPResponseSerializer.swift in Sources */,
				05C592CB1B42944C008BBC21 /* DBManager.swift in Sources */,
				05EA7B7A1B43B8DF00F2CE14 /* HWILib.swift in Sources */,
				05EA7B8E1B43B8F900F2CE14 /* HTTPSecurity.swift in Sources */,
				05F3CD531B44376000AF00B0 /* ItemCell.swift in Sources */,
				05A2612F1B44446F0055D803 /* CustomTableView.swift in Sources */,
				05C592291B42905E008BBC21 /* AppDelegate.swift in Sources */,
				05EA7B931B43B8F900F2CE14 /* README.md in Sources */,
				05EA7B8F1B43B8F900F2CE14 /* HTTPTask.swift in Sources */,
				05EA7BA21B43BE7D00F2CE14 /* BaseVC.swift in Sources */,
				05EA7B8C1B43B8F900F2CE14 /* HTTPRequestSerializer.swift in Sources */,
				05EA7B731B43B86700F2CE14 /* ConstValue.swift in Sources */,
				05EA7B901B43B8F900F2CE14 /* HTTPUpload.swift in Sources */,
				05B775A11B4583DB004CFC45 /* DetailScrollView.swift in Sources */,
				05EA7B7B1B43B8DF00F2CE14 /* InsetTextField.swift in Sources */,
				05EA7BA51B43BFC600F2CE14 /* MainVC.swift in Sources */,
				05B775A31B4583EF004CFC45 /* BaseScrollView.swift in Sources */,
				05DEA95B1B4535B5008E1459 /* CustomNaviC.swift in Sources */,
			);
			runOnlyForDeploymentPostprocessing = 0;
		};
		05C592341B42905E008BBC21 /* Sources */ = {
			isa = PBXSourcesBuildPhase;
			buildActionMask = 2147483647;
			files = (
				05C5923F1B42905E008BBC21 /* KoreanToThaiDicTests.swift in Sources */,
			);
			runOnlyForDeploymentPostprocessing = 0;
		};
/* End PBXSourcesBuildPhase section */

/* Begin PBXTargetDependency section */
		05C5923A1B42905E008BBC21 /* PBXTargetDependency */ = {
			isa = PBXTargetDependency;
			target = 05C592221B42905E008BBC21 /* KoreanToThaiDic */;
			targetProxy = 05C592391B42905E008BBC21 /* PBXContainerItemProxy */;
		};
		05C592DF1B42A051008BBC21 /* PBXTargetDependency */ = {
			isa = PBXTargetDependency;
			name = SQLite;
			targetProxy = 05C592DE1B42A051008BBC21 /* PBXContainerItemProxy */;
		};
/* End PBXTargetDependency section */

/* Begin PBXVariantGroup section */
		05C5922C1B42905E008BBC21 /* Main.storyboard */ = {
			isa = PBXVariantGroup;
			children = (
				05C5922D1B42905E008BBC21 /* Base */,
			);
			name = Main.storyboard;
			sourceTree = "<group>";
		};
		05C592311B42905E008BBC21 /* LaunchScreen.xib */ = {
			isa = PBXVariantGroup;
			children = (
				05C592321B42905E008BBC21 /* Base */,
			);
			name = LaunchScreen.xib;
			sourceTree = "<group>";
		};
/* End PBXVariantGroup section */

/* Begin XCBuildConfiguration section */
		05C592401B42905E008BBC21 /* Debug */ = {
			isa = XCBuildConfiguration;
			buildSettings = {
				ALWAYS_SEARCH_USER_PATHS = NO;
				CLANG_CXX_LANGUAGE_STANDARD = "gnu++0x";
				CLANG_CXX_LIBRARY = "libc++";
				CLANG_ENABLE_MODULES = YES;
				CLANG_ENABLE_OBJC_ARC = YES;
				CLANG_WARN_BOOL_CONVERSION = YES;
				CLANG_WARN_CONSTANT_CONVERSION = YES;
				CLANG_WARN_DIRECT_OBJC_ISA_USAGE = YES_ERROR;
				CLANG_WARN_EMPTY_BODY = YES;
				CLANG_WARN_ENUM_CONVERSION = YES;
				CLANG_WARN_INT_CONVERSION = YES;
				CLANG_WARN_OBJC_ROOT_CLASS = YES_ERROR;
				CLANG_WARN_UNREACHABLE_CODE = YES;
				CLANG_WARN__DUPLICATE_METHOD_MATCH = YES;
				"CODE_SIGN_IDENTITY[sdk=iphoneos*]" = "iPhone Developer";
				COPY_PHASE_STRIP = NO;
				DEBUG_INFORMATION_FORMAT = "dwarf-with-dsym";
				ENABLE_STRICT_OBJC_MSGSEND = YES;
				GCC_C_LANGUAGE_STANDARD = gnu99;
				GCC_DYNAMIC_NO_PIC = NO;
				GCC_NO_COMMON_BLOCKS = YES;
				GCC_OPTIMIZATION_LEVEL = 0;
				GCC_PREPROCESSOR_DEFINITIONS = (
					"DEBUG=1",
					"$(inherited)",
				);
				GCC_SYMBOLS_PRIVATE_EXTERN = NO;
				GCC_WARN_64_TO_32_BIT_CONVERSION = YES;
				GCC_WARN_ABOUT_RETURN_TYPE = YES_ERROR;
				GCC_WARN_UNDECLARED_SELECTOR = YES;
				GCC_WARN_UNINITIALIZED_AUTOS = YES_AGGRESSIVE;
				GCC_WARN_UNUSED_FUNCTION = YES;
				GCC_WARN_UNUSED_VARIABLE = YES;
				IPHONEOS_DEPLOYMENT_TARGET = 8.3;
				MTL_ENABLE_DEBUG_INFO = YES;
				ONLY_ACTIVE_ARCH = YES;
				SDKROOT = iphoneos;
				SWIFT_OPTIMIZATION_LEVEL = "-Onone";
				TARGETED_DEVICE_FAMILY = "1,2";
			};
			name = Debug;
		};
		05C592411B42905E008BBC21 /* Release */ = {
			isa = XCBuildConfiguration;
			buildSettings = {
				ALWAYS_SEARCH_USER_PATHS = NO;
				CLANG_CXX_LANGUAGE_STANDARD = "gnu++0x";
				CLANG_CXX_LIBRARY = "libc++";
				CLANG_ENABLE_MODULES = YES;
				CLANG_ENABLE_OBJC_ARC = YES;
				CLANG_WARN_BOOL_CONVERSION = YES;
				CLANG_WARN_CONSTANT_CONVERSION = YES;
				CLANG_WARN_DIRECT_OBJC_ISA_USAGE = YES_ERROR;
				CLANG_WARN_EMPTY_BODY = YES;
				CLANG_WARN_ENUM_CONVERSION = YES;
				CLANG_WARN_INT_CONVERSION = YES;
				CLANG_WARN_OBJC_ROOT_CLASS = YES_ERROR;
				CLANG_WARN_UNREACHABLE_CODE = YES;
				CLANG_WARN__DUPLICATE_METHOD_MATCH = YES;
				"CODE_SIGN_IDENTITY[sdk=iphoneos*]" = "iPhone Developer";
				COPY_PHASE_STRIP = NO;
				DEBUG_INFORMATION_FORMAT = "dwarf-with-dsym";
				ENABLE_NS_ASSERTIONS = NO;
				ENABLE_STRICT_OBJC_MSGSEND = YES;
				GCC_C_LANGUAGE_STANDARD = gnu99;
				GCC_NO_COMMON_BLOCKS = YES;
				GCC_WARN_64_TO_32_BIT_CONVERSION = YES;
				GCC_WARN_ABOUT_RETURN_TYPE = YES_ERROR;
				GCC_WARN_UNDECLARED_SELECTOR = YES;
				GCC_WARN_UNINITIALIZED_AUTOS = YES_AGGRESSIVE;
				GCC_WARN_UNUSED_FUNCTION = YES;
				GCC_WARN_UNUSED_VARIABLE = YES;
				IPHONEOS_DEPLOYMENT_TARGET = 8.3;
				MTL_ENABLE_DEBUG_INFO = NO;
				SDKROOT = iphoneos;
				TARGETED_DEVICE_FAMILY = "1,2";
				VALIDATE_PRODUCT = YES;
			};
			name = Release;
		};
		05C592431B42905E008BBC21 /* Debug */ = {
			isa = XCBuildConfiguration;
			buildSettings = {
				ASSETCATALOG_COMPILER_APPICON_NAME = AppIcon;
				INFOPLIST_FILE = KoreanToThaiDic/Info.plist;
				LD_RUNPATH_SEARCH_PATHS = "$(inherited) @executable_path/Frameworks";
				PRODUCT_NAME = "$(TARGET_NAME)";
			};
			name = Debug;
		};
		05C592441B42905E008BBC21 /* Release */ = {
			isa = XCBuildConfiguration;
			buildSettings = {
				ASSETCATALOG_COMPILER_APPICON_NAME = AppIcon;
				INFOPLIST_FILE = KoreanToThaiDic/Info.plist;
				LD_RUNPATH_SEARCH_PATHS = "$(inherited) @executable_path/Frameworks";
				PRODUCT_NAME = "$(TARGET_NAME)";
			};
			name = Release;
		};
		05C592461B42905E008BBC21 /* Debug */ = {
			isa = XCBuildConfiguration;
			buildSettings = {
				BUNDLE_LOADER = "$(TEST_HOST)";
				FRAMEWORK_SEARCH_PATHS = (
					"$(SDKROOT)/Developer/Library/Frameworks",
					"$(inherited)",
				);
				GCC_PREPROCESSOR_DEFINITIONS = (
					"DEBUG=1",
					"$(inherited)",
				);
				INFOPLIST_FILE = KoreanToThaiDicTests/Info.plist;
				LD_RUNPATH_SEARCH_PATHS = "$(inherited) @executable_path/Frameworks @loader_path/Frameworks";
				PRODUCT_NAME = "$(TARGET_NAME)";
				TEST_HOST = "$(BUILT_PRODUCTS_DIR)/KoreanToThaiDic.app/KoreanToThaiDic";
			};
			name = Debug;
		};
		05C592471B42905E008BBC21 /* Release */ = {
			isa = XCBuildConfiguration;
			buildSettings = {
				BUNDLE_LOADER = "$(TEST_HOST)";
				FRAMEWORK_SEARCH_PATHS = (
					"$(SDKROOT)/Developer/Library/Frameworks",
					"$(inherited)",
				);
				INFOPLIST_FILE = KoreanToThaiDicTests/Info.plist;
				LD_RUNPATH_SEARCH_PATHS = "$(inherited) @executable_path/Frameworks @loader_path/Frameworks";
				PRODUCT_NAME = "$(TARGET_NAME)";
				TEST_HOST = "$(BUILT_PRODUCTS_DIR)/KoreanToThaiDic.app/KoreanToThaiDic";
			};
			name = Release;
		};
/* End XCBuildConfiguration section */

/* Begin XCConfigurationList section */
		05C5921E1B42905D008BBC21 /* Build configuration list for PBXProject "KoreanToThaiDic" */ = {
			isa = XCConfigurationList;
			buildConfigurations = (
				05C592401B42905E008BBC21 /* Debug */,
				05C592411B42905E008BBC21 /* Release */,
			);
			defaultConfigurationIsVisible = 0;
			defaultConfigurationName = Release;
		};
		05C592421B42905E008BBC21 /* Build configuration list for PBXNativeTarget "KoreanToThaiDic" */ = {
			isa = XCConfigurationList;
			buildConfigurations = (
				05C592431B42905E008BBC21 /* Debug */,
				05C592441B42905E008BBC21 /* Release */,
			);
			defaultConfigurationIsVisible = 0;
			defaultConfigurationName = Release;
		};
		05C592451B42905E008BBC21 /* Build configuration list for PBXNativeTarget "KoreanToThaiDicTests" */ = {
			isa = XCConfigurationList;
			buildConfigurations = (
				05C592461B42905E008BBC21 /* Debug */,
				05C592471B42905E008BBC21 /* Release */,
			);
			defaultConfigurationIsVisible = 0;
			defaultConfigurationName = Release;
		};
/* End XCConfigurationList section */
	};
	rootObject = 05C5921B1B42905D008BBC21 /* Project object */;
}
