// !$*UTF8*$!
{
	archiveVersion = 1;
	classes = {
	};
	objectVersion = 46;
	objects = {

/* Begin PBXBuildFile section */
		052FFBB31B6BC6A50076A0D2 /* HTTPResponseSerializer.swift in Sources */ = {isa = PBXBuildFile; fileRef = 05EA7B7F1B43B8F900F2CE14 /* HTTPResponseSerializer.swift */; };
		052FFBB41B6BC6A50076A0D2 /* ETCSupplementListVC.swift in Sources */ = {isa = PBXBuildFile; fileRef = 0558FCD51B5BABC90017B532 /* ETCSupplementListVC.swift */; };
		052FFBB51B6BC6A50076A0D2 /* DBManager.swift in Sources */ = {isa = PBXBuildFile; fileRef = 05C592CA1B42944C008BBC21 /* DBManager.swift */; };
		052FFBB61B6BC6A50076A0D2 /* HWILib.swift in Sources */ = {isa = PBXBuildFile; fileRef = 05EA7B781B43B8DF00F2CE14 /* HWILib.swift */; };
		052FFBB71B6BC6A50076A0D2 /* SupplementDetailVC.swift in Sources */ = {isa = PBXBuildFile; fileRef = 0558FD621B5BB2740017B532 /* SupplementDetailVC.swift */; };
		052FFBB81B6BC6A50076A0D2 /* HTTPSecurity.swift in Sources */ = {isa = PBXBuildFile; fileRef = 05EA7B801B43B8F900F2CE14 /* HTTPSecurity.swift */; };
		052FFBB91B6BC6A50076A0D2 /* ItemCell.swift in Sources */ = {isa = PBXBuildFile; fileRef = 05BFBB881B4746D5001DA053 /* ItemCell.swift */; };
		052FFBBA1B6BC6A50076A0D2 /* CustomTableView.swift in Sources */ = {isa = PBXBuildFile; fileRef = 05A2612E1B44446F0055D803 /* CustomTableView.swift */; };
		052FFBBB1B6BC6A50076A0D2 /* AppDelegate.swift in Sources */ = {isa = PBXBuildFile; fileRef = 05C592281B42905E008BBC21 /* AppDelegate.swift */; };
		052FFBBC1B6BC6A50076A0D2 /* README.md in Sources */ = {isa = PBXBuildFile; fileRef = 05EA7B851B43B8F900F2CE14 /* README.md */; };
		052FFBBD1B6BC6A50076A0D2 /* HTTPTask.swift in Sources */ = {isa = PBXBuildFile; fileRef = 05EA7B811B43B8F900F2CE14 /* HTTPTask.swift */; };
		052FFBBE1B6BC6A50076A0D2 /* BaseVC.swift in Sources */ = {isa = PBXBuildFile; fileRef = 05EA7BA11B43BE7D00F2CE14 /* BaseVC.swift */; };
		052FFBBF1B6BC6A50076A0D2 /* SupplementCell.swift in Sources */ = {isa = PBXBuildFile; fileRef = 0558FCD71B5BAEC40017B532 /* SupplementCell.swift */; };
		052FFBC01B6BC6A50076A0D2 /* HTTPRequestSerializer.swift in Sources */ = {isa = PBXBuildFile; fileRef = 05EA7B7E1B43B8F900F2CE14 /* HTTPRequestSerializer.swift */; };
		052FFBC11B6BC6A50076A0D2 /* ConstValue.swift in Sources */ = {isa = PBXBuildFile; fileRef = 05EA7B721B43B86700F2CE14 /* ConstValue.swift */; };
		052FFBC21B6BC6A50076A0D2 /* ETCVC.swift in Sources */ = {isa = PBXBuildFile; fileRef = 05BFBB841B4740C5001DA053 /* ETCVC.swift */; };
		052FFBC31B6BC6A50076A0D2 /* HTTPUpload.swift in Sources */ = {isa = PBXBuildFile; fileRef = 05EA7B821B43B8F900F2CE14 /* HTTPUpload.swift */; };
		052FFBC41B6BC6A50076A0D2 /* DetailScrollView.swift in Sources */ = {isa = PBXBuildFile; fileRef = 05B775A01B4583DB004CFC45 /* DetailScrollView.swift */; };
		052FFBC51B6BC6A50076A0D2 /* InsetTextField.swift in Sources */ = {isa = PBXBuildFile; fileRef = 05EA7B791B43B8DF00F2CE14 /* InsetTextField.swift */; };
		052FFBC61B6BC6A50076A0D2 /* ETCCell.swift in Sources */ = {isa = PBXBuildFile; fileRef = 05BFBB861B4746BB001DA053 /* ETCCell.swift */; };
		052FFBC71B6BC6A50076A0D2 /* AppIconBtnView.swift in Sources */ = {isa = PBXBuildFile; fileRef = 05BFBB8A1B474ED5001DA053 /* AppIconBtnView.swift */; };
		052FFBC81B6BC6A50076A0D2 /* MainVC.swift in Sources */ = {isa = PBXBuildFile; fileRef = 05EA7BA41B43BFC600F2CE14 /* MainVC.swift */; };
		052FFBC91B6BC6A50076A0D2 /* BaseScrollView.swift in Sources */ = {isa = PBXBuildFile; fileRef = 05B775A21B4583EF004CFC45 /* BaseScrollView.swift */; };
		052FFBCA1B6BC6A50076A0D2 /* CustomNaviC.swift in Sources */ = {isa = PBXBuildFile; fileRef = 05DEA95A1B4535B5008E1459 /* CustomNaviC.swift */; };
		052FFBCE1B6BC6A50076A0D2 /* KorThaiDictionary_SEARCH_K.sqlite in Resources */ = {isa = PBXBuildFile; fileRef = 05300B231B5042B200282820 /* KorThaiDictionary_SEARCH_K.sqlite */; };
		052FFBCF1B6BC6A50076A0D2 /* ThaiKorDictionary_SEARCH_P.sqlite in Resources */ = {isa = PBXBuildFile; fileRef = 05300B241B5042B200282820 /* ThaiKorDictionary_SEARCH_P.sqlite */; };
		052FFBD01B6BC6A50076A0D2 /* .gitignore in Resources */ = {isa = PBXBuildFile; fileRef = 05EA7B7D1B43B8F900F2CE14 /* .gitignore */; };
		052FFBD11B6BC6A50076A0D2 /* SwiftHTTP.podspec in Resources */ = {isa = PBXBuildFile; fileRef = 05EA7B871B43B8F900F2CE14 /* SwiftHTTP.podspec */; };
		052FFBD21B6BC6A50076A0D2 /* Info.plist in Resources */ = {isa = PBXBuildFile; fileRef = 05EA7B831B43B8F900F2CE14 /* Info.plist */; };
		052FFBD31B6BC6A50076A0D2 /* LauchScreen.xib in Resources */ = {isa = PBXBuildFile; fileRef = 05300B2F1B5053A900282820 /* LauchScreen.xib */; };
		052FFBD41B6BC6A50076A0D2 /* LICENSE in Resources */ = {isa = PBXBuildFile; fileRef = 05EA7B841B43B8F900F2CE14 /* LICENSE */; };
		052FFBD51B6BC6A50076A0D2 /* Main.storyboard in Resources */ = {isa = PBXBuildFile; fileRef = 05C5922C1B42905E008BBC21 /* Main.storyboard */; };
		052FFBD61B6BC6A50076A0D2 /* Images.xcassets in Resources */ = {isa = PBXBuildFile; fileRef = 05C5922F1B42905E008BBC21 /* Images.xcassets */; };
		052FFBD71B6BC6A50076A0D2 /* ThaiKorDictionary_SEARCH_T.sqlite in Resources */ = {isa = PBXBuildFile; fileRef = 05300B251B5042B200282820 /* ThaiKorDictionary_SEARCH_T.sqlite */; };
		052FFBD81B6BC6A50076A0D2 /* thaidic-publish in Resources */ = {isa = PBXBuildFile; fileRef = 0558FE0F1B5BBEDA0017B532 /* thaidic-publish */; };
		052FFBE41B6BC7320076A0D2 /* HTTPResponseSerializer.swift in Sources */ = {isa = PBXBuildFile; fileRef = 05EA7B7F1B43B8F900F2CE14 /* HTTPResponseSerializer.swift */; };
		052FFBE51B6BC7320076A0D2 /* ETCSupplementListVC.swift in Sources */ = {isa = PBXBuildFile; fileRef = 0558FCD51B5BABC90017B532 /* ETCSupplementListVC.swift */; };
		052FFBE61B6BC7320076A0D2 /* DBManager.swift in Sources */ = {isa = PBXBuildFile; fileRef = 05C592CA1B42944C008BBC21 /* DBManager.swift */; };
		052FFBE71B6BC7320076A0D2 /* HWILib.swift in Sources */ = {isa = PBXBuildFile; fileRef = 05EA7B781B43B8DF00F2CE14 /* HWILib.swift */; };
		052FFBE81B6BC7320076A0D2 /* SupplementDetailVC.swift in Sources */ = {isa = PBXBuildFile; fileRef = 0558FD621B5BB2740017B532 /* SupplementDetailVC.swift */; };
		052FFBE91B6BC7320076A0D2 /* HTTPSecurity.swift in Sources */ = {isa = PBXBuildFile; fileRef = 05EA7B801B43B8F900F2CE14 /* HTTPSecurity.swift */; };
		052FFBEA1B6BC7320076A0D2 /* ItemCell.swift in Sources */ = {isa = PBXBuildFile; fileRef = 05BFBB881B4746D5001DA053 /* ItemCell.swift */; };
		052FFBEB1B6BC7320076A0D2 /* CustomTableView.swift in Sources */ = {isa = PBXBuildFile; fileRef = 05A2612E1B44446F0055D803 /* CustomTableView.swift */; };
		052FFBEC1B6BC7320076A0D2 /* AppDelegate.swift in Sources */ = {isa = PBXBuildFile; fileRef = 05C592281B42905E008BBC21 /* AppDelegate.swift */; };
		052FFBED1B6BC7320076A0D2 /* README.md in Sources */ = {isa = PBXBuildFile; fileRef = 05EA7B851B43B8F900F2CE14 /* README.md */; };
		052FFBEE1B6BC7320076A0D2 /* HTTPTask.swift in Sources */ = {isa = PBXBuildFile; fileRef = 05EA7B811B43B8F900F2CE14 /* HTTPTask.swift */; };
		052FFBEF1B6BC7320076A0D2 /* BaseVC.swift in Sources */ = {isa = PBXBuildFile; fileRef = 05EA7BA11B43BE7D00F2CE14 /* BaseVC.swift */; };
		052FFBF01B6BC7320076A0D2 /* SupplementCell.swift in Sources */ = {isa = PBXBuildFile; fileRef = 0558FCD71B5BAEC40017B532 /* SupplementCell.swift */; };
		052FFBF11B6BC7320076A0D2 /* HTTPRequestSerializer.swift in Sources */ = {isa = PBXBuildFile; fileRef = 05EA7B7E1B43B8F900F2CE14 /* HTTPRequestSerializer.swift */; };
		052FFBF21B6BC7320076A0D2 /* ConstValue.swift in Sources */ = {isa = PBXBuildFile; fileRef = 05EA7B721B43B86700F2CE14 /* ConstValue.swift */; };
		052FFBF31B6BC7320076A0D2 /* ETCVC.swift in Sources */ = {isa = PBXBuildFile; fileRef = 05BFBB841B4740C5001DA053 /* ETCVC.swift */; };
		052FFBF41B6BC7320076A0D2 /* HTTPUpload.swift in Sources */ = {isa = PBXBuildFile; fileRef = 05EA7B821B43B8F900F2CE14 /* HTTPUpload.swift */; };
		052FFBF51B6BC7320076A0D2 /* DetailScrollView.swift in Sources */ = {isa = PBXBuildFile; fileRef = 05B775A01B4583DB004CFC45 /* DetailScrollView.swift */; };
		052FFBF61B6BC7320076A0D2 /* InsetTextField.swift in Sources */ = {isa = PBXBuildFile; fileRef = 05EA7B791B43B8DF00F2CE14 /* InsetTextField.swift */; };
		052FFBF71B6BC7320076A0D2 /* ETCCell.swift in Sources */ = {isa = PBXBuildFile; fileRef = 05BFBB861B4746BB001DA053 /* ETCCell.swift */; };
		052FFBF81B6BC7320076A0D2 /* AppIconBtnView.swift in Sources */ = {isa = PBXBuildFile; fileRef = 05BFBB8A1B474ED5001DA053 /* AppIconBtnView.swift */; };
		052FFBF91B6BC7320076A0D2 /* MainVC.swift in Sources */ = {isa = PBXBuildFile; fileRef = 05EA7BA41B43BFC600F2CE14 /* MainVC.swift */; };
		052FFBFA1B6BC7320076A0D2 /* BaseScrollView.swift in Sources */ = {isa = PBXBuildFile; fileRef = 05B775A21B4583EF004CFC45 /* BaseScrollView.swift */; };
		052FFBFB1B6BC7320076A0D2 /* CustomNaviC.swift in Sources */ = {isa = PBXBuildFile; fileRef = 05DEA95A1B4535B5008E1459 /* CustomNaviC.swift */; };
		052FFBFF1B6BC7320076A0D2 /* KorThaiDictionary_SEARCH_K.sqlite in Resources */ = {isa = PBXBuildFile; fileRef = 05300B231B5042B200282820 /* KorThaiDictionary_SEARCH_K.sqlite */; };
		052FFC001B6BC7320076A0D2 /* ThaiKorDictionary_SEARCH_P.sqlite in Resources */ = {isa = PBXBuildFile; fileRef = 05300B241B5042B200282820 /* ThaiKorDictionary_SEARCH_P.sqlite */; };
		052FFC011B6BC7320076A0D2 /* .gitignore in Resources */ = {isa = PBXBuildFile; fileRef = 05EA7B7D1B43B8F900F2CE14 /* .gitignore */; };
		052FFC021B6BC7320076A0D2 /* SwiftHTTP.podspec in Resources */ = {isa = PBXBuildFile; fileRef = 05EA7B871B43B8F900F2CE14 /* SwiftHTTP.podspec */; };
		052FFC031B6BC7320076A0D2 /* Info.plist in Resources */ = {isa = PBXBuildFile; fileRef = 05EA7B831B43B8F900F2CE14 /* Info.plist */; };
		052FFC041B6BC7320076A0D2 /* LauchScreen.xib in Resources */ = {isa = PBXBuildFile; fileRef = 05300B2F1B5053A900282820 /* LauchScreen.xib */; };
		052FFC051B6BC7320076A0D2 /* LICENSE in Resources */ = {isa = PBXBuildFile; fileRef = 05EA7B841B43B8F900F2CE14 /* LICENSE */; };
		052FFC061B6BC7320076A0D2 /* Main.storyboard in Resources */ = {isa = PBXBuildFile; fileRef = 05C5922C1B42905E008BBC21 /* Main.storyboard */; };
		052FFC071B6BC7320076A0D2 /* Images.xcassets in Resources */ = {isa = PBXBuildFile; fileRef = 05C5922F1B42905E008BBC21 /* Images.xcassets */; };
		052FFC081B6BC7320076A0D2 /* ThaiKorDictionary_SEARCH_T.sqlite in Resources */ = {isa = PBXBuildFile; fileRef = 05300B251B5042B200282820 /* ThaiKorDictionary_SEARCH_T.sqlite */; };
		052FFC091B6BC7320076A0D2 /* thaidic-publish in Resources */ = {isa = PBXBuildFile; fileRef = 0558FE0F1B5BBEDA0017B532 /* thaidic-publish */; };
		052FFC151B6BC7C70076A0D2 /* HTTPResponseSerializer.swift in Sources */ = {isa = PBXBuildFile; fileRef = 05EA7B7F1B43B8F900F2CE14 /* HTTPResponseSerializer.swift */; };
		052FFC161B6BC7C70076A0D2 /* ETCSupplementListVC.swift in Sources */ = {isa = PBXBuildFile; fileRef = 0558FCD51B5BABC90017B532 /* ETCSupplementListVC.swift */; };
		052FFC171B6BC7C70076A0D2 /* DBManager.swift in Sources */ = {isa = PBXBuildFile; fileRef = 05C592CA1B42944C008BBC21 /* DBManager.swift */; };
		052FFC181B6BC7C70076A0D2 /* HWILib.swift in Sources */ = {isa = PBXBuildFile; fileRef = 05EA7B781B43B8DF00F2CE14 /* HWILib.swift */; };
		052FFC191B6BC7C70076A0D2 /* SupplementDetailVC.swift in Sources */ = {isa = PBXBuildFile; fileRef = 0558FD621B5BB2740017B532 /* SupplementDetailVC.swift */; };
		052FFC1A1B6BC7C70076A0D2 /* HTTPSecurity.swift in Sources */ = {isa = PBXBuildFile; fileRef = 05EA7B801B43B8F900F2CE14 /* HTTPSecurity.swift */; };
		052FFC1B1B6BC7C70076A0D2 /* ItemCell.swift in Sources */ = {isa = PBXBuildFile; fileRef = 05BFBB881B4746D5001DA053 /* ItemCell.swift */; };
		052FFC1C1B6BC7C70076A0D2 /* CustomTableView.swift in Sources */ = {isa = PBXBuildFile; fileRef = 05A2612E1B44446F0055D803 /* CustomTableView.swift */; };
		052FFC1D1B6BC7C70076A0D2 /* AppDelegate.swift in Sources */ = {isa = PBXBuildFile; fileRef = 05C592281B42905E008BBC21 /* AppDelegate.swift */; };
		052FFC1E1B6BC7C70076A0D2 /* README.md in Sources */ = {isa = PBXBuildFile; fileRef = 05EA7B851B43B8F900F2CE14 /* README.md */; };
		052FFC1F1B6BC7C70076A0D2 /* HTTPTask.swift in Sources */ = {isa = PBXBuildFile; fileRef = 05EA7B811B43B8F900F2CE14 /* HTTPTask.swift */; };
		052FFC201B6BC7C70076A0D2 /* BaseVC.swift in Sources */ = {isa = PBXBuildFile; fileRef = 05EA7BA11B43BE7D00F2CE14 /* BaseVC.swift */; };
		052FFC211B6BC7C70076A0D2 /* SupplementCell.swift in Sources */ = {isa = PBXBuildFile; fileRef = 0558FCD71B5BAEC40017B532 /* SupplementCell.swift */; };
		052FFC221B6BC7C70076A0D2 /* HTTPRequestSerializer.swift in Sources */ = {isa = PBXBuildFile; fileRef = 05EA7B7E1B43B8F900F2CE14 /* HTTPRequestSerializer.swift */; };
		052FFC231B6BC7C70076A0D2 /* ConstValue.swift in Sources */ = {isa = PBXBuildFile; fileRef = 05EA7B721B43B86700F2CE14 /* ConstValue.swift */; };
		052FFC241B6BC7C70076A0D2 /* ETCVC.swift in Sources */ = {isa = PBXBuildFile; fileRef = 05BFBB841B4740C5001DA053 /* ETCVC.swift */; };
		052FFC251B6BC7C70076A0D2 /* HTTPUpload.swift in Sources */ = {isa = PBXBuildFile; fileRef = 05EA7B821B43B8F900F2CE14 /* HTTPUpload.swift */; };
		052FFC261B6BC7C70076A0D2 /* DetailScrollView.swift in Sources */ = {isa = PBXBuildFile; fileRef = 05B775A01B4583DB004CFC45 /* DetailScrollView.swift */; };
		052FFC271B6BC7C70076A0D2 /* InsetTextField.swift in Sources */ = {isa = PBXBuildFile; fileRef = 05EA7B791B43B8DF00F2CE14 /* InsetTextField.swift */; };
		052FFC281B6BC7C70076A0D2 /* ETCCell.swift in Sources */ = {isa = PBXBuildFile; fileRef = 05BFBB861B4746BB001DA053 /* ETCCell.swift */; };
		052FFC291B6BC7C70076A0D2 /* AppIconBtnView.swift in Sources */ = {isa = PBXBuildFile; fileRef = 05BFBB8A1B474ED5001DA053 /* AppIconBtnView.swift */; };
		052FFC2A1B6BC7C70076A0D2 /* MainVC.swift in Sources */ = {isa = PBXBuildFile; fileRef = 05EA7BA41B43BFC600F2CE14 /* MainVC.swift */; };
		052FFC2B1B6BC7C70076A0D2 /* BaseScrollView.swift in Sources */ = {isa = PBXBuildFile; fileRef = 05B775A21B4583EF004CFC45 /* BaseScrollView.swift */; };
		052FFC2C1B6BC7C70076A0D2 /* CustomNaviC.swift in Sources */ = {isa = PBXBuildFile; fileRef = 05DEA95A1B4535B5008E1459 /* CustomNaviC.swift */; };
		052FFC301B6BC7C70076A0D2 /* KorThaiDictionary_SEARCH_K.sqlite in Resources */ = {isa = PBXBuildFile; fileRef = 05300B231B5042B200282820 /* KorThaiDictionary_SEARCH_K.sqlite */; };
		052FFC311B6BC7C70076A0D2 /* ThaiKorDictionary_SEARCH_P.sqlite in Resources */ = {isa = PBXBuildFile; fileRef = 05300B241B5042B200282820 /* ThaiKorDictionary_SEARCH_P.sqlite */; };
		052FFC321B6BC7C70076A0D2 /* .gitignore in Resources */ = {isa = PBXBuildFile; fileRef = 05EA7B7D1B43B8F900F2CE14 /* .gitignore */; };
		052FFC331B6BC7C70076A0D2 /* SwiftHTTP.podspec in Resources */ = {isa = PBXBuildFile; fileRef = 05EA7B871B43B8F900F2CE14 /* SwiftHTTP.podspec */; };
		052FFC341B6BC7C70076A0D2 /* Info.plist in Resources */ = {isa = PBXBuildFile; fileRef = 05EA7B831B43B8F900F2CE14 /* Info.plist */; };
		052FFC351B6BC7C70076A0D2 /* LauchScreen.xib in Resources */ = {isa = PBXBuildFile; fileRef = 05300B2F1B5053A900282820 /* LauchScreen.xib */; };
		052FFC361B6BC7C70076A0D2 /* LICENSE in Resources */ = {isa = PBXBuildFile; fileRef = 05EA7B841B43B8F900F2CE14 /* LICENSE */; };
		052FFC371B6BC7C70076A0D2 /* Main.storyboard in Resources */ = {isa = PBXBuildFile; fileRef = 05C5922C1B42905E008BBC21 /* Main.storyboard */; };
		052FFC381B6BC7C70076A0D2 /* Images.xcassets in Resources */ = {isa = PBXBuildFile; fileRef = 05C5922F1B42905E008BBC21 /* Images.xcassets */; };
		052FFC391B6BC7C70076A0D2 /* ThaiKorDictionary_SEARCH_T.sqlite in Resources */ = {isa = PBXBuildFile; fileRef = 05300B251B5042B200282820 /* ThaiKorDictionary_SEARCH_T.sqlite */; };
		052FFC3A1B6BC7C70076A0D2 /* thaidic-publish in Resources */ = {isa = PBXBuildFile; fileRef = 0558FE0F1B5BBEDA0017B532 /* thaidic-publish */; };
		052FFC461B6BC8B90076A0D2 /* LauchScreen1.xib in Resources */ = {isa = PBXBuildFile; fileRef = 052FFC421B6BC8B90076A0D2 /* LauchScreen1.xib */; };
		052FFC471B6BC8B90076A0D2 /* LauchScreen1.xib in Resources */ = {isa = PBXBuildFile; fileRef = 052FFC421B6BC8B90076A0D2 /* LauchScreen1.xib */; };
		052FFC481B6BC8B90076A0D2 /* LauchScreen1.xib in Resources */ = {isa = PBXBuildFile; fileRef = 052FFC421B6BC8B90076A0D2 /* LauchScreen1.xib */; };
		052FFC4A1B6BC8B90076A0D2 /* LauchScreen2.xib in Resources */ = {isa = PBXBuildFile; fileRef = 052FFC431B6BC8B90076A0D2 /* LauchScreen2.xib */; };
		052FFC4B1B6BC8B90076A0D2 /* LauchScreen2.xib in Resources */ = {isa = PBXBuildFile; fileRef = 052FFC431B6BC8B90076A0D2 /* LauchScreen2.xib */; };
		052FFC4C1B6BC8B90076A0D2 /* LauchScreen2.xib in Resources */ = {isa = PBXBuildFile; fileRef = 052FFC431B6BC8B90076A0D2 /* LauchScreen2.xib */; };
		052FFC4E1B6BC8B90076A0D2 /* LauchScreen3.xib in Resources */ = {isa = PBXBuildFile; fileRef = 052FFC441B6BC8B90076A0D2 /* LauchScreen3.xib */; };
		052FFC4F1B6BC8B90076A0D2 /* LauchScreen3.xib in Resources */ = {isa = PBXBuildFile; fileRef = 052FFC441B6BC8B90076A0D2 /* LauchScreen3.xib */; };
		052FFC501B6BC8B90076A0D2 /* LauchScreen3.xib in Resources */ = {isa = PBXBuildFile; fileRef = 052FFC441B6BC8B90076A0D2 /* LauchScreen3.xib */; };
		052FFC521B6BCA280076A0D2 /* libsqlite3.dylib in Frameworks */ = {isa = PBXBuildFile; fileRef = 052FFC511B6BCA280076A0D2 /* libsqlite3.dylib */; };
		052FFC531B6BCA350076A0D2 /* libsqlite3.dylib in Frameworks */ = {isa = PBXBuildFile; fileRef = 052FFC511B6BCA280076A0D2 /* libsqlite3.dylib */; };
		052FFC541B6BCA3D0076A0D2 /* libsqlite3.dylib in Frameworks */ = {isa = PBXBuildFile; fileRef = 052FFC511B6BCA280076A0D2 /* libsqlite3.dylib */; };
		05C5923F1B42905E008BBC21 /* KoreanToThaiDicTests.swift in Sources */ = {isa = PBXBuildFile; fileRef = 05C5923E1B42905E008BBC21 /* KoreanToThaiDicTests.swift */; };
		05F3F0DD1B6BCF5C0068F341 /* Database.swift in Sources */ = {isa = PBXBuildFile; fileRef = 05F3F0CD1B6BCF5C0068F341 /* Database.swift */; };
		05F3F0DE1B6BCF5C0068F341 /* Database.swift in Sources */ = {isa = PBXBuildFile; fileRef = 05F3F0CD1B6BCF5C0068F341 /* Database.swift */; };
		05F3F0DF1B6BCF5C0068F341 /* Database.swift in Sources */ = {isa = PBXBuildFile; fileRef = 05F3F0CD1B6BCF5C0068F341 /* Database.swift */; };
		05F3F0E01B6BCF5C0068F341 /* Expression.swift in Sources */ = {isa = PBXBuildFile; fileRef = 05F3F0CE1B6BCF5C0068F341 /* Expression.swift */; };
		05F3F0E11B6BCF5C0068F341 /* Expression.swift in Sources */ = {isa = PBXBuildFile; fileRef = 05F3F0CE1B6BCF5C0068F341 /* Expression.swift */; };
		05F3F0E21B6BCF5C0068F341 /* Expression.swift in Sources */ = {isa = PBXBuildFile; fileRef = 05F3F0CE1B6BCF5C0068F341 /* Expression.swift */; };
		05F3F0E31B6BCF5C0068F341 /* FTS.swift in Sources */ = {isa = PBXBuildFile; fileRef = 05F3F0CF1B6BCF5C0068F341 /* FTS.swift */; };
		05F3F0E41B6BCF5C0068F341 /* FTS.swift in Sources */ = {isa = PBXBuildFile; fileRef = 05F3F0CF1B6BCF5C0068F341 /* FTS.swift */; };
		05F3F0E51B6BCF5C0068F341 /* FTS.swift in Sources */ = {isa = PBXBuildFile; fileRef = 05F3F0CF1B6BCF5C0068F341 /* FTS.swift */; };
		05F3F0E61B6BCF5C0068F341 /* Functions.swift in Sources */ = {isa = PBXBuildFile; fileRef = 05F3F0D11B6BCF5C0068F341 /* Functions.swift */; };
		05F3F0E71B6BCF5C0068F341 /* Functions.swift in Sources */ = {isa = PBXBuildFile; fileRef = 05F3F0D11B6BCF5C0068F341 /* Functions.swift */; };
		05F3F0E81B6BCF5C0068F341 /* Functions.swift in Sources */ = {isa = PBXBuildFile; fileRef = 05F3F0D11B6BCF5C0068F341 /* Functions.swift */; };
		05F3F0E91B6BCF5C0068F341 /* Info.plist in Resources */ = {isa = PBXBuildFile; fileRef = 05F3F0D21B6BCF5C0068F341 /* Info.plist */; };
		05F3F0EA1B6BCF5C0068F341 /* Info.plist in Resources */ = {isa = PBXBuildFile; fileRef = 05F3F0D21B6BCF5C0068F341 /* Info.plist */; };
		05F3F0EB1B6BCF5C0068F341 /* Info.plist in Resources */ = {isa = PBXBuildFile; fileRef = 05F3F0D21B6BCF5C0068F341 /* Info.plist */; };
		05F3F0EC1B6BCF5C0068F341 /* module.modulemap in Sources */ = {isa = PBXBuildFile; fileRef = 05F3F0D31B6BCF5C0068F341 /* module.modulemap */; };
		05F3F0ED1B6BCF5C0068F341 /* module.modulemap in Sources */ = {isa = PBXBuildFile; fileRef = 05F3F0D31B6BCF5C0068F341 /* module.modulemap */; };
		05F3F0EE1B6BCF5C0068F341 /* module.modulemap in Sources */ = {isa = PBXBuildFile; fileRef = 05F3F0D31B6BCF5C0068F341 /* module.modulemap */; };
		05F3F0EF1B6BCF5C0068F341 /* Query.swift in Sources */ = {isa = PBXBuildFile; fileRef = 05F3F0D41B6BCF5C0068F341 /* Query.swift */; };
		05F3F0F01B6BCF5C0068F341 /* Query.swift in Sources */ = {isa = PBXBuildFile; fileRef = 05F3F0D41B6BCF5C0068F341 /* Query.swift */; };
		05F3F0F11B6BCF5C0068F341 /* Query.swift in Sources */ = {isa = PBXBuildFile; fileRef = 05F3F0D41B6BCF5C0068F341 /* Query.swift */; };
		05F3F0F21B6BCF5C0068F341 /* RTree.swift in Sources */ = {isa = PBXBuildFile; fileRef = 05F3F0D51B6BCF5C0068F341 /* RTree.swift */; };
		05F3F0F31B6BCF5C0068F341 /* RTree.swift in Sources */ = {isa = PBXBuildFile; fileRef = 05F3F0D51B6BCF5C0068F341 /* RTree.swift */; };
		05F3F0F41B6BCF5C0068F341 /* RTree.swift in Sources */ = {isa = PBXBuildFile; fileRef = 05F3F0D51B6BCF5C0068F341 /* RTree.swift */; };
		05F3F0F51B6BCF5C0068F341 /* Schema.swift in Sources */ = {isa = PBXBuildFile; fileRef = 05F3F0D61B6BCF5C0068F341 /* Schema.swift */; };
		05F3F0F61B6BCF5C0068F341 /* Schema.swift in Sources */ = {isa = PBXBuildFile; fileRef = 05F3F0D61B6BCF5C0068F341 /* Schema.swift */; };
		05F3F0F71B6BCF5C0068F341 /* Schema.swift in Sources */ = {isa = PBXBuildFile; fileRef = 05F3F0D61B6BCF5C0068F341 /* Schema.swift */; };
		05F3F0F81B6BCF5C0068F341 /* SQLite-Bridging.m in Sources */ = {isa = PBXBuildFile; fileRef = 05F3F0D81B6BCF5C0068F341 /* SQLite-Bridging.m */; };
		05F3F0F91B6BCF5C0068F341 /* SQLite-Bridging.m in Sources */ = {isa = PBXBuildFile; fileRef = 05F3F0D81B6BCF5C0068F341 /* SQLite-Bridging.m */; };
		05F3F0FA1B6BCF5C0068F341 /* SQLite-Bridging.m in Sources */ = {isa = PBXBuildFile; fileRef = 05F3F0D81B6BCF5C0068F341 /* SQLite-Bridging.m */; };
		05F3F0FB1B6BCF5C0068F341 /* SQLite.xcconfig in Resources */ = {isa = PBXBuildFile; fileRef = 05F3F0DA1B6BCF5C0068F341 /* SQLite.xcconfig */; };
		05F3F0FC1B6BCF5C0068F341 /* SQLite.xcconfig in Resources */ = {isa = PBXBuildFile; fileRef = 05F3F0DA1B6BCF5C0068F341 /* SQLite.xcconfig */; };
		05F3F0FD1B6BCF5C0068F341 /* SQLite.xcconfig in Resources */ = {isa = PBXBuildFile; fileRef = 05F3F0DA1B6BCF5C0068F341 /* SQLite.xcconfig */; };
		05F3F0FE1B6BCF5C0068F341 /* Statement.swift in Sources */ = {isa = PBXBuildFile; fileRef = 05F3F0DB1B6BCF5C0068F341 /* Statement.swift */; };
		05F3F0FF1B6BCF5C0068F341 /* Statement.swift in Sources */ = {isa = PBXBuildFile; fileRef = 05F3F0DB1B6BCF5C0068F341 /* Statement.swift */; };
		05F3F1001B6BCF5C0068F341 /* Statement.swift in Sources */ = {isa = PBXBuildFile; fileRef = 05F3F0DB1B6BCF5C0068F341 /* Statement.swift */; };
		05F3F1011B6BCF5C0068F341 /* Value.swift in Sources */ = {isa = PBXBuildFile; fileRef = 05F3F0DC1B6BCF5C0068F341 /* Value.swift */; };
		05F3F1021B6BCF5C0068F341 /* Value.swift in Sources */ = {isa = PBXBuildFile; fileRef = 05F3F0DC1B6BCF5C0068F341 /* Value.swift */; };
		05F3F1031B6BCF5C0068F341 /* Value.swift in Sources */ = {isa = PBXBuildFile; fileRef = 05F3F0DC1B6BCF5C0068F341 /* Value.swift */; };
/* End PBXBuildFile section */

/* Begin PBXContainerItemProxy section */
		05C592D61B42A02E008BBC21 /* PBXContainerItemProxy */ = {
			isa = PBXContainerItemProxy;
			containerPortal = 05C592CE1B42A02D008BBC21 /* SQLite.xcodeproj */;
			proxyType = 2;
			remoteGlobalIDString = DC3773F319C8CBB3004FCF85;
			remoteInfo = SQLite;
		};
		05C592D81B42A02E008BBC21 /* PBXContainerItemProxy */ = {
			isa = PBXContainerItemProxy;
			containerPortal = 05C592CE1B42A02D008BBC21 /* SQLite.xcodeproj */;
			proxyType = 2;
			remoteGlobalIDString = DC3773FE19C8CBB3004FCF85;
			remoteInfo = "SQLite Tests";
		};
		05C592DA1B42A02E008BBC21 /* PBXContainerItemProxy */ = {
			isa = PBXContainerItemProxy;
			containerPortal = 05C592CE1B42A02D008BBC21 /* SQLite.xcodeproj */;
			proxyType = 2;
			remoteGlobalIDString = DCC6B3801A9191C300734B78;
			remoteInfo = SQLiteCipher;
		};
		05C592DC1B42A02E008BBC21 /* PBXContainerItemProxy */ = {
			isa = PBXContainerItemProxy;
			containerPortal = 05C592CE1B42A02D008BBC21 /* SQLite.xcodeproj */;
			proxyType = 2;
			remoteGlobalIDString = DCC6B3921A9191D100734B78;
			remoteInfo = "SQLiteCipher Tests";
		};
		05EA7B991B43B8F900F2CE14 /* PBXContainerItemProxy */ = {
			isa = PBXContainerItemProxy;
			containerPortal = 05EA7B881B43B8F900F2CE14 /* SwiftHTTP.xcodeproj */;
			proxyType = 2;
			remoteGlobalIDString = 6BFD901619C8D8B500DD99B6;
			remoteInfo = SwiftHTTP;
		};
		05EA7B9B1B43B8F900F2CE14 /* PBXContainerItemProxy */ = {
			isa = PBXContainerItemProxy;
			containerPortal = 05EA7B881B43B8F900F2CE14 /* SwiftHTTP.xcodeproj */;
			proxyType = 2;
			remoteGlobalIDString = 6BFD902119C8D8B500DD99B6;
			remoteInfo = SwiftHTTPTests;
		};
		05EA7B9D1B43B8F900F2CE14 /* PBXContainerItemProxy */ = {
			isa = PBXContainerItemProxy;
			containerPortal = 05EA7B881B43B8F900F2CE14 /* SwiftHTTP.xcodeproj */;
			proxyType = 2;
			remoteGlobalIDString = D958025919E6EEEB003C8218;
			remoteInfo = SwiftHTTPOSX;
		};
		05EA7B9F1B43B8F900F2CE14 /* PBXContainerItemProxy */ = {
			isa = PBXContainerItemProxy;
			containerPortal = 05EA7B881B43B8F900F2CE14 /* SwiftHTTP.xcodeproj */;
			proxyType = 2;
			remoteGlobalIDString = D958026319E6EEEB003C8218;
			remoteInfo = SwiftHTTPOSXTests;
		};
/* End PBXContainerItemProxy section */

/* Begin PBXFileReference section */
		052FFBDE1B6BC6A50076A0D2 /* KoreanToThaiDic1.app */ = {isa = PBXFileReference; explicitFileType = wrapper.application; includeInIndex = 0; path = KoreanToThaiDic1.app; sourceTree = BUILT_PRODUCTS_DIR; };
		052FFBDF1B6BC6A50076A0D2 /* KoreanToThaiDic1.plist */ = {isa = PBXFileReference; lastKnownFileType = text.plist.xml; name = KoreanToThaiDic1.plist; path = /Users/jhkim/Downloads/KoreanToThaiDic/KoreanToThaiDic1.plist; sourceTree = "<absolute>"; };
		052FFC0F1B6BC7320076A0D2 /* KoreanToThaiDic2.app */ = {isa = PBXFileReference; explicitFileType = wrapper.application; includeInIndex = 0; path = KoreanToThaiDic2.app; sourceTree = BUILT_PRODUCTS_DIR; };
		052FFC101B6BC7320076A0D2 /* KoreanToThaiDic2.plist */ = {isa = PBXFileReference; lastKnownFileType = text.plist.xml; name = KoreanToThaiDic2.plist; path = /Users/jhkim/Downloads/KoreanToThaiDic/KoreanToThaiDic2.plist; sourceTree = "<absolute>"; };
		052FFC401B6BC7C70076A0D2 /* KoreanToThaiDic3.app */ = {isa = PBXFileReference; explicitFileType = wrapper.application; includeInIndex = 0; path = KoreanToThaiDic3.app; sourceTree = BUILT_PRODUCTS_DIR; };
		052FFC411B6BC7C80076A0D2 /* KoreanToThaiDic3.plist */ = {isa = PBXFileReference; lastKnownFileType = text.plist.xml; name = KoreanToThaiDic3.plist; path = /Users/jhkim/Downloads/KoreanToThaiDic/KoreanToThaiDic3.plist; sourceTree = "<absolute>"; };
		052FFC421B6BC8B90076A0D2 /* LauchScreen1.xib */ = {isa = PBXFileReference; fileEncoding = 4; lastKnownFileType = file.xib; path = LauchScreen1.xib; sourceTree = "<group>"; };
		052FFC431B6BC8B90076A0D2 /* LauchScreen2.xib */ = {isa = PBXFileReference; fileEncoding = 4; lastKnownFileType = file.xib; path = LauchScreen2.xib; sourceTree = "<group>"; };
		052FFC441B6BC8B90076A0D2 /* LauchScreen3.xib */ = {isa = PBXFileReference; fileEncoding = 4; lastKnownFileType = file.xib; path = LauchScreen3.xib; sourceTree = "<group>"; };
		052FFC511B6BCA280076A0D2 /* libsqlite3.dylib */ = {isa = PBXFileReference; lastKnownFileType = "compiled.mach-o.dylib"; name = libsqlite3.dylib; path = usr/lib/libsqlite3.dylib; sourceTree = SDKROOT; };
		05300B231B5042B200282820 /* KorThaiDictionary_SEARCH_K.sqlite */ = {isa = PBXFileReference; lastKnownFileType = file; path = KorThaiDictionary_SEARCH_K.sqlite; sourceTree = "<group>"; };
		05300B241B5042B200282820 /* ThaiKorDictionary_SEARCH_P.sqlite */ = {isa = PBXFileReference; lastKnownFileType = file; path = ThaiKorDictionary_SEARCH_P.sqlite; sourceTree = "<group>"; };
		05300B251B5042B200282820 /* ThaiKorDictionary_SEARCH_T.sqlite */ = {isa = PBXFileReference; lastKnownFileType = file; path = ThaiKorDictionary_SEARCH_T.sqlite; sourceTree = "<group>"; };
		05300B2F1B5053A900282820 /* LauchScreen.xib */ = {isa = PBXFileReference; fileEncoding = 4; lastKnownFileType = file.xib; path = LauchScreen.xib; sourceTree = "<group>"; };
		0558FCD51B5BABC90017B532 /* ETCSupplementListVC.swift */ = {isa = PBXFileReference; fileEncoding = 4; lastKnownFileType = sourcecode.swift; path = ETCSupplementListVC.swift; sourceTree = "<group>"; };
		0558FCD71B5BAEC40017B532 /* SupplementCell.swift */ = {isa = PBXFileReference; fileEncoding = 4; lastKnownFileType = sourcecode.swift; path = SupplementCell.swift; sourceTree = "<group>"; };
		0558FD621B5BB2740017B532 /* SupplementDetailVC.swift */ = {isa = PBXFileReference; fileEncoding = 4; lastKnownFileType = sourcecode.swift; path = SupplementDetailVC.swift; sourceTree = "<group>"; };
		0558FE0F1B5BBEDA0017B532 /* thaidic-publish */ = {isa = PBXFileReference; lastKnownFileType = folder; path = "thaidic-publish"; sourceTree = "<group>"; };
		05A2612E1B44446F0055D803 /* CustomTableView.swift */ = {isa = PBXFileReference; fileEncoding = 4; lastKnownFileType = sourcecode.swift; path = CustomTableView.swift; sourceTree = "<group>"; };
		05B775A01B4583DB004CFC45 /* DetailScrollView.swift */ = {isa = PBXFileReference; fileEncoding = 4; lastKnownFileType = sourcecode.swift; path = DetailScrollView.swift; sourceTree = "<group>"; };
		05B775A21B4583EF004CFC45 /* BaseScrollView.swift */ = {isa = PBXFileReference; fileEncoding = 4; lastKnownFileType = sourcecode.swift; path = BaseScrollView.swift; sourceTree = "<group>"; };
		05BFBB841B4740C5001DA053 /* ETCVC.swift */ = {isa = PBXFileReference; fileEncoding = 4; lastKnownFileType = sourcecode.swift; path = ETCVC.swift; sourceTree = "<group>"; };
		05BFBB861B4746BB001DA053 /* ETCCell.swift */ = {isa = PBXFileReference; fileEncoding = 4; lastKnownFileType = sourcecode.swift; path = ETCCell.swift; sourceTree = "<group>"; };
		05BFBB881B4746D5001DA053 /* ItemCell.swift */ = {isa = PBXFileReference; fileEncoding = 4; lastKnownFileType = sourcecode.swift; path = ItemCell.swift; sourceTree = "<group>"; };
		05BFBB8A1B474ED5001DA053 /* AppIconBtnView.swift */ = {isa = PBXFileReference; fileEncoding = 4; lastKnownFileType = sourcecode.swift; path = AppIconBtnView.swift; sourceTree = "<group>"; };
		05C592271B42905E008BBC21 /* Info.plist */ = {isa = PBXFileReference; lastKnownFileType = text.plist.xml; path = Info.plist; sourceTree = "<group>"; };
		05C592281B42905E008BBC21 /* AppDelegate.swift */ = {isa = PBXFileReference; lastKnownFileType = sourcecode.swift; path = AppDelegate.swift; sourceTree = "<group>"; };
		05C5922D1B42905E008BBC21 /* Base */ = {isa = PBXFileReference; lastKnownFileType = file.storyboard; name = Base; path = Base.lproj/Main.storyboard; sourceTree = "<group>"; };
		05C5922F1B42905E008BBC21 /* Images.xcassets */ = {isa = PBXFileReference; lastKnownFileType = folder.assetcatalog; path = Images.xcassets; sourceTree = "<group>"; };
		05C592381B42905E008BBC21 /* KoreanToThaiDicTests.xctest */ = {isa = PBXFileReference; explicitFileType = wrapper.cfbundle; includeInIndex = 0; path = KoreanToThaiDicTests.xctest; sourceTree = BUILT_PRODUCTS_DIR; };
		05C5923D1B42905E008BBC21 /* Info.plist */ = {isa = PBXFileReference; lastKnownFileType = text.plist.xml; path = Info.plist; sourceTree = "<group>"; };
		05C5923E1B42905E008BBC21 /* KoreanToThaiDicTests.swift */ = {isa = PBXFileReference; lastKnownFileType = sourcecode.swift; path = KoreanToThaiDicTests.swift; sourceTree = "<group>"; };
		05C592CA1B42944C008BBC21 /* DBManager.swift */ = {isa = PBXFileReference; fileEncoding = 4; lastKnownFileType = sourcecode.swift; path = DBManager.swift; sourceTree = "<group>"; };
		05C592CE1B42A02D008BBC21 /* SQLite.xcodeproj */ = {isa = PBXFileReference; lastKnownFileType = "wrapper.pb-project"; name = SQLite.xcodeproj; path = "SQLite.swift-master/SQLite.xcodeproj"; sourceTree = "<group>"; };
		05DEA95A1B4535B5008E1459 /* CustomNaviC.swift */ = {isa = PBXFileReference; fileEncoding = 4; lastKnownFileType = sourcecode.swift; path = CustomNaviC.swift; sourceTree = "<group>"; };
		05EA7B721B43B86700F2CE14 /* ConstValue.swift */ = {isa = PBXFileReference; fileEncoding = 4; lastKnownFileType = sourcecode.swift; path = ConstValue.swift; sourceTree = "<group>"; };
		05EA7B781B43B8DF00F2CE14 /* HWILib.swift */ = {isa = PBXFileReference; fileEncoding = 4; lastKnownFileType = sourcecode.swift; path = HWILib.swift; sourceTree = "<group>"; };
		05EA7B791B43B8DF00F2CE14 /* InsetTextField.swift */ = {isa = PBXFileReference; fileEncoding = 4; lastKnownFileType = sourcecode.swift; path = InsetTextField.swift; sourceTree = "<group>"; };
		05EA7B7D1B43B8F900F2CE14 /* .gitignore */ = {isa = PBXFileReference; fileEncoding = 4; lastKnownFileType = text; path = .gitignore; sourceTree = "<group>"; };
		05EA7B7E1B43B8F900F2CE14 /* HTTPRequestSerializer.swift */ = {isa = PBXFileReference; fileEncoding = 4; lastKnownFileType = sourcecode.swift; path = HTTPRequestSerializer.swift; sourceTree = "<group>"; };
		05EA7B7F1B43B8F900F2CE14 /* HTTPResponseSerializer.swift */ = {isa = PBXFileReference; fileEncoding = 4; lastKnownFileType = sourcecode.swift; path = HTTPResponseSerializer.swift; sourceTree = "<group>"; };
		05EA7B801B43B8F900F2CE14 /* HTTPSecurity.swift */ = {isa = PBXFileReference; fileEncoding = 4; lastKnownFileType = sourcecode.swift; path = HTTPSecurity.swift; sourceTree = "<group>"; };
		05EA7B811B43B8F900F2CE14 /* HTTPTask.swift */ = {isa = PBXFileReference; fileEncoding = 4; lastKnownFileType = sourcecode.swift; path = HTTPTask.swift; sourceTree = "<group>"; };
		05EA7B821B43B8F900F2CE14 /* HTTPUpload.swift */ = {isa = PBXFileReference; fileEncoding = 4; lastKnownFileType = sourcecode.swift; path = HTTPUpload.swift; sourceTree = "<group>"; };
		05EA7B831B43B8F900F2CE14 /* Info.plist */ = {isa = PBXFileReference; fileEncoding = 4; lastKnownFileType = text.plist.xml; path = Info.plist; sourceTree = "<group>"; };
		05EA7B841B43B8F900F2CE14 /* LICENSE */ = {isa = PBXFileReference; fileEncoding = 4; lastKnownFileType = text; path = LICENSE; sourceTree = "<group>"; };
		05EA7B851B43B8F900F2CE14 /* README.md */ = {isa = PBXFileReference; fileEncoding = 4; lastKnownFileType = net.daringfireball.markdown; path = README.md; sourceTree = "<group>"; };
		05EA7B861B43B8F900F2CE14 /* SwiftHTTP.h */ = {isa = PBXFileReference; fileEncoding = 4; lastKnownFileType = sourcecode.c.h; path = SwiftHTTP.h; sourceTree = "<group>"; };
		05EA7B871B43B8F900F2CE14 /* SwiftHTTP.podspec */ = {isa = PBXFileReference; fileEncoding = 4; lastKnownFileType = text; path = SwiftHTTP.podspec; sourceTree = "<group>"; };
		05EA7B881B43B8F900F2CE14 /* SwiftHTTP.xcodeproj */ = {isa = PBXFileReference; lastKnownFileType = "wrapper.pb-project"; path = SwiftHTTP.xcodeproj; sourceTree = "<group>"; };
		05EA7BA11B43BE7D00F2CE14 /* BaseVC.swift */ = {isa = PBXFileReference; fileEncoding = 4; lastKnownFileType = sourcecode.swift; path = BaseVC.swift; sourceTree = "<group>"; };
		05EA7BA41B43BFC600F2CE14 /* MainVC.swift */ = {isa = PBXFileReference; fileEncoding = 4; lastKnownFileType = sourcecode.swift; path = MainVC.swift; sourceTree = "<group>"; };
		05F3F0CD1B6BCF5C0068F341 /* Database.swift */ = {isa = PBXFileReference; fileEncoding = 4; lastKnownFileType = sourcecode.swift; path = Database.swift; sourceTree = "<group>"; };
		05F3F0CE1B6BCF5C0068F341 /* Expression.swift */ = {isa = PBXFileReference; fileEncoding = 4; lastKnownFileType = sourcecode.swift; path = Expression.swift; sourceTree = "<group>"; };
		05F3F0CF1B6BCF5C0068F341 /* FTS.swift */ = {isa = PBXFileReference; fileEncoding = 4; lastKnownFileType = sourcecode.swift; path = FTS.swift; sourceTree = "<group>"; };
		05F3F0D01B6BCF5C0068F341 /* fts3_tokenizer.h */ = {isa = PBXFileReference; fileEncoding = 4; lastKnownFileType = sourcecode.c.h; path = fts3_tokenizer.h; sourceTree = "<group>"; };
		05F3F0D11B6BCF5C0068F341 /* Functions.swift */ = {isa = PBXFileReference; fileEncoding = 4; lastKnownFileType = sourcecode.swift; path = Functions.swift; sourceTree = "<group>"; };
		05F3F0D21B6BCF5C0068F341 /* Info.plist */ = {isa = PBXFileReference; fileEncoding = 4; lastKnownFileType = text.plist.xml; path = Info.plist; sourceTree = "<group>"; };
		05F3F0D31B6BCF5C0068F341 /* module.modulemap */ = {isa = PBXFileReference; fileEncoding = 4; lastKnownFileType = "sourcecode.module-map"; path = module.modulemap; sourceTree = "<group>"; };
		05F3F0D41B6BCF5C0068F341 /* Query.swift */ = {isa = PBXFileReference; fileEncoding = 4; lastKnownFileType = sourcecode.swift; path = Query.swift; sourceTree = "<group>"; };
		05F3F0D51B6BCF5C0068F341 /* RTree.swift */ = {isa = PBXFileReference; fileEncoding = 4; lastKnownFileType = sourcecode.swift; path = RTree.swift; sourceTree = "<group>"; };
		05F3F0D61B6BCF5C0068F341 /* Schema.swift */ = {isa = PBXFileReference; fileEncoding = 4; lastKnownFileType = sourcecode.swift; path = Schema.swift; sourceTree = "<group>"; };
		05F3F0D71B6BCF5C0068F341 /* SQLite-Bridging.h */ = {isa = PBXFileReference; fileEncoding = 4; lastKnownFileType = sourcecode.c.h; path = "SQLite-Bridging.h"; sourceTree = "<group>"; };
		05F3F0D81B6BCF5C0068F341 /* SQLite-Bridging.m */ = {isa = PBXFileReference; fileEncoding = 4; lastKnownFileType = sourcecode.c.objc; path = "SQLite-Bridging.m"; sourceTree = "<group>"; };
		05F3F0D91B6BCF5C0068F341 /* SQLite.h */ = {isa = PBXFileReference; fileEncoding = 4; lastKnownFileType = sourcecode.c.h; path = SQLite.h; sourceTree = "<group>"; };
		05F3F0DA1B6BCF5C0068F341 /* SQLite.xcconfig */ = {isa = PBXFileReference; fileEncoding = 4; lastKnownFileType = text.xcconfig; path = SQLite.xcconfig; sourceTree = "<group>"; };
		05F3F0DB1B6BCF5C0068F341 /* Statement.swift */ = {isa = PBXFileReference; fileEncoding = 4; lastKnownFileType = sourcecode.swift; path = Statement.swift; sourceTree = "<group>"; };
		05F3F0DC1B6BCF5C0068F341 /* Value.swift */ = {isa = PBXFileReference; fileEncoding = 4; lastKnownFileType = sourcecode.swift; path = Value.swift; sourceTree = "<group>"; };
		05F3F10C1B6BCFB60068F341 /* KoreanToThaiDic-bridge-header.h */ = {isa = PBXFileReference; lastKnownFileType = sourcecode.c.h; path = "KoreanToThaiDic-bridge-header.h"; sourceTree = "<group>"; };
/* End PBXFileReference section */

/* Begin PBXFrameworksBuildPhase section */
		052FFBCB1B6BC6A50076A0D2 /* Frameworks */ = {
			isa = PBXFrameworksBuildPhase;
			buildActionMask = 2147483647;
			files = (
				052FFC521B6BCA280076A0D2 /* libsqlite3.dylib in Frameworks */,
			);
			runOnlyForDeploymentPostprocessing = 0;
		};
		052FFBFC1B6BC7320076A0D2 /* Frameworks */ = {
			isa = PBXFrameworksBuildPhase;
			buildActionMask = 2147483647;
			files = (
				052FFC531B6BCA350076A0D2 /* libsqlite3.dylib in Frameworks */,
			);
			runOnlyForDeploymentPostprocessing = 0;
		};
		052FFC2D1B6BC7C70076A0D2 /* Frameworks */ = {
			isa = PBXFrameworksBuildPhase;
			buildActionMask = 2147483647;
			files = (
				052FFC541B6BCA3D0076A0D2 /* libsqlite3.dylib in Frameworks */,
			);
			runOnlyForDeploymentPostprocessing = 0;
		};
		05C592351B42905E008BBC21 /* Frameworks */ = {
			isa = PBXFrameworksBuildPhase;
			buildActionMask = 2147483647;
			files = (
			);
			runOnlyForDeploymentPostprocessing = 0;
		};
/* End PBXFrameworksBuildPhase section */

/* Begin PBXGroup section */
		05300B221B5042B200282820 /* DBFile */ = {
			isa = PBXGroup;
			children = (
				05300B231B5042B200282820 /* KorThaiDictionary_SEARCH_K.sqlite */,
				05300B241B5042B200282820 /* ThaiKorDictionary_SEARCH_P.sqlite */,
				05300B251B5042B200282820 /* ThaiKorDictionary_SEARCH_T.sqlite */,
			);
			path = DBFile;
			sourceTree = "<group>";
		};
		0558FDF61B5BBC310017B532 /* HTMLWebFiles */ = {
			isa = PBXGroup;
			children = (
				0558FE0F1B5BBEDA0017B532 /* thaidic-publish */,
			);
			path = HTMLWebFiles;
			sourceTree = "<group>";
		};
		05BFBB7C1B4740AD001DA053 /* 01Etc */ = {
			isa = PBXGroup;
			children = (
				05BFBB841B4740C5001DA053 /* ETCVC.swift */,
				05BFBB861B4746BB001DA053 /* ETCCell.swift */,
				05BFBB8A1B474ED5001DA053 /* AppIconBtnView.swift */,
				0558FCD51B5BABC90017B532 /* ETCSupplementListVC.swift */,
				0558FCD71B5BAEC40017B532 /* SupplementCell.swift */,
				0558FD621B5BB2740017B532 /* SupplementDetailVC.swift */,
			);
			path = 01Etc;
			sourceTree = "<group>";
		};
		05C5921A1B42905D008BBC21 = {
			isa = PBXGroup;
			children = (
				05C592251B42905E008BBC21 /* KoreanToThaiDic */,
				05C5923B1B42905E008BBC21 /* KoreanToThaiDicTests */,
				05C592241B42905E008BBC21 /* Products */,
				052FFBDF1B6BC6A50076A0D2 /* KoreanToThaiDic1.plist */,
				052FFC101B6BC7320076A0D2 /* KoreanToThaiDic2.plist */,
				052FFC411B6BC7C80076A0D2 /* KoreanToThaiDic3.plist */,
			);
			sourceTree = "<group>";
		};
		05C592241B42905E008BBC21 /* Products */ = {
			isa = PBXGroup;
			children = (
				05C592381B42905E008BBC21 /* KoreanToThaiDicTests.xctest */,
				052FFBDE1B6BC6A50076A0D2 /* KoreanToThaiDic1.app */,
				052FFC0F1B6BC7320076A0D2 /* KoreanToThaiDic2.app */,
				052FFC401B6BC7C70076A0D2 /* KoreanToThaiDic3.app */,
			);
			name = Products;
			sourceTree = "<group>";
		};
		05C592251B42905E008BBC21 /* KoreanToThaiDic */ = {
			isa = PBXGroup;
			children = (
				0558FDF61B5BBC310017B532 /* HTMLWebFiles */,
				05300B221B5042B200282820 /* DBFile */,
				05EA7BA31B43BFAC00F2CE14 /* 00AppInit */,
				05BFBB7C1B4740AD001DA053 /* 01Etc */,
				05C5924B1B4291EE008BBC21 /* Library */,
				05C592C91B429439008BBC21 /* CustomLibrary */,
				05C592281B42905E008BBC21 /* AppDelegate.swift */,
				05C5922C1B42905E008BBC21 /* Main.storyboard */,
				05C5922F1B42905E008BBC21 /* Images.xcassets */,
				05C592261B42905E008BBC21 /* Supporting Files */,
				05300B2F1B5053A900282820 /* LauchScreen.xib */,
			);
			path = KoreanToThaiDic;
			sourceTree = "<group>";
		};
		05C592261B42905E008BBC21 /* Supporting Files */ = {
			isa = PBXGroup;
			children = (
				052FFC511B6BCA280076A0D2 /* libsqlite3.dylib */,
				05C592271B42905E008BBC21 /* Info.plist */,
				052FFC421B6BC8B90076A0D2 /* LauchScreen1.xib */,
				052FFC431B6BC8B90076A0D2 /* LauchScreen2.xib */,
				052FFC441B6BC8B90076A0D2 /* LauchScreen3.xib */,
				05F3F10C1B6BCFB60068F341 /* KoreanToThaiDic-bridge-header.h */,
			);
			name = "Supporting Files";
			sourceTree = "<group>";
		};
		05C5923B1B42905E008BBC21 /* KoreanToThaiDicTests */ = {
			isa = PBXGroup;
			children = (
				05C5923E1B42905E008BBC21 /* KoreanToThaiDicTests.swift */,
				05C5923C1B42905E008BBC21 /* Supporting Files */,
			);
			path = KoreanToThaiDicTests;
			sourceTree = "<group>";
		};
		05C5923C1B42905E008BBC21 /* Supporting Files */ = {
			isa = PBXGroup;
			children = (
				05C5923D1B42905E008BBC21 /* Info.plist */,
			);
			name = "Supporting Files";
			sourceTree = "<group>";
		};
		05C5924B1B4291EE008BBC21 /* Library */ = {
			isa = PBXGroup;
			children = (
				05C592CD1B42A01F008BBC21 /* SQLite.swift-master */,
				05EA7B7C1B43B8F900F2CE14 /* SwiftHTTP-master */,
				05EA7B781B43B8DF00F2CE14 /* HWILib.swift */,
				05EA7B791B43B8DF00F2CE14 /* InsetTextField.swift */,
			);
			path = Library;
			sourceTree = "<group>";
		};
		05C592C91B429439008BBC21 /* CustomLibrary */ = {
			isa = PBXGroup;
			children = (
				05EA7B721B43B86700F2CE14 /* ConstValue.swift */,
				05C592CA1B42944C008BBC21 /* DBManager.swift */,
				05EA7BA11B43BE7D00F2CE14 /* BaseVC.swift */,
				05A2612E1B44446F0055D803 /* CustomTableView.swift */,
				05DEA95A1B4535B5008E1459 /* CustomNaviC.swift */,
				05B775A21B4583EF004CFC45 /* BaseScrollView.swift */,
			);
			path = CustomLibrary;
			sourceTree = "<group>";
		};
		05C592CD1B42A01F008BBC21 /* SQLite.swift-master */ = {
			isa = PBXGroup;
			children = (
				05F3F0CC1B6BCF5C0068F341 /* SQLite */,
				05C592CE1B42A02D008BBC21 /* SQLite.xcodeproj */,
			);
			name = "SQLite.swift-master";
			sourceTree = "<group>";
		};
		05C592CF1B42A02D008BBC21 /* Products */ = {
			isa = PBXGroup;
			children = (
				05C592D71B42A02E008BBC21 /* SQLite.framework */,
				05C592D91B42A02E008BBC21 /* SQLite Tests.xctest */,
				05C592DB1B42A02E008BBC21 /* SQLite.framework */,
				05C592DD1B42A02E008BBC21 /* SQLiteCipher Tests.xctest */,
			);
			name = Products;
			sourceTree = "<group>";
		};
		05EA7B7C1B43B8F900F2CE14 /* SwiftHTTP-master */ = {
			isa = PBXGroup;
			children = (
				05EA7B7D1B43B8F900F2CE14 /* .gitignore */,
				05EA7B7E1B43B8F900F2CE14 /* HTTPRequestSerializer.swift */,
				05EA7B7F1B43B8F900F2CE14 /* HTTPResponseSerializer.swift */,
				05EA7B801B43B8F900F2CE14 /* HTTPSecurity.swift */,
				05EA7B811B43B8F900F2CE14 /* HTTPTask.swift */,
				05EA7B821B43B8F900F2CE14 /* HTTPUpload.swift */,
				05EA7B831B43B8F900F2CE14 /* Info.plist */,
				05EA7B841B43B8F900F2CE14 /* LICENSE */,
				05EA7B851B43B8F900F2CE14 /* README.md */,
				05EA7B861B43B8F900F2CE14 /* SwiftHTTP.h */,
				05EA7B871B43B8F900F2CE14 /* SwiftHTTP.podspec */,
				05EA7B881B43B8F900F2CE14 /* SwiftHTTP.xcodeproj */,
			);
			path = "SwiftHTTP-master";
			sourceTree = "<group>";
		};
		05EA7B891B43B8F900F2CE14 /* Products */ = {
			isa = PBXGroup;
			children = (
				05EA7B9A1B43B8F900F2CE14 /* SwiftHTTP.framework */,
				05EA7B9C1B43B8F900F2CE14 /* SwiftHTTPTests.xctest */,
				05EA7B9E1B43B8F900F2CE14 /* SwiftHTTP.framework */,
				05EA7BA01B43B8F900F2CE14 /* SwiftHTTPOSXTests.xctest */,
			);
			name = Products;
			sourceTree = "<group>";
		};
		05EA7BA31B43BFAC00F2CE14 /* 00AppInit */ = {
			isa = PBXGroup;
			children = (
				05EA7BA41B43BFC600F2CE14 /* MainVC.swift */,
				05B775A01B4583DB004CFC45 /* DetailScrollView.swift */,
				05BFBB881B4746D5001DA053 /* ItemCell.swift */,
			);
			path = 00AppInit;
			sourceTree = "<group>";
		};
		05F3F0CC1B6BCF5C0068F341 /* SQLite */ = {
			isa = PBXGroup;
			children = (
				05F3F0CD1B6BCF5C0068F341 /* Database.swift */,
				05F3F0CE1B6BCF5C0068F341 /* Expression.swift */,
				05F3F0CF1B6BCF5C0068F341 /* FTS.swift */,
				05F3F0D01B6BCF5C0068F341 /* fts3_tokenizer.h */,
				05F3F0D11B6BCF5C0068F341 /* Functions.swift */,
				05F3F0D21B6BCF5C0068F341 /* Info.plist */,
				05F3F0D31B6BCF5C0068F341 /* module.modulemap */,
				05F3F0D41B6BCF5C0068F341 /* Query.swift */,
				05F3F0D51B6BCF5C0068F341 /* RTree.swift */,
				05F3F0D61B6BCF5C0068F341 /* Schema.swift */,
				05F3F0D71B6BCF5C0068F341 /* SQLite-Bridging.h */,
				05F3F0D81B6BCF5C0068F341 /* SQLite-Bridging.m */,
				05F3F0D91B6BCF5C0068F341 /* SQLite.h */,
				05F3F0DA1B6BCF5C0068F341 /* SQLite.xcconfig */,
				05F3F0DB1B6BCF5C0068F341 /* Statement.swift */,
				05F3F0DC1B6BCF5C0068F341 /* Value.swift */,
			);
			name = SQLite;
			path = "SQLite.swift-master/SQLite";
			sourceTree = "<group>";
		};
/* End PBXGroup section */

/* Begin PBXNativeTarget section */
		052FFBAF1B6BC6A50076A0D2 /* KoreanToThaiDic1 */ = {
			isa = PBXNativeTarget;
			buildConfigurationList = 052FFBDB1B6BC6A50076A0D2 /* Build configuration list for PBXNativeTarget "KoreanToThaiDic1" */;
			buildPhases = (
				052FFBB21B6BC6A50076A0D2 /* Sources */,
				052FFBCB1B6BC6A50076A0D2 /* Frameworks */,
				052FFBCD1B6BC6A50076A0D2 /* Resources */,
			);
			buildRules = (
			);
			dependencies = (
			);
			name = KoreanToThaiDic1;
			productName = KoreanToThaiDic;
			productReference = 052FFBDE1B6BC6A50076A0D2 /* KoreanToThaiDic1.app */;
			productType = "com.apple.product-type.application";
		};
		052FFBE01B6BC7320076A0D2 /* KoreanToThaiDic2 */ = {
			isa = PBXNativeTarget;
			buildConfigurationList = 052FFC0C1B6BC7320076A0D2 /* Build configuration list for PBXNativeTarget "KoreanToThaiDic2" */;
			buildPhases = (
				052FFBE31B6BC7320076A0D2 /* Sources */,
				052FFBFC1B6BC7320076A0D2 /* Frameworks */,
				052FFBFE1B6BC7320076A0D2 /* Resources */,
			);
			buildRules = (
			);
			dependencies = (
			);
			name = KoreanToThaiDic2;
			productName = KoreanToThaiDic;
			productReference = 052FFC0F1B6BC7320076A0D2 /* KoreanToThaiDic2.app */;
			productType = "com.apple.product-type.application";
		};
		052FFC111B6BC7C70076A0D2 /* KoreanToThaiDic3 */ = {
			isa = PBXNativeTarget;
			buildConfigurationList = 052FFC3D1B6BC7C70076A0D2 /* Build configuration list for PBXNativeTarget "KoreanToThaiDic3" */;
			buildPhases = (
				052FFC141B6BC7C70076A0D2 /* Sources */,
				052FFC2D1B6BC7C70076A0D2 /* Frameworks */,
				052FFC2F1B6BC7C70076A0D2 /* Resources */,
			);
			buildRules = (
			);
			dependencies = (
			);
			name = KoreanToThaiDic3;
			productName = KoreanToThaiDic;
			productReference = 052FFC401B6BC7C70076A0D2 /* KoreanToThaiDic3.app */;
			productType = "com.apple.product-type.application";
		};
		05C592371B42905E008BBC21 /* KoreanToThaiDicTests */ = {
			isa = PBXNativeTarget;
			buildConfigurationList = 05C592451B42905E008BBC21 /* Build configuration list for PBXNativeTarget "KoreanToThaiDicTests" */;
			buildPhases = (
				05C592341B42905E008BBC21 /* Sources */,
				05C592351B42905E008BBC21 /* Frameworks */,
				05C592361B42905E008BBC21 /* Resources */,
			);
			buildRules = (
			);
			dependencies = (
			);
			name = KoreanToThaiDicTests;
			productName = KoreanToThaiDicTests;
			productReference = 05C592381B42905E008BBC21 /* KoreanToThaiDicTests.xctest */;
			productType = "com.apple.product-type.bundle.unit-test";
		};
/* End PBXNativeTarget section */

/* Begin PBXProject section */
		05C5921B1B42905D008BBC21 /* Project object */ = {
			isa = PBXProject;
			attributes = {
				LastUpgradeCheck = 0630;
				ORGANIZATIONNAME = smallhouse;
				TargetAttributes = {
					05C592371B42905E008BBC21 = {
						CreatedOnToolsVersion = 6.3.2;
						TestTargetID = 05C592221B42905E008BBC21;
					};
				};
			};
			buildConfigurationList = 05C5921E1B42905D008BBC21 /* Build configuration list for PBXProject "KoreanToThaiDic" */;
			compatibilityVersion = "Xcode 3.2";
			developmentRegion = English;
			hasScannedForEncodings = 0;
			knownRegions = (
				en,
				Base,
			);
			mainGroup = 05C5921A1B42905D008BBC21;
			productRefGroup = 05C592241B42905E008BBC21 /* Products */;
			projectDirPath = "";
			projectReferences = (
				{
					ProductGroup = 05C592CF1B42A02D008BBC21 /* Products */;
					ProjectRef = 05C592CE1B42A02D008BBC21 /* SQLite.xcodeproj */;
				},
				{
					ProductGroup = 05EA7B891B43B8F900F2CE14 /* Products */;
					ProjectRef = 05EA7B881B43B8F900F2CE14 /* SwiftHTTP.xcodeproj */;
				},
			);
			projectRoot = "";
			targets = (
				05C592371B42905E008BBC21 /* KoreanToThaiDicTests */,
				052FFBAF1B6BC6A50076A0D2 /* KoreanToThaiDic1 */,
				052FFBE01B6BC7320076A0D2 /* KoreanToThaiDic2 */,
				052FFC111B6BC7C70076A0D2 /* KoreanToThaiDic3 */,
			);
		};
/* End PBXProject section */

/* Begin PBXReferenceProxy section */
		05C592D71B42A02E008BBC21 /* SQLite.framework */ = {
			isa = PBXReferenceProxy;
			fileType = wrapper.framework;
			path = SQLite.framework;
			remoteRef = 05C592D61B42A02E008BBC21 /* PBXContainerItemProxy */;
			sourceTree = BUILT_PRODUCTS_DIR;
		};
		05C592D91B42A02E008BBC21 /* SQLite Tests.xctest */ = {
			isa = PBXReferenceProxy;
			fileType = wrapper.cfbundle;
			path = "SQLite Tests.xctest";
			remoteRef = 05C592D81B42A02E008BBC21 /* PBXContainerItemProxy */;
			sourceTree = BUILT_PRODUCTS_DIR;
		};
		05C592DB1B42A02E008BBC21 /* SQLite.framework */ = {
			isa = PBXReferenceProxy;
			fileType = wrapper.framework;
			path = SQLite.framework;
			remoteRef = 05C592DA1B42A02E008BBC21 /* PBXContainerItemProxy */;
			sourceTree = BUILT_PRODUCTS_DIR;
		};
		05C592DD1B42A02E008BBC21 /* SQLiteCipher Tests.xctest */ = {
			isa = PBXReferenceProxy;
			fileType = wrapper.cfbundle;
			path = "SQLiteCipher Tests.xctest";
			remoteRef = 05C592DC1B42A02E008BBC21 /* PBXContainerItemProxy */;
			sourceTree = BUILT_PRODUCTS_DIR;
		};
		05EA7B9A1B43B8F900F2CE14 /* SwiftHTTP.framework */ = {
			isa = PBXReferenceProxy;
			fileType = wrapper.framework;
			path = SwiftHTTP.framework;
			remoteRef = 05EA7B991B43B8F900F2CE14 /* PBXContainerItemProxy */;
			sourceTree = BUILT_PRODUCTS_DIR;
		};
		05EA7B9C1B43B8F900F2CE14 /* SwiftHTTPTests.xctest */ = {
			isa = PBXReferenceProxy;
			fileType = wrapper.cfbundle;
			path = SwiftHTTPTests.xctest;
			remoteRef = 05EA7B9B1B43B8F900F2CE14 /* PBXContainerItemProxy */;
			sourceTree = BUILT_PRODUCTS_DIR;
		};
		05EA7B9E1B43B8F900F2CE14 /* SwiftHTTP.framework */ = {
			isa = PBXReferenceProxy;
			fileType = wrapper.framework;
			path = SwiftHTTP.framework;
			remoteRef = 05EA7B9D1B43B8F900F2CE14 /* PBXContainerItemProxy */;
			sourceTree = BUILT_PRODUCTS_DIR;
		};
		05EA7BA01B43B8F900F2CE14 /* SwiftHTTPOSXTests.xctest */ = {
			isa = PBXReferenceProxy;
			fileType = wrapper.cfbundle;
			path = SwiftHTTPOSXTests.xctest;
			remoteRef = 05EA7B9F1B43B8F900F2CE14 /* PBXContainerItemProxy */;
			sourceTree = BUILT_PRODUCTS_DIR;
		};
/* End PBXReferenceProxy section */

/* Begin PBXResourcesBuildPhase section */
		052FFBCD1B6BC6A50076A0D2 /* Resources */ = {
			isa = PBXResourcesBuildPhase;
			buildActionMask = 2147483647;
			files = (
				05F3F0FB1B6BCF5C0068F341 /* SQLite.xcconfig in Resources */,
				052FFBCE1B6BC6A50076A0D2 /* KorThaiDictionary_SEARCH_K.sqlite in Resources */,
				052FFBCF1B6BC6A50076A0D2 /* ThaiKorDictionary_SEARCH_P.sqlite in Resources */,
				052FFBD01B6BC6A50076A0D2 /* .gitignore in Resources */,
				052FFBD11B6BC6A50076A0D2 /* SwiftHTTP.podspec in Resources */,
				052FFBD21B6BC6A50076A0D2 /* Info.plist in Resources */,
				052FFC4E1B6BC8B90076A0D2 /* LauchScreen3.xib in Resources */,
				052FFBD31B6BC6A50076A0D2 /* LauchScreen.xib in Resources */,
				052FFBD41B6BC6A50076A0D2 /* LICENSE in Resources */,
				05F3F0E91B6BCF5C0068F341 /* Info.plist in Resources */,
				052FFBD51B6BC6A50076A0D2 /* Main.storyboard in Resources */,
				052FFBD61B6BC6A50076A0D2 /* Images.xcassets in Resources */,
				052FFC4A1B6BC8B90076A0D2 /* LauchScreen2.xib in Resources */,
				052FFBD71B6BC6A50076A0D2 /* ThaiKorDictionary_SEARCH_T.sqlite in Resources */,
				052FFBD81B6BC6A50076A0D2 /* thaidic-publish in Resources */,
				052FFC461B6BC8B90076A0D2 /* LauchScreen1.xib in Resources */,
			);
			runOnlyForDeploymentPostprocessing = 0;
		};
		052FFBFE1B6BC7320076A0D2 /* Resources */ = {
			isa = PBXResourcesBuildPhase;
			buildActionMask = 2147483647;
			files = (
				05F3F0FC1B6BCF5C0068F341 /* SQLite.xcconfig in Resources */,
				052FFBFF1B6BC7320076A0D2 /* KorThaiDictionary_SEARCH_K.sqlite in Resources */,
				052FFC001B6BC7320076A0D2 /* ThaiKorDictionary_SEARCH_P.sqlite in Resources */,
				052FFC011B6BC7320076A0D2 /* .gitignore in Resources */,
				052FFC021B6BC7320076A0D2 /* SwiftHTTP.podspec in Resources */,
				052FFC031B6BC7320076A0D2 /* Info.plist in Resources */,
				052FFC4F1B6BC8B90076A0D2 /* LauchScreen3.xib in Resources */,
				052FFC041B6BC7320076A0D2 /* LauchScreen.xib in Resources */,
				052FFC051B6BC7320076A0D2 /* LICENSE in Resources */,
				05F3F0EA1B6BCF5C0068F341 /* Info.plist in Resources */,
				052FFC061B6BC7320076A0D2 /* Main.storyboard in Resources */,
				052FFC071B6BC7320076A0D2 /* Images.xcassets in Resources */,
				052FFC4B1B6BC8B90076A0D2 /* LauchScreen2.xib in Resources */,
				052FFC081B6BC7320076A0D2 /* ThaiKorDictionary_SEARCH_T.sqlite in Resources */,
				052FFC091B6BC7320076A0D2 /* thaidic-publish in Resources */,
				052FFC471B6BC8B90076A0D2 /* LauchScreen1.xib in Resources */,
			);
			runOnlyForDeploymentPostprocessing = 0;
		};
		052FFC2F1B6BC7C70076A0D2 /* Resources */ = {
			isa = PBXResourcesBuildPhase;
			buildActionMask = 2147483647;
			files = (
				05F3F0FD1B6BCF5C0068F341 /* SQLite.xcconfig in Resources */,
				052FFC301B6BC7C70076A0D2 /* KorThaiDictionary_SEARCH_K.sqlite in Resources */,
				052FFC311B6BC7C70076A0D2 /* ThaiKorDictionary_SEARCH_P.sqlite in Resources */,
				052FFC321B6BC7C70076A0D2 /* .gitignore in Resources */,
				052FFC331B6BC7C70076A0D2 /* SwiftHTTP.podspec in Resources */,
				052FFC341B6BC7C70076A0D2 /* Info.plist in Resources */,
				052FFC501B6BC8B90076A0D2 /* LauchScreen3.xib in Resources */,
				052FFC351B6BC7C70076A0D2 /* LauchScreen.xib in Resources */,
				052FFC361B6BC7C70076A0D2 /* LICENSE in Resources */,
				05F3F0EB1B6BCF5C0068F341 /* Info.plist in Resources */,
				052FFC371B6BC7C70076A0D2 /* Main.storyboard in Resources */,
				052FFC381B6BC7C70076A0D2 /* Images.xcassets in Resources */,
				052FFC4C1B6BC8B90076A0D2 /* LauchScreen2.xib in Resources */,
				052FFC391B6BC7C70076A0D2 /* ThaiKorDictionary_SEARCH_T.sqlite in Resources */,
				052FFC3A1B6BC7C70076A0D2 /* thaidic-publish in Resources */,
				052FFC481B6BC8B90076A0D2 /* LauchScreen1.xib in Resources */,
			);
			runOnlyForDeploymentPostprocessing = 0;
		};
		05C592361B42905E008BBC21 /* Resources */ = {
			isa = PBXResourcesBuildPhase;
			buildActionMask = 2147483647;
			files = (
			);
			runOnlyForDeploymentPostprocessing = 0;
		};
/* End PBXResourcesBuildPhase section */

/* Begin PBXSourcesBuildPhase section */
		052FFBB21B6BC6A50076A0D2 /* Sources */ = {
			isa = PBXSourcesBuildPhase;
			buildActionMask = 2147483647;
			files = (
				052FFBB31B6BC6A50076A0D2 /* HTTPResponseSerializer.swift in Sources */,
				052FFBB41B6BC6A50076A0D2 /* ETCSupplementListVC.swift in Sources */,
				05F3F1011B6BCF5C0068F341 /* Value.swift in Sources */,
				052FFBB51B6BC6A50076A0D2 /* DBManager.swift in Sources */,
				05F3F0E61B6BCF5C0068F341 /* Functions.swift in Sources */,
				05F3F0DD1B6BCF5C0068F341 /* Database.swift in Sources */,
				052FFBB61B6BC6A50076A0D2 /* HWILib.swift in Sources */,
				052FFBB71B6BC6A50076A0D2 /* SupplementDetailVC.swift in Sources */,
				052FFBB81B6BC6A50076A0D2 /* HTTPSecurity.swift in Sources */,
				052FFBB91B6BC6A50076A0D2 /* ItemCell.swift in Sources */,
				05F3F0EC1B6BCF5C0068F341 /* module.modulemap in Sources */,
				05F3F0EF1B6BCF5C0068F341 /* Query.swift in Sources */,
				05F3F0FE1B6BCF5C0068F341 /* Statement.swift in Sources */,
				052FFBBA1B6BC6A50076A0D2 /* CustomTableView.swift in Sources */,
				052FFBBB1B6BC6A50076A0D2 /* AppDelegate.swift in Sources */,
				05F3F0E31B6BCF5C0068F341 /* FTS.swift in Sources */,
				052FFBBC1B6BC6A50076A0D2 /* README.md in Sources */,
				052FFBBD1B6BC6A50076A0D2 /* HTTPTask.swift in Sources */,
				052FFBBE1B6BC6A50076A0D2 /* BaseVC.swift in Sources */,
				05F3F0E01B6BCF5C0068F341 /* Expression.swift in Sources */,
				052FFBBF1B6BC6A50076A0D2 /* SupplementCell.swift in Sources */,
				052FFBC01B6BC6A50076A0D2 /* HTTPRequestSerializer.swift in Sources */,
				05F3F0F81B6BCF5C0068F341 /* SQLite-Bridging.m in Sources */,
				052FFBC11B6BC6A50076A0D2 /* ConstValue.swift in Sources */,
				052FFBC21B6BC6A50076A0D2 /* ETCVC.swift in Sources */,
				052FFBC31B6BC6A50076A0D2 /* HTTPUpload.swift in Sources */,
				052FFBC41B6BC6A50076A0D2 /* DetailScrollView.swift in Sources */,
				05F3F0F51B6BCF5C0068F341 /* Schema.swift in Sources */,
				052FFBC51B6BC6A50076A0D2 /* InsetTextField.swift in Sources */,
				052FFBC61B6BC6A50076A0D2 /* ETCCell.swift in Sources */,
				052FFBC71B6BC6A50076A0D2 /* AppIconBtnView.swift in Sources */,
				05F3F0F21B6BCF5C0068F341 /* RTree.swift in Sources */,
				052FFBC81B6BC6A50076A0D2 /* MainVC.swift in Sources */,
				052FFBC91B6BC6A50076A0D2 /* BaseScrollView.swift in Sources */,
				052FFBCA1B6BC6A50076A0D2 /* CustomNaviC.swift in Sources */,
			);
			runOnlyForDeploymentPostprocessing = 0;
		};
		052FFBE31B6BC7320076A0D2 /* Sources */ = {
			isa = PBXSourcesBuildPhase;
			buildActionMask = 2147483647;
			files = (
				052FFBE41B6BC7320076A0D2 /* HTTPResponseSerializer.swift in Sources */,
				052FFBE51B6BC7320076A0D2 /* ETCSupplementListVC.swift in Sources */,
				05F3F1021B6BCF5C0068F341 /* Value.swift in Sources */,
				052FFBE61B6BC7320076A0D2 /* DBManager.swift in Sources */,
				05F3F0E71B6BCF5C0068F341 /* Functions.swift in Sources */,
				05F3F0DE1B6BCF5C0068F341 /* Database.swift in Sources */,
				052FFBE71B6BC7320076A0D2 /* HWILib.swift in Sources */,
				052FFBE81B6BC7320076A0D2 /* SupplementDetailVC.swift in Sources */,
				052FFBE91B6BC7320076A0D2 /* HTTPSecurity.swift in Sources */,
				052FFBEA1B6BC7320076A0D2 /* ItemCell.swift in Sources */,
				05F3F0ED1B6BCF5C0068F341 /* module.modulemap in Sources */,
				05F3F0F01B6BCF5C0068F341 /* Query.swift in Sources */,
				05F3F0FF1B6BCF5C0068F341 /* Statement.swift in Sources */,
				052FFBEB1B6BC7320076A0D2 /* CustomTableView.swift in Sources */,
				052FFBEC1B6BC7320076A0D2 /* AppDelegate.swift in Sources */,
				05F3F0E41B6BCF5C0068F341 /* FTS.swift in Sources */,
				052FFBED1B6BC7320076A0D2 /* README.md in Sources */,
				052FFBEE1B6BC7320076A0D2 /* HTTPTask.swift in Sources */,
				052FFBEF1B6BC7320076A0D2 /* BaseVC.swift in Sources */,
				05F3F0E11B6BCF5C0068F341 /* Expression.swift in Sources */,
				052FFBF01B6BC7320076A0D2 /* SupplementCell.swift in Sources */,
				052FFBF11B6BC7320076A0D2 /* HTTPRequestSerializer.swift in Sources */,
				05F3F0F91B6BCF5C0068F341 /* SQLite-Bridging.m in Sources */,
				052FFBF21B6BC7320076A0D2 /* ConstValue.swift in Sources */,
				052FFBF31B6BC7320076A0D2 /* ETCVC.swift in Sources */,
				052FFBF41B6BC7320076A0D2 /* HTTPUpload.swift in Sources */,
				052FFBF51B6BC7320076A0D2 /* DetailScrollView.swift in Sources */,
				05F3F0F61B6BCF5C0068F341 /* Schema.swift in Sources */,
				052FFBF61B6BC7320076A0D2 /* InsetTextField.swift in Sources */,
				052FFBF71B6BC7320076A0D2 /* ETCCell.swift in Sources */,
				052FFBF81B6BC7320076A0D2 /* AppIconBtnView.swift in Sources */,
				05F3F0F31B6BCF5C0068F341 /* RTree.swift in Sources */,
				052FFBF91B6BC7320076A0D2 /* MainVC.swift in Sources */,
				052FFBFA1B6BC7320076A0D2 /* BaseScrollView.swift in Sources */,
				052FFBFB1B6BC7320076A0D2 /* CustomNaviC.swift in Sources */,
			);
			runOnlyForDeploymentPostprocessing = 0;
		};
		052FFC141B6BC7C70076A0D2 /* Sources */ = {
			isa = PBXSourcesBuildPhase;
			buildActionMask = 2147483647;
			files = (
				052FFC151B6BC7C70076A0D2 /* HTTPResponseSerializer.swift in Sources */,
				052FFC161B6BC7C70076A0D2 /* ETCSupplementListVC.swift in Sources */,
				05F3F1031B6BCF5C0068F341 /* Value.swift in Sources */,
				052FFC171B6BC7C70076A0D2 /* DBManager.swift in Sources */,
				05F3F0E81B6BCF5C0068F341 /* Functions.swift in Sources */,
				05F3F0DF1B6BCF5C0068F341 /* Database.swift in Sources */,
				052FFC181B6BC7C70076A0D2 /* HWILib.swift in Sources */,
				052FFC191B6BC7C70076A0D2 /* SupplementDetailVC.swift in Sources */,
				052FFC1A1B6BC7C70076A0D2 /* HTTPSecurity.swift in Sources */,
				052FFC1B1B6BC7C70076A0D2 /* ItemCell.swift in Sources */,
				05F3F0EE1B6BCF5C0068F341 /* module.modulemap in Sources */,
				05F3F0F11B6BCF5C0068F341 /* Query.swift in Sources */,
				05F3F1001B6BCF5C0068F341 /* Statement.swift in Sources */,
				052FFC1C1B6BC7C70076A0D2 /* CustomTableView.swift in Sources */,
				052FFC1D1B6BC7C70076A0D2 /* AppDelegate.swift in Sources */,
				05F3F0E51B6BCF5C0068F341 /* FTS.swift in Sources */,
				052FFC1E1B6BC7C70076A0D2 /* README.md in Sources */,
				052FFC1F1B6BC7C70076A0D2 /* HTTPTask.swift in Sources */,
				052FFC201B6BC7C70076A0D2 /* BaseVC.swift in Sources */,
				05F3F0E21B6BCF5C0068F341 /* Expression.swift in Sources */,
				052FFC211B6BC7C70076A0D2 /* SupplementCell.swift in Sources */,
				052FFC221B6BC7C70076A0D2 /* HTTPRequestSerializer.swift in Sources */,
				05F3F0FA1B6BCF5C0068F341 /* SQLite-Bridging.m in Sources */,
				052FFC231B6BC7C70076A0D2 /* ConstValue.swift in Sources */,
				052FFC241B6BC7C70076A0D2 /* ETCVC.swift in Sources */,
				052FFC251B6BC7C70076A0D2 /* HTTPUpload.swift in Sources */,
				052FFC261B6BC7C70076A0D2 /* DetailScrollView.swift in Sources */,
				05F3F0F71B6BCF5C0068F341 /* Schema.swift in Sources */,
				052FFC271B6BC7C70076A0D2 /* InsetTextField.swift in Sources */,
				052FFC281B6BC7C70076A0D2 /* ETCCell.swift in Sources */,
				052FFC291B6BC7C70076A0D2 /* AppIconBtnView.swift in Sources */,
				05F3F0F41B6BCF5C0068F341 /* RTree.swift in Sources */,
				052FFC2A1B6BC7C70076A0D2 /* MainVC.swift in Sources */,
				052FFC2B1B6BC7C70076A0D2 /* BaseScrollView.swift in Sources */,
				052FFC2C1B6BC7C70076A0D2 /* CustomNaviC.swift in Sources */,
			);
			runOnlyForDeploymentPostprocessing = 0;
		};
		05C592341B42905E008BBC21 /* Sources */ = {
			isa = PBXSourcesBuildPhase;
			buildActionMask = 2147483647;
			files = (
				05C5923F1B42905E008BBC21 /* KoreanToThaiDicTests.swift in Sources */,
			);
			runOnlyForDeploymentPostprocessing = 0;
		};
/* End PBXSourcesBuildPhase section */

/* Begin PBXVariantGroup section */
		05C5922C1B42905E008BBC21 /* Main.storyboard */ = {
			isa = PBXVariantGroup;
			children = (
				05C5922D1B42905E008BBC21 /* Base */,
			);
			name = Main.storyboard;
			sourceTree = "<group>";
		};
/* End PBXVariantGroup section */

/* Begin XCBuildConfiguration section */
		052FFBDC1B6BC6A50076A0D2 /* Debug */ = {
			isa = XCBuildConfiguration;
			buildSettings = {
				ASSETCATALOG_COMPILER_APPICON_NAME = "AppIcon-1";
				CODE_SIGN_IDENTITY = "iPhone Developer";
				"CODE_SIGN_IDENTITY[sdk=iphoneos*]" = "iPhone Developer";
				INFOPLIST_FILE = "$(SRCROOT)/KoreanToThaiDic1.plist";
				IPHONEOS_DEPLOYMENT_TARGET = 7.0;
				LD_RUNPATH_SEARCH_PATHS = "$(inherited) @executable_path/Frameworks";
				PRODUCT_NAME = KoreanToThaiDic1;
				PROVISIONING_PROFILE = "";
				SWIFT_OBJC_BRIDGING_HEADER = "/Users/jhkim/Downloads/KoreanToThaiDic/KoreanToThaiDic/KoreanToThaiDic-bridge-header.h";
			};
			name = Debug;
		};
		052FFBDD1B6BC6A50076A0D2 /* Release */ = {
			isa = XCBuildConfiguration;
			buildSettings = {
				ASSETCATALOG_COMPILER_APPICON_NAME = "AppIcon-1";
				CODE_SIGN_IDENTITY = "iPhone Developer";
				"CODE_SIGN_IDENTITY[sdk=iphoneos*]" = "iPhone Distribution";
				INFOPLIST_FILE = "$(SRCROOT)/KoreanToThaiDic1.plist";
				IPHONEOS_DEPLOYMENT_TARGET = 7.0;
				LD_RUNPATH_SEARCH_PATHS = "$(inherited) @executable_path/Frameworks";
				PRODUCT_NAME = KoreanToThaiDic1;
				PROVISIONING_PROFILE = "";
				SWIFT_OBJC_BRIDGING_HEADER = "/Users/jhkim/Downloads/KoreanToThaiDic/KoreanToThaiDic/KoreanToThaiDic-bridge-header.h";
			};
			name = Release;
		};
		052FFC0D1B6BC7320076A0D2 /* Debug */ = {
			isa = XCBuildConfiguration;
			buildSettings = {
				ASSETCATALOG_COMPILER_APPICON_NAME = "AppIcon-2";
				CODE_SIGN_IDENTITY = "iPhone Developer";
				"CODE_SIGN_IDENTITY[sdk=iphoneos*]" = "iPhone Developer";
				INFOPLIST_FILE = "$(SRCROOT)/KoreanToThaiDic2.plist";
				IPHONEOS_DEPLOYMENT_TARGET = 7.0;
				LD_RUNPATH_SEARCH_PATHS = "$(inherited) @executable_path/Frameworks";
				PRODUCT_NAME = KoreanToThaiDic2;
				PROVISIONING_PROFILE = "";
				SWIFT_OBJC_BRIDGING_HEADER = "/Users/jhkim/Downloads/KoreanToThaiDic/KoreanToThaiDic/KoreanToThaiDic-bridge-header.h";
			};
			name = Debug;
		};
		052FFC0E1B6BC7320076A0D2 /* Release */ = {
			isa = XCBuildConfiguration;
			buildSettings = {
				ASSETCATALOG_COMPILER_APPICON_NAME = "AppIcon-2";
				CODE_SIGN_IDENTITY = "iPhone Developer";
				"CODE_SIGN_IDENTITY[sdk=iphoneos*]" = "iPhone Distribution";
				INFOPLIST_FILE = "$(SRCROOT)/KoreanToThaiDic2.plist";
				IPHONEOS_DEPLOYMENT_TARGET = 7.0;
				LD_RUNPATH_SEARCH_PATHS = "$(inherited) @executable_path/Frameworks";
				PRODUCT_NAME = KoreanToThaiDic2;
				PROVISIONING_PROFILE = "";
				SWIFT_OBJC_BRIDGING_HEADER = "/Users/jhkim/Downloads/KoreanToThaiDic/KoreanToThaiDic/KoreanToThaiDic-bridge-header.h";
			};
			name = Release;
		};
		052FFC3E1B6BC7C70076A0D2 /* Debug */ = {
			isa = XCBuildConfiguration;
			buildSettings = {
				ASSETCATALOG_COMPILER_APPICON_NAME = "AppIcon-3";
				CODE_SIGN_IDENTITY = "iPhone Developer";
				"CODE_SIGN_IDENTITY[sdk=iphoneos*]" = "iPhone Developer";
				INFOPLIST_FILE = "$(SRCROOT)/KoreanToThaiDic3.plist";
				IPHONEOS_DEPLOYMENT_TARGET = 7.0;
				LD_RUNPATH_SEARCH_PATHS = "$(inherited) @executable_path/Frameworks";
				PRODUCT_NAME = KoreanToThaiDic3;
				PROVISIONING_PROFILE = "";
				SWIFT_OBJC_BRIDGING_HEADER = "/Users/jhkim/Downloads/KoreanToThaiDic/KoreanToThaiDic/KoreanToThaiDic-bridge-header.h";
			};
			name = Debug;
		};
		052FFC3F1B6BC7C70076A0D2 /* Release */ = {
			isa = XCBuildConfiguration;
			buildSettings = {
				ASSETCATALOG_COMPILER_APPICON_NAME = "AppIcon-3";
				CODE_SIGN_IDENTITY = "iPhone Developer";
				"CODE_SIGN_IDENTITY[sdk=iphoneos*]" = "iPhone Distribution";
				INFOPLIST_FILE = "$(SRCROOT)/KoreanToThaiDic3.plist";
				IPHONEOS_DEPLOYMENT_TARGET = 7.0;
				LD_RUNPATH_SEARCH_PATHS = "$(inherited) @executable_path/Frameworks";
				PRODUCT_NAME = KoreanToThaiDic3;
				PROVISIONING_PROFILE = "";
				SWIFT_OBJC_BRIDGING_HEADER = "/Users/jhkim/Downloads/KoreanToThaiDic/KoreanToThaiDic/KoreanToThaiDic-bridge-header.h";
			};
			name = Release;
		};
		05C592401B42905E008BBC21 /* Debug */ = {
			isa = XCBuildConfiguration;
			buildSettings = {
				ALWAYS_SEARCH_USER_PATHS = NO;
				CLANG_CXX_LANGUAGE_STANDARD = "gnu++0x";
				CLANG_CXX_LIBRARY = "libc++";
				CLANG_ENABLE_MODULES = YES;
				CLANG_ENABLE_OBJC_ARC = YES;
				CLANG_WARN_BOOL_CONVERSION = YES;
				CLANG_WARN_CONSTANT_CONVERSION = YES;
				CLANG_WARN_DIRECT_OBJC_ISA_USAGE = YES_ERROR;
				CLANG_WARN_EMPTY_BODY = YES;
				CLANG_WARN_ENUM_CONVERSION = YES;
				CLANG_WARN_INT_CONVERSION = YES;
				CLANG_WARN_OBJC_ROOT_CLASS = YES_ERROR;
				CLANG_WARN_UNREACHABLE_CODE = YES;
				CLANG_WARN__DUPLICATE_METHOD_MATCH = YES;
				CODE_SIGN_IDENTITY = "iPhone Developer";
				"CODE_SIGN_IDENTITY[sdk=iphoneos*]" = "iPhone Developer";
				COPY_PHASE_STRIP = NO;
				DEBUG_INFORMATION_FORMAT = "dwarf-with-dsym";
				ENABLE_STRICT_OBJC_MSGSEND = YES;
				GCC_C_LANGUAGE_STANDARD = gnu99;
				GCC_DYNAMIC_NO_PIC = NO;
				GCC_NO_COMMON_BLOCKS = YES;
				GCC_OPTIMIZATION_LEVEL = 0;
				GCC_PREPROCESSOR_DEFINITIONS = (
					"DEBUG=1",
					"$(inherited)",
				);
				GCC_SYMBOLS_PRIVATE_EXTERN = NO;
				GCC_WARN_64_TO_32_BIT_CONVERSION = YES;
				GCC_WARN_ABOUT_RETURN_TYPE = YES_ERROR;
				GCC_WARN_UNDECLARED_SELECTOR = YES;
				GCC_WARN_UNINITIALIZED_AUTOS = YES_AGGRESSIVE;
				GCC_WARN_UNUSED_FUNCTION = YES;
				GCC_WARN_UNUSED_VARIABLE = YES;
				IPHONEOS_DEPLOYMENT_TARGET = 8.3;
				MTL_ENABLE_DEBUG_INFO = YES;
				ONLY_ACTIVE_ARCH = YES;
				SDKROOT = iphoneos;
				SWIFT_OPTIMIZATION_LEVEL = "-Onone";
				TARGETED_DEVICE_FAMILY = "1,2";
			};
			name = Debug;
		};
		05C592411B42905E008BBC21 /* Release */ = {
			isa = XCBuildConfiguration;
			buildSettings = {
				ALWAYS_SEARCH_USER_PATHS = NO;
				CLANG_CXX_LANGUAGE_STANDARD = "gnu++0x";
				CLANG_CXX_LIBRARY = "libc++";
				CLANG_ENABLE_MODULES = YES;
				CLANG_ENABLE_OBJC_ARC = YES;
				CLANG_WARN_BOOL_CONVERSION = YES;
				CLANG_WARN_CONSTANT_CONVERSION = YES;
				CLANG_WARN_DIRECT_OBJC_ISA_USAGE = YES_ERROR;
				CLANG_WARN_EMPTY_BODY = YES;
				CLANG_WARN_ENUM_CONVERSION = YES;
				CLANG_WARN_INT_CONVERSION = YES;
				CLANG_WARN_OBJC_ROOT_CLASS = YES_ERROR;
				CLANG_WARN_UNREACHABLE_CODE = YES;
				CLANG_WARN__DUPLICATE_METHOD_MATCH = YES;
				CODE_SIGN_IDENTITY = "iPhone Distribution";
				"CODE_SIGN_IDENTITY[sdk=iphoneos*]" = "iPhone Distribution";
				COPY_PHASE_STRIP = NO;
				DEBUG_INFORMATION_FORMAT = "dwarf-with-dsym";
				ENABLE_NS_ASSERTIONS = NO;
				ENABLE_STRICT_OBJC_MSGSEND = YES;
				GCC_C_LANGUAGE_STANDARD = gnu99;
				GCC_NO_COMMON_BLOCKS = YES;
				GCC_WARN_64_TO_32_BIT_CONVERSION = YES;
				GCC_WARN_ABOUT_RETURN_TYPE = YES_ERROR;
				GCC_WARN_UNDECLARED_SELECTOR = YES;
				GCC_WARN_UNINITIALIZED_AUTOS = YES_AGGRESSIVE;
				GCC_WARN_UNUSED_FUNCTION = YES;
				GCC_WARN_UNUSED_VARIABLE = YES;
				IPHONEOS_DEPLOYMENT_TARGET = 8.3;
				MTL_ENABLE_DEBUG_INFO = NO;
				SDKROOT = iphoneos;
				TARGETED_DEVICE_FAMILY = "1,2";
				VALIDATE_PRODUCT = YES;
			};
			name = Release;
		};
		05C592461B42905E008BBC21 /* Debug */ = {
			isa = XCBuildConfiguration;
			buildSettings = {
				BUNDLE_LOADER = "$(TEST_HOST)";
				FRAMEWORK_SEARCH_PATHS = (
					"$(SDKROOT)/Developer/Library/Frameworks",
					"$(inherited)",
				);
				GCC_PREPROCESSOR_DEFINITIONS = (
					"DEBUG=1",
					"$(inherited)",
				);
				INFOPLIST_FILE = KoreanToThaiDicTests/Info.plist;
				LD_RUNPATH_SEARCH_PATHS = "$(inherited) @executable_path/Frameworks @loader_path/Frameworks";
				PRODUCT_NAME = "$(TARGET_NAME)";
				TEST_HOST = "$(BUILT_PRODUCTS_DIR)/KoreanToThaiDic.app/KoreanToThaiDic";
			};
			name = Debug;
		};
		05C592471B42905E008BBC21 /* Release */ = {
			isa = XCBuildConfiguration;
			buildSettings = {
				BUNDLE_LOADER = "$(TEST_HOST)";
				FRAMEWORK_SEARCH_PATHS = (
					"$(SDKROOT)/Developer/Library/Frameworks",
					"$(inherited)",
				);
				INFOPLIST_FILE = KoreanToThaiDicTests/Info.plist;
				LD_RUNPATH_SEARCH_PATHS = "$(inherited) @executable_path/Frameworks @loader_path/Frameworks";
				PRODUCT_NAME = "$(TARGET_NAME)";
				TEST_HOST = "$(BUILT_PRODUCTS_DIR)/KoreanToThaiDic.app/KoreanToThaiDic";
			};
			name = Release;
		};
/* End XCBuildConfiguration section */

/* Begin XCConfigurationList section */
		052FFBDB1B6BC6A50076A0D2 /* Build configuration list for PBXNativeTarget "KoreanToThaiDic1" */ = {
			isa = XCConfigurationList;
			buildConfigurations = (
				052FFBDC1B6BC6A50076A0D2 /* Debug */,
				052FFBDD1B6BC6A50076A0D2 /* Release */,
			);
			defaultConfigurationIsVisible = 0;
			defaultConfigurationName = Release;
		};
		052FFC0C1B6BC7320076A0D2 /* Build configuration list for PBXNativeTarget "KoreanToThaiDic2" */ = {
			isa = XCConfigurationList;
			buildConfigurations = (
				052FFC0D1B6BC7320076A0D2 /* Debug */,
				052FFC0E1B6BC7320076A0D2 /* Release */,
			);
			defaultConfigurationIsVisible = 0;
			defaultConfigurationName = Release;
		};
		052FFC3D1B6BC7C70076A0D2 /* Build configuration list for PBXNativeTarget "KoreanToThaiDic3" */ = {
			isa = XCConfigurationList;
			buildConfigurations = (
				052FFC3E1B6BC7C70076A0D2 /* Debug */,
				052FFC3F1B6BC7C70076A0D2 /* Release */,
			);
			defaultConfigurationIsVisible = 0;
			defaultConfigurationName = Release;
		};
		05C5921E1B42905D008BBC21 /* Build configuration list for PBXProject "KoreanToThaiDic" */ = {
			isa = XCConfigurationList;
			buildConfigurations = (
				05C592401B42905E008BBC21 /* Debug */,
				05C592411B42905E008BBC21 /* Release */,
			);
			defaultConfigurationIsVisible = 0;
			defaultConfigurationName = Release;
		};
		05C592451B42905E008BBC21 /* Build configuration list for PBXNativeTarget "KoreanToThaiDicTests" */ = {
			isa = XCConfigurationList;
			buildConfigurations = (
				05C592461B42905E008BBC21 /* Debug */,
				05C592471B42905E008BBC21 /* Release */,
			);
			defaultConfigurationIsVisible = 0;
			defaultConfigurationName = Release;
		};
/* End XCConfigurationList section */
	};
	rootObject = 05C5921B1B42905D008BBC21 /* Project object */;
}
